
Microsoft Visual Studio Solution File, Format Version 11.00
# Visual Studio 2010
Project("{FAE04EC0-301F-11D3-BF4B-00C04F79EFBC}") = "VStackPlugin", "VStackPlugin\VStackPlugin.csproj", "{5E2C4A3A-CDB9-4C86-BE26-9305D3AD4405}"
EndProject
Project("{FAE04EC0-301F-11D3-BF4B-00C04F79EFBC}") = "DeviceInterface", "..\Shared\DeviceInterface\DeviceInterface.csproj", "{C11032AE-E7CA-4B7F-B672-1CC2EB904578}"
EndProject
Project("{FAE04EC0-301F-11D3-BF4B-00C04F79EFBC}") = "ComponentModel", "..\..\..\thirdparty\MEF2\src\ComponentModel\ComponentModel.csproj", "{1BBA5101-D4F0-48B8-A5D6-7B23A099DCE3}"
EndProject
Project("{FAE04EC0-301F-11D3-BF4B-00C04F79EFBC}") = "LibraryInterfaces", "..\Shared\LibraryInterfaces\LibraryInterfaces.csproj", "{96B9F9BF-63FD-43BE-A65F-F68D314129AF}"
EndProject
Project("{FAE04EC0-301F-11D3-BF4B-00C04F79EFBC}") = "PlateDefs", "..\Shared\PlateDefs\PlateDefs.csproj", "{69A5ACD4-AA27-47C7-B095-D52B249DF3A5}"
EndProject
Project("{FAE04EC0-301F-11D3-BF4B-00C04F79EFBC}") = "VStackPluginTestApp", "VStackPluginTestApp\VStackPluginTestApp.csproj", "{00589AA7-78F9-4DC4-A45B-34669FCFA94E}"
EndProject
Project("{FAE04EC0-301F-11D3-BF4B-00C04F79EFBC}") = "Utils", "..\Shared\Utils\Utils.csproj", "{C14C6F19-386A-4A2B-BBB5-0395551D4EF1}"
EndProject
Project("{FAE04EC0-301F-11D3-BF4B-00C04F79EFBC}") = "ErrorDialog", "..\Shared\ErrorDialog\ErrorDialog.csproj", "{923BA357-4D7B-4080-ABDC-095633012F8E}"
EndProject
Project("{FAE04EC0-301F-11D3-BF4B-00C04F79EFBC}") = "PluginTestContainerUserControl", "..\Shared\PluginTestContainerUserControl\PluginTestContainerUserControl.csproj", "{5273F411-8B93-4FC9-B6E3-04605B6A037B}"
EndProject
Project("{2150E333-8FDC-42A3-9474-1A3956D46DE8}") = "vstack_depends", "vstack_depends", "{87582CE0-4E6B-49DF-83B4-8683A1354255}"
	ProjectSection(SolutionItems) = preProject
		vstack_depends\ContextHelp.dll = vstack_depends\ContextHelp.dll
		vstack_depends\DeviceEnumerator.dll = vstack_depends\DeviceEnumerator.dll
		vstack_depends\GuidanceDiscovery.dll = vstack_depends\GuidanceDiscovery.dll
		vstack_depends\IWorksDriver.dll = vstack_depends\IWorksDriver.dll
		vstack_depends\IWorksDriverLib.dll = vstack_depends\IWorksDriverLib.dll
		vstack_depends\msvcr90.dll = vstack_depends\msvcr90.dll
		vstack_depends\ProfileManager.dll = vstack_depends\ProfileManager.dll
		vstack_depends\Stacker.dll = vstack_depends\Stacker.dll
		vstack_depends\V11DeviceDriver.dll = vstack_depends\V11DeviceDriver.dll
		vstack_depends\V11Labware.dll = vstack_depends\V11Labware.dll
		vstack_depends\V11SharedClasses.dll = vstack_depends\V11SharedClasses.dll
		vstack_depends\VSTACKBIONETLib.dll = vstack_depends\VSTACKBIONETLib.dll
	EndProjectSection
EndProject
Project("{FAE04EC0-301F-11D3-BF4B-00C04F79EFBC}") = "IError", "..\Shared\IError\IError.csproj", "{F09F5A2A-4337-4A81-8599-B5B0E1E18ED5}"
EndProject
Project("{FAE04EC0-301F-11D3-BF4B-00C04F79EFBC}") = "LabwareDatabase", "..\Shared\LabwareDatabase\LabwareDatabase.csproj", "{A26AF0A4-9532-40CB-9554-A9510467636F}"
EndProject
Project("{FAE04EC0-301F-11D3-BF4B-00C04F79EFBC}") = "DeviceManagerDatabase", "..\DeviceManagerDatabase\DeviceManagerDatabase\DeviceManagerDatabase.csproj", "{B9EF0535-0EA5-410F-B90D-8B7B71861237}"
EndProject
Global
	GlobalSection(SolutionConfigurationPlatforms) = preSolution
		Debug|Any CPU = Debug|Any CPU
		Debug|Mixed Platforms = Debug|Mixed Platforms
		Debug|x86 = Debug|x86
		Deployment|Any CPU = Deployment|Any CPU
		Deployment|Mixed Platforms = Deployment|Mixed Platforms
		Deployment|x86 = Deployment|x86
		Release|Any CPU = Release|Any CPU
		Release|Mixed Platforms = Release|Mixed Platforms
		Release|x86 = Release|x86
	EndGlobalSection
	GlobalSection(ProjectConfigurationPlatforms) = postSolution
		{5E2C4A3A-CDB9-4C86-BE26-9305D3AD4405}.Debug|Any CPU.ActiveCfg = Debug|Any CPU
		{5E2C4A3A-CDB9-4C86-BE26-9305D3AD4405}.Debug|Any CPU.Build.0 = Debug|Any CPU
		{5E2C4A3A-CDB9-4C86-BE26-9305D3AD4405}.Debug|Mixed Platforms.ActiveCfg = Debug|Any CPU
		{5E2C4A3A-CDB9-4C86-BE26-9305D3AD4405}.Debug|Mixed Platforms.Build.0 = Debug|Any CPU
		{5E2C4A3A-CDB9-4C86-BE26-9305D3AD4405}.Debug|x86.ActiveCfg = Debug|Any CPU
		{5E2C4A3A-CDB9-4C86-BE26-9305D3AD4405}.Deployment|Any CPU.ActiveCfg = Debug|Any CPU
		{5E2C4A3A-CDB9-4C86-BE26-9305D3AD4405}.Deployment|Any CPU.Build.0 = Debug|Any CPU
		{5E2C4A3A-CDB9-4C86-BE26-9305D3AD4405}.Deployment|Mixed Platforms.ActiveCfg = Debug|Any CPU
		{5E2C4A3A-CDB9-4C86-BE26-9305D3AD4405}.Deployment|Mixed Platforms.Build.0 = Debug|Any CPU
		{5E2C4A3A-CDB9-4C86-BE26-9305D3AD4405}.Deployment|x86.ActiveCfg = Debug|Any CPU
		{5E2C4A3A-CDB9-4C86-BE26-9305D3AD4405}.Release|Any CPU.ActiveCfg = Release|Any CPU
		{5E2C4A3A-CDB9-4C86-BE26-9305D3AD4405}.Release|Any CPU.Build.0 = Release|Any CPU
		{5E2C4A3A-CDB9-4C86-BE26-9305D3AD4405}.Release|Mixed Platforms.ActiveCfg = Release|Any CPU
		{5E2C4A3A-CDB9-4C86-BE26-9305D3AD4405}.Release|Mixed Platforms.Build.0 = Release|Any CPU
		{5E2C4A3A-CDB9-4C86-BE26-9305D3AD4405}.Release|x86.ActiveCfg = Release|Any CPU
		{C11032AE-E7CA-4B7F-B672-1CC2EB904578}.Debug|Any CPU.ActiveCfg = Debug|Any CPU
		{C11032AE-E7CA-4B7F-B672-1CC2EB904578}.Debug|Any CPU.Build.0 = Debug|Any CPU
		{C11032AE-E7CA-4B7F-B672-1CC2EB904578}.Debug|Mixed Platforms.ActiveCfg = Debug|Any CPU
		{C11032AE-E7CA-4B7F-B672-1CC2EB904578}.Debug|Mixed Platforms.Build.0 = Debug|Any CPU
		{C11032AE-E7CA-4B7F-B672-1CC2EB904578}.Debug|x86.ActiveCfg = Debug|Any CPU
		{C11032AE-E7CA-4B7F-B672-1CC2EB904578}.Deployment|Any CPU.ActiveCfg = Deployment|Any CPU
		{C11032AE-E7CA-4B7F-B672-1CC2EB904578}.Deployment|Any CPU.Build.0 = Deployment|Any CPU
		{C11032AE-E7CA-4B7F-B672-1CC2EB904578}.Deployment|Mixed Platforms.ActiveCfg = Deployment|Any CPU
		{C11032AE-E7CA-4B7F-B672-1CC2EB904578}.Deployment|Mixed Platforms.Build.0 = Deployment|Any CPU
		{C11032AE-E7CA-4B7F-B672-1CC2EB904578}.Deployment|x86.ActiveCfg = Deployment|Any CPU
		{C11032AE-E7CA-4B7F-B672-1CC2EB904578}.Release|Any CPU.ActiveCfg = Release|Any CPU
		{C11032AE-E7CA-4B7F-B672-1CC2EB904578}.Release|Any CPU.Build.0 = Release|Any CPU
		{C11032AE-E7CA-4B7F-B672-1CC2EB904578}.Release|Mixed Platforms.ActiveCfg = Release|Any CPU
		{C11032AE-E7CA-4B7F-B672-1CC2EB904578}.Release|Mixed Platforms.Build.0 = Release|Any CPU
		{C11032AE-E7CA-4B7F-B672-1CC2EB904578}.Release|x86.ActiveCfg = Release|Any CPU
		{1BBA5101-D4F0-48B8-A5D6-7B23A099DCE3}.Debug|Any CPU.ActiveCfg = Debug|Any CPU
		{1BBA5101-D4F0-48B8-A5D6-7B23A099DCE3}.Debug|Any CPU.Build.0 = Debug|Any CPU
		{1BBA5101-D4F0-48B8-A5D6-7B23A099DCE3}.Debug|Mixed Platforms.ActiveCfg = Debug|Any CPU
		{1BBA5101-D4F0-48B8-A5D6-7B23A099DCE3}.Debug|Mixed Platforms.Build.0 = Debug|Any CPU
		{1BBA5101-D4F0-48B8-A5D6-7B23A099DCE3}.Debug|x86.ActiveCfg = Debug|Any CPU
		{1BBA5101-D4F0-48B8-A5D6-7B23A099DCE3}.Deployment|Any CPU.ActiveCfg = Debug|Any CPU
		{1BBA5101-D4F0-48B8-A5D6-7B23A099DCE3}.Deployment|Any CPU.Build.0 = Debug|Any CPU
		{1BBA5101-D4F0-48B8-A5D6-7B23A099DCE3}.Deployment|Mixed Platforms.ActiveCfg = Debug|Any CPU
		{1BBA5101-D4F0-48B8-A5D6-7B23A099DCE3}.Deployment|Mixed Platforms.Build.0 = Debug|Any CPU
		{1BBA5101-D4F0-48B8-A5D6-7B23A099DCE3}.Deployment|x86.ActiveCfg = Debug|Any CPU
		{1BBA5101-D4F0-48B8-A5D6-7B23A099DCE3}.Release|Any CPU.ActiveCfg = Release|Any CPU
		{1BBA5101-D4F0-48B8-A5D6-7B23A099DCE3}.Release|Any CPU.Build.0 = Release|Any CPU
		{1BBA5101-D4F0-48B8-A5D6-7B23A099DCE3}.Release|Mixed Platforms.ActiveCfg = Release|Any CPU
		{1BBA5101-D4F0-48B8-A5D6-7B23A099DCE3}.Release|Mixed Platforms.Build.0 = Release|Any CPU
		{1BBA5101-D4F0-48B8-A5D6-7B23A099DCE3}.Release|x86.ActiveCfg = Release|Any CPU
		{96B9F9BF-63FD-43BE-A65F-F68D314129AF}.Debug|Any CPU.ActiveCfg = Debug|Any CPU
		{96B9F9BF-63FD-43BE-A65F-F68D314129AF}.Debug|Any CPU.Build.0 = Debug|Any CPU
		{96B9F9BF-63FD-43BE-A65F-F68D314129AF}.Debug|Mixed Platforms.ActiveCfg = Debug|Any CPU
		{96B9F9BF-63FD-43BE-A65F-F68D314129AF}.Debug|Mixed Platforms.Build.0 = Debug|Any CPU
		{96B9F9BF-63FD-43BE-A65F-F68D314129AF}.Debug|x86.ActiveCfg = Debug|Any CPU
		{96B9F9BF-63FD-43BE-A65F-F68D314129AF}.Deployment|Any CPU.ActiveCfg = Deployment|Any CPU
		{96B9F9BF-63FD-43BE-A65F-F68D314129AF}.Deployment|Any CPU.Build.0 = Deployment|Any CPU
		{96B9F9BF-63FD-43BE-A65F-F68D314129AF}.Deployment|Mixed Platforms.ActiveCfg = Deployment|Any CPU
		{96B9F9BF-63FD-43BE-A65F-F68D314129AF}.Deployment|Mixed Platforms.Build.0 = Deployment|Any CPU
		{96B9F9BF-63FD-43BE-A65F-F68D314129AF}.Deployment|x86.ActiveCfg = Deployment|Any CPU
		{96B9F9BF-63FD-43BE-A65F-F68D314129AF}.Release|Any CPU.ActiveCfg = Release|Any CPU
		{96B9F9BF-63FD-43BE-A65F-F68D314129AF}.Release|Any CPU.Build.0 = Release|Any CPU
		{96B9F9BF-63FD-43BE-A65F-F68D314129AF}.Release|Mixed Platforms.ActiveCfg = Release|Any CPU
		{96B9F9BF-63FD-43BE-A65F-F68D314129AF}.Release|Mixed Platforms.Build.0 = Release|Any CPU
		{96B9F9BF-63FD-43BE-A65F-F68D314129AF}.Release|x86.ActiveCfg = Release|Any CPU
		{69A5ACD4-AA27-47C7-B095-D52B249DF3A5}.Debug|Any CPU.ActiveCfg = Debug|Any CPU
		{69A5ACD4-AA27-47C7-B095-D52B249DF3A5}.Debug|Any CPU.Build.0 = Debug|Any CPU
		{69A5ACD4-AA27-47C7-B095-D52B249DF3A5}.Debug|Mixed Platforms.ActiveCfg = Debug|Any CPU
		{69A5ACD4-AA27-47C7-B095-D52B249DF3A5}.Debug|Mixed Platforms.Build.0 = Debug|Any CPU
		{69A5ACD4-AA27-47C7-B095-D52B249DF3A5}.Debug|x86.ActiveCfg = Debug|Any CPU
		{69A5ACD4-AA27-47C7-B095-D52B249DF3A5}.Deployment|Any CPU.ActiveCfg = Deployment|Any CPU
		{69A5ACD4-AA27-47C7-B095-D52B249DF3A5}.Deployment|Any CPU.Build.0 = Deployment|Any CPU
		{69A5ACD4-AA27-47C7-B095-D52B249DF3A5}.Deployment|Mixed Platforms.ActiveCfg = Deployment|Any CPU
		{69A5ACD4-AA27-47C7-B095-D52B249DF3A5}.Deployment|Mixed Platforms.Build.0 = Deployment|Any CPU
		{69A5ACD4-AA27-47C7-B095-D52B249DF3A5}.Deployment|x86.ActiveCfg = Deployment|Any CPU
		{69A5ACD4-AA27-47C7-B095-D52B249DF3A5}.Release|Any CPU.ActiveCfg = Release|Any CPU
		{69A5ACD4-AA27-47C7-B095-D52B249DF3A5}.Release|Any CPU.Build.0 = Release|Any CPU
		{69A5ACD4-AA27-47C7-B095-D52B249DF3A5}.Release|Mixed Platforms.ActiveCfg = Release|Any CPU
		{69A5ACD4-AA27-47C7-B095-D52B249DF3A5}.Release|Mixed Platforms.Build.0 = Release|Any CPU
		{69A5ACD4-AA27-47C7-B095-D52B249DF3A5}.Release|x86.ActiveCfg = Release|Any CPU
		{00589AA7-78F9-4DC4-A45B-34669FCFA94E}.Debug|Any CPU.ActiveCfg = Debug|x86
		{00589AA7-78F9-4DC4-A45B-34669FCFA94E}.Debug|Mixed Platforms.ActiveCfg = Debug|x86
		{00589AA7-78F9-4DC4-A45B-34669FCFA94E}.Debug|Mixed Platforms.Build.0 = Debug|x86
		{00589AA7-78F9-4DC4-A45B-34669FCFA94E}.Debug|x86.ActiveCfg = Debug|x86
		{00589AA7-78F9-4DC4-A45B-34669FCFA94E}.Debug|x86.Build.0 = Debug|x86
		{00589AA7-78F9-4DC4-A45B-34669FCFA94E}.Deployment|Any CPU.ActiveCfg = Debug|x86
		{00589AA7-78F9-4DC4-A45B-34669FCFA94E}.Deployment|Mixed Platforms.ActiveCfg = Debug|x86
		{00589AA7-78F9-4DC4-A45B-34669FCFA94E}.Deployment|Mixed Platforms.Build.0 = Debug|x86
		{00589AA7-78F9-4DC4-A45B-34669FCFA94E}.Deployment|x86.ActiveCfg = Debug|x86
		{00589AA7-78F9-4DC4-A45B-34669FCFA94E}.Deployment|x86.Build.0 = Debug|x86
		{00589AA7-78F9-4DC4-A45B-34669FCFA94E}.Release|Any CPU.ActiveCfg = Release|x86
		{00589AA7-78F9-4DC4-A45B-34669FCFA94E}.Release|Mixed Platforms.ActiveCfg = Release|x86
		{00589AA7-78F9-4DC4-A45B-34669FCFA94E}.Release|Mixed Platforms.Build.0 = Release|x86
		{00589AA7-78F9-4DC4-A45B-34669FCFA94E}.Release|x86.ActiveCfg = Release|x86
		{00589AA7-78F9-4DC4-A45B-34669FCFA94E}.Release|x86.Build.0 = Release|x86
		{C14C6F19-386A-4A2B-BBB5-0395551D4EF1}.Debug|Any CPU.ActiveCfg = Debug|Any CPU
		{C14C6F19-386A-4A2B-BBB5-0395551D4EF1}.Debug|Any CPU.Build.0 = Debug|Any CPU
		{C14C6F19-386A-4A2B-BBB5-0395551D4EF1}.Debug|Mixed Platforms.ActiveCfg = Debug|Any CPU
		{C14C6F19-386A-4A2B-BBB5-0395551D4EF1}.Debug|Mixed Platforms.Build.0 = Debug|Any CPU
		{C14C6F19-386A-4A2B-BBB5-0395551D4EF1}.Debug|x86.ActiveCfg = Debug|Any CPU
		{C14C6F19-386A-4A2B-BBB5-0395551D4EF1}.Deployment|Any CPU.ActiveCfg = Deployment|Any CPU
		{C14C6F19-386A-4A2B-BBB5-0395551D4EF1}.Deployment|Any CPU.Build.0 = Deployment|Any CPU
		{C14C6F19-386A-4A2B-BBB5-0395551D4EF1}.Deployment|Mixed Platforms.ActiveCfg = Deployment|Any CPU
		{C14C6F19-386A-4A2B-BBB5-0395551D4EF1}.Deployment|Mixed Platforms.Build.0 = Deployment|Any CPU
		{C14C6F19-386A-4A2B-BBB5-0395551D4EF1}.Deployment|x86.ActiveCfg = Deployment|Any CPU
		{C14C6F19-386A-4A2B-BBB5-0395551D4EF1}.Release|Any CPU.ActiveCfg = Release|Any CPU
		{C14C6F19-386A-4A2B-BBB5-0395551D4EF1}.Release|Any CPU.Build.0 = Release|Any CPU
		{C14C6F19-386A-4A2B-BBB5-0395551D4EF1}.Release|Mixed Platforms.ActiveCfg = Release|Any CPU
		{C14C6F19-386A-4A2B-BBB5-0395551D4EF1}.Release|Mixed Platforms.Build.0 = Release|Any CPU
		{C14C6F19-386A-4A2B-BBB5-0395551D4EF1}.Release|x86.ActiveCfg = Release|Any CPU
		{923BA357-4D7B-4080-ABDC-095633012F8E}.Debug|Any CPU.ActiveCfg = Debug|Any CPU
		{923BA357-4D7B-4080-ABDC-095633012F8E}.Debug|Any CPU.Build.0 = Debug|Any CPU
		{923BA357-4D7B-4080-ABDC-095633012F8E}.Debug|Mixed Platforms.ActiveCfg = Debug|Any CPU
		{923BA357-4D7B-4080-ABDC-095633012F8E}.Debug|Mixed Platforms.Build.0 = Debug|Any CPU
		{923BA357-4D7B-4080-ABDC-095633012F8E}.Debug|x86.ActiveCfg = Debug|Any CPU
		{923BA357-4D7B-4080-ABDC-095633012F8E}.Deployment|Any CPU.ActiveCfg = Deployment|Any CPU
		{923BA357-4D7B-4080-ABDC-095633012F8E}.Deployment|Any CPU.Build.0 = Deployment|Any CPU
		{923BA357-4D7B-4080-ABDC-095633012F8E}.Deployment|Mixed Platforms.ActiveCfg = Deployment|Any CPU
		{923BA357-4D7B-4080-ABDC-095633012F8E}.Deployment|Mixed Platforms.Build.0 = Deployment|Any CPU
		{923BA357-4D7B-4080-ABDC-095633012F8E}.Deployment|x86.ActiveCfg = Deployment|Any CPU
		{923BA357-4D7B-4080-ABDC-095633012F8E}.Release|Any CPU.ActiveCfg = Release|Any CPU
		{923BA357-4D7B-4080-ABDC-095633012F8E}.Release|Any CPU.Build.0 = Release|Any CPU
		{923BA357-4D7B-4080-ABDC-095633012F8E}.Release|Mixed Platforms.ActiveCfg = Release|Any CPU
		{923BA357-4D7B-4080-ABDC-095633012F8E}.Release|Mixed Platforms.Build.0 = Release|Any CPU
		{923BA357-4D7B-4080-ABDC-095633012F8E}.Release|x86.ActiveCfg = Release|Any CPU
		{5273F411-8B93-4FC9-B6E3-04605B6A037B}.Debug|Any CPU.ActiveCfg = Debug|Any CPU
		{5273F411-8B93-4FC9-B6E3-04605B6A037B}.Debug|Any CPU.Build.0 = Debug|Any CPU
		{5273F411-8B93-4FC9-B6E3-04605B6A037B}.Debug|Mixed Platforms.ActiveCfg = Debug|Any CPU
		{5273F411-8B93-4FC9-B6E3-04605B6A037B}.Debug|Mixed Platforms.Build.0 = Debug|Any CPU
		{5273F411-8B93-4FC9-B6E3-04605B6A037B}.Debug|x86.ActiveCfg = Debug|Any CPU
		{5273F411-8B93-4FC9-B6E3-04605B6A037B}.Deployment|Any CPU.ActiveCfg = Debug|Any CPU
		{5273F411-8B93-4FC9-B6E3-04605B6A037B}.Deployment|Any CPU.Build.0 = Debug|Any CPU
		{5273F411-8B93-4FC9-B6E3-04605B6A037B}.Deployment|Mixed Platforms.ActiveCfg = Debug|Any CPU
		{5273F411-8B93-4FC9-B6E3-04605B6A037B}.Deployment|Mixed Platforms.Build.0 = Debug|Any CPU
		{5273F411-8B93-4FC9-B6E3-04605B6A037B}.Deployment|x86.ActiveCfg = Debug|Any CPU
		{5273F411-8B93-4FC9-B6E3-04605B6A037B}.Release|Any CPU.ActiveCfg = Release|Any CPU
		{5273F411-8B93-4FC9-B6E3-04605B6A037B}.Release|Any CPU.Build.0 = Release|Any CPU
		{5273F411-8B93-4FC9-B6E3-04605B6A037B}.Release|Mixed Platforms.ActiveCfg = Release|Any CPU
		{5273F411-8B93-4FC9-B6E3-04605B6A037B}.Release|Mixed Platforms.Build.0 = Release|Any CPU
		{5273F411-8B93-4FC9-B6E3-04605B6A037B}.Release|x86.ActiveCfg = Release|Any CPU
		{F09F5A2A-4337-4A81-8599-B5B0E1E18ED5}.Debug|Any CPU.ActiveCfg = Debug|Any CPU
		{F09F5A2A-4337-4A81-8599-B5B0E1E18ED5}.Debug|Any CPU.Build.0 = Debug|Any CPU
		{F09F5A2A-4337-4A81-8599-B5B0E1E18ED5}.Debug|Mixed Platforms.ActiveCfg = Debug|Any CPU
		{F09F5A2A-4337-4A81-8599-B5B0E1E18ED5}.Debug|Mixed Platforms.Build.0 = Debug|Any CPU
		{F09F5A2A-4337-4A81-8599-B5B0E1E18ED5}.Debug|x86.ActiveCfg = Debug|Any CPU
		{F09F5A2A-4337-4A81-8599-B5B0E1E18ED5}.Deployment|Any CPU.ActiveCfg = Deployment|Any CPU
		{F09F5A2A-4337-4A81-8599-B5B0E1E18ED5}.Deployment|Any CPU.Build.0 = Deployment|Any CPU
		{F09F5A2A-4337-4A81-8599-B5B0E1E18ED5}.Deployment|Mixed Platforms.ActiveCfg = Deployment|Any CPU
		{F09F5A2A-4337-4A81-8599-B5B0E1E18ED5}.Deployment|Mixed Platforms.Build.0 = Deployment|Any CPU
		{F09F5A2A-4337-4A81-8599-B5B0E1E18ED5}.Deployment|x86.ActiveCfg = Deployment|Any CPU
		{F09F5A2A-4337-4A81-8599-B5B0E1E18ED5}.Release|Any CPU.ActiveCfg = Release|Any CPU
		{F09F5A2A-4337-4A81-8599-B5B0E1E18ED5}.Release|Any CPU.Build.0 = Release|Any CPU
		{F09F5A2A-4337-4A81-8599-B5B0E1E18ED5}.Release|Mixed Platforms.ActiveCfg = Release|Any CPU
		{F09F5A2A-4337-4A81-8599-B5B0E1E18ED5}.Release|Mixed Platforms.Build.0 = Release|Any CPU
		{F09F5A2A-4337-4A81-8599-B5B0E1E18ED5}.Release|x86.ActiveCfg = Release|Any CPU
		{A26AF0A4-9532-40CB-9554-A9510467636F}.Debug|Any CPU.ActiveCfg = Debug|Any CPU
		{A26AF0A4-9532-40CB-9554-A9510467636F}.Debug|Any CPU.Build.0 = Debug|Any CPU
		{A26AF0A4-9532-40CB-9554-A9510467636F}.Debug|Mixed Platforms.ActiveCfg = Debug|Any CPU
		{A26AF0A4-9532-40CB-9554-A9510467636F}.Debug|Mixed Platforms.Build.0 = Debug|Any CPU
		{A26AF0A4-9532-40CB-9554-A9510467636F}.Debug|x86.ActiveCfg = Debug|Any CPU
		{A26AF0A4-9532-40CB-9554-A9510467636F}.Deployment|Any CPU.ActiveCfg = Debug|Any CPU
		{A26AF0A4-9532-40CB-9554-A9510467636F}.Deployment|Any CPU.Build.0 = Debug|Any CPU
		{A26AF0A4-9532-40CB-9554-A9510467636F}.Deployment|Mixed Platforms.ActiveCfg = Debug|Any CPU
		{A26AF0A4-9532-40CB-9554-A9510467636F}.Deployment|Mixed Platforms.Build.0 = Debug|Any CPU
		{A26AF0A4-9532-40CB-9554-A9510467636F}.Deployment|x86.ActiveCfg = Debug|Any CPU
		{A26AF0A4-9532-40CB-9554-A9510467636F}.Release|Any CPU.ActiveCfg = Release|Any CPU
		{A26AF0A4-9532-40CB-9554-A9510467636F}.Release|Any CPU.Build.0 = Release|Any CPU
		{A26AF0A4-9532-40CB-9554-A9510467636F}.Release|Mixed Platforms.ActiveCfg = Release|Any CPU
		{A26AF0A4-9532-40CB-9554-A9510467636F}.Release|Mixed Platforms.Build.0 = Release|Any CPU
		{A26AF0A4-9532-40CB-9554-A9510467636F}.Release|x86.ActiveCfg = Release|Any CPU
		{B9EF0535-0EA5-410F-B90D-8B7B71861237}.Debug|Any CPU.ActiveCfg = Debug|Any CPU
		{B9EF0535-0EA5-410F-B90D-8B7B71861237}.Debug|Any CPU.Build.0 = Debug|Any CPU
		{B9EF0535-0EA5-410F-B90D-8B7B71861237}.Debug|Mixed Platforms.ActiveCfg = Debug|Any CPU
		{B9EF0535-0EA5-410F-B90D-8B7B71861237}.Debug|Mixed Platforms.Build.0 = Debug|Any CPU
		{B9EF0535-0EA5-410F-B90D-8B7B71861237}.Debug|x86.ActiveCfg = Debug|Any CPU
		{B9EF0535-0EA5-410F-B90D-8B7B71861237}.Deployment|Any CPU.ActiveCfg = Debug|Any CPU
		{B9EF0535-0EA5-410F-B90D-8B7B71861237}.Deployment|Any CPU.Build.0 = Debug|Any CPU
		{B9EF0535-0EA5-410F-B90D-8B7B71861237}.Deployment|Mixed Platforms.ActiveCfg = Debug|Any CPU
		{B9EF0535-0EA5-410F-B90D-8B7B71861237}.Deployment|Mixed Platforms.Build.0 = Debug|Any CPU
		{B9EF0535-0EA5-410F-B90D-8B7B71861237}.Deployment|x86.ActiveCfg = Debug|Any CPU
		{B9EF0535-0EA5-410F-B90D-8B7B71861237}.Release|Any CPU.ActiveCfg = Release|Any CPU
		{B9EF0535-0EA5-410F-B90D-8B7B71861237}.Release|Any CPU.Build.0 = Release|Any CPU
		{B9EF0535-0EA5-410F-B90D-8B7B71861237}.Release|Mixed Platforms.ActiveCfg = Release|Any CPU
		{B9EF0535-0EA5-410F-B90D-8B7B71861237}.Release|Mixed Platforms.Build.0 = Release|Any CPU
		{B9EF0535-0EA5-410F-B90D-8B7B71861237}.Release|x86.ActiveCfg = Release|Any CPU
	EndGlobalSection
	GlobalSection(SolutionProperties) = preSolution
		HideSolutionNode = FALSE
	EndGlobalSection
EndGlobal
