
Microsoft Visual Studio Solution File, Format Version 11.00
# Visual Studio 2010
Project("{FAE04EC0-301F-11D3-BF4B-00C04F79EFBC}") = "Utils", "..\Shared\Utils\Utils.csproj", "{C14C6F19-386A-4A2B-BBB5-0395551D4EF1}"
EndProject
Project("{FAE04EC0-301F-11D3-BF4B-00C04F79EFBC}") = "DeviceInterface", "..\Shared\DeviceInterface\DeviceInterface.csproj", "{C11032AE-E7CA-4B7F-B672-1CC2EB904578}"
EndProject
Project("{FAE04EC0-301F-11D3-BF4B-00C04F79EFBC}") = "ErrorDialog", "..\Shared\ErrorDialog\ErrorDialog.csproj", "{923BA357-4D7B-4080-ABDC-095633012F8E}"
EndProject
Project("{FAE04EC0-301F-11D3-BF4B-00C04F79EFBC}") = "Stateless", "..\..\..\thirdparty\Stateless\source_and_examples\Stateless\Stateless.csproj", "{A15EEC02-60EC-4705-A58B-A6ECD55A9628}"
EndProject
Project("{FAE04EC0-301F-11D3-BF4B-00C04F79EFBC}") = "HitpickXMLReader", "..\Shared\HitpickXMLReader\HitpickXMLReader.csproj", "{DB6D45A3-3E63-40B0-B12C-22AD728BF5B0}"
EndProject
Project("{FAE04EC0-301F-11D3-BF4B-00C04F79EFBC}") = "PlateDefs", "..\Shared\PlateDefs\PlateDefs.csproj", "{69A5ACD4-AA27-47C7-B095-D52B249DF3A5}"
EndProject
Project("{FAE04EC0-301F-11D3-BF4B-00C04F79EFBC}") = "Teachpoints", "..\Shared\Teachpoints\Teachpoints.csproj", "{4FF11887-7EAE-467F-82AE-5E91FF318923}"
EndProject
Project("{FAE04EC0-301F-11D3-BF4B-00C04F79EFBC}") = "TechnosoftLibrary", "..\Shared\TechnosoftLibrary\TechnosoftLibrary.csproj", "{1BEB833E-1D00-4886-BE2C-A150B88BBCA9}"
EndProject
Project("{FAE04EC0-301F-11D3-BF4B-00C04F79EFBC}") = "LabwareDatabase", "..\Shared\LabwareDatabase\LabwareDatabase.csproj", "{A26AF0A4-9532-40CB-9554-A9510467636F}"
EndProject
Project("{FAE04EC0-301F-11D3-BF4B-00C04F79EFBC}") = "LibraryInterfaces", "..\Shared\LibraryInterfaces\LibraryInterfaces.csproj", "{96B9F9BF-63FD-43BE-A65F-F68D314129AF}"
EndProject
Project("{FAE04EC0-301F-11D3-BF4B-00C04F79EFBC}") = "AlphaHardware", "..\BumblebeeAlphaGUI\AlphaHardware\AlphaHardware.csproj", "{56C2A737-97EE-4C3D-863C-28B68DE996A2}"
EndProject
Project("{FAE04EC0-301F-11D3-BF4B-00C04F79EFBC}") = "BumblebeeAlpha.Teachpoints", "..\BumblebeeAlphaGUI\BumblebeeAlpha.Teachpoints\BumblebeeAlpha.Teachpoints.csproj", "{F677C21C-A622-44AF-AAE0-4E7B9915F7D8}"
EndProject
Project("{F184B08F-C81C-45F6-A57F-5ABD9991F28F}") = "UcanDotNET", "..\Shared\TechnosoftLibrary\UcanDotNET\UcanDotNET.vbproj", "{CAEEC669-8001-4F0D-A16A-2CADDDC24E97}"
EndProject
Project("{FAE04EC0-301F-11D3-BF4B-00C04F79EFBC}") = "LiquidProfileLibrary", "..\Shared\LiquidProfileLibrary\LiquidProfileLibrary.csproj", "{7B402D32-B586-4A6A-92A3-FDA024913E7F}"
EndProject
Project("{FAE04EC0-301F-11D3-BF4B-00C04F79EFBC}") = "BumblebeeMessenger", "BumblebeeMessenger\BumblebeeMessenger.csproj", "{B82E27E2-371F-4F9A-8D2F-C1E7A6D7BE6B}"
EndProject
Project("{FAE04EC0-301F-11D3-BF4B-00C04F79EFBC}") = "BumblebeeAlpha.Configuration", "..\BumblebeeAlphaGUI\BumblebeeAlpha.Configuration\BumblebeeAlpha.Configuration.csproj", "{79DF7A29-A2CE-4773-8087-C64ED82E8748}"
EndProject
Project("{FAE04EC0-301F-11D3-BF4B-00C04F79EFBC}") = "ComponentModel", "..\..\..\thirdparty\MEF2\src\ComponentModel\ComponentModel.csproj", "{1BBA5101-D4F0-48B8-A5D6-7B23A099DCE3}"
EndProject
Project("{FAE04EC0-301F-11D3-BF4B-00C04F79EFBC}") = "TaskListXMLParser", "..\Shared\TaskListXMLParser\TaskListXMLParser.csproj", "{A2B509A4-B734-4CBE-B4B2-A39F5ADADBF3}"
EndProject
Project("{FAE04EC0-301F-11D3-BF4B-00C04F79EFBC}") = "SchedulerInterface", "BumblebeeSchedulers\SchedulerInterface\SchedulerInterface.csproj", "{9E7B6D9B-FAFE-4893-A20F-04C6728D2354}"
EndProject
Project("{FAE04EC0-301F-11D3-BF4B-00C04F79EFBC}") = "DualDisposableTipSplitScheduler", "BumblebeeSchedulers\DualDisposableTipScheduler\DualDisposableTipSplitScheduler.csproj", "{52AA23BA-3FD8-4E1B-B16E-B577FB0FCAA1}"
EndProject
Project("{2150E333-8FDC-42A3-9474-1A3956D46DE8}") = "Schedulers", "Schedulers", "{FE3EC800-1B31-4816-90E9-DECB771316A6}"
EndProject
Project("{2150E333-8FDC-42A3-9474-1A3956D46DE8}") = "Dispatchers", "Dispatchers", "{FD1F5DE6-495B-4412-BBA6-CD7ADA934A70}"
EndProject
Project("{FAE04EC0-301F-11D3-BF4B-00C04F79EFBC}") = "DispatcherInterface", "BumblebeeDispatchers\DispatcherInterface\DispatcherInterface.csproj", "{00C39EAB-FA61-4848-B3FA-C7C64DE99121}"
EndProject
Project("{FAE04EC0-301F-11D3-BF4B-00C04F79EFBC}") = "IndependentChannelDispatcher", "BumblebeeDispatchers\IndependentChannelDispatcher\IndependentChannelDispatcher.csproj", "{F7FCABBC-8061-4C71-B5A3-C7B52BC3A05A}"
EndProject
Project("{2150E333-8FDC-42A3-9474-1A3956D46DE8}") = "Shared", "Shared", "{99E72F11-8306-4D18-9361-0A9F3313CB6C}"
EndProject
Project("{FAE04EC0-301F-11D3-BF4B-00C04F79EFBC}") = "Combinatorics", "..\Shared\Combinatorics\Combinatorics.csproj", "{BECCB5B6-8CF1-403B-8C73-F1567A9EE8AA}"
EndProject
Project("{2150E333-8FDC-42A3-9474-1A3956D46DE8}") = "Solution Items", "Solution Items", "{04E101C8-514B-4852-910E-D5300399C8C0}"
	ProjectSection(SolutionItems) = preProject
		BumblebeePlugin.vsmdi = BumblebeePlugin.vsmdi
		Local.testsettings = Local.testsettings
		TraceAndTestImpact.testsettings = TraceAndTestImpact.testsettings
	EndProjectSection
EndProject
Project("{FAE04EC0-301F-11D3-BF4B-00C04F79EFBC}") = "BumblebeePlugin", "BumblebeePlugin\BumblebeePlugin.csproj", "{42651A2F-13ED-4838-A003-305DFFA6939A}"
EndProject
Project("{FAE04EC0-301F-11D3-BF4B-00C04F79EFBC}") = "StateMachineExecutor", "..\Shared\StateMachineExecutor\StateMachineExecutor.csproj", "{816CCF54-B823-4ECC-929E-0AFA71CF2A97}"
EndProject
Project("{FAE04EC0-301F-11D3-BF4B-00C04F79EFBC}") = "PlateWork", "..\Shared\PlateWork\PlateWork.csproj", "{0E73947B-BE6E-4949-9F53-B4479DD3682C}"
EndProject
Project("{FAE04EC0-301F-11D3-BF4B-00C04F79EFBC}") = "Location", "..\Shared\Location\Location.csproj", "{75607E88-161B-47E3-8D85-5289E0BD6394}"
EndProject
Project("{FAE04EC0-301F-11D3-BF4B-00C04F79EFBC}") = "HeavyUtils", "..\Shared\HeavyUtils\HeavyUtils\HeavyUtils.csproj", "{17DB2007-B1C0-442F-9229-B34204170EA4}"
EndProject
Project("{FAE04EC0-301F-11D3-BF4B-00C04F79EFBC}") = "IError", "..\Shared\IError\IError.csproj", "{F09F5A2A-4337-4A81-8599-B5B0E1E18ED5}"
EndProject
Global
	GlobalSection(TestCaseManagementSettings) = postSolution
		CategoryFile = BumblebeePlugin.vsmdi
	EndGlobalSection
	GlobalSection(SolutionConfigurationPlatforms) = preSolution
		Debug|Any CPU = Debug|Any CPU
		Deployment|Any CPU = Deployment|Any CPU
		Release|Any CPU = Release|Any CPU
	EndGlobalSection
	GlobalSection(ProjectConfigurationPlatforms) = postSolution
		{C14C6F19-386A-4A2B-BBB5-0395551D4EF1}.Debug|Any CPU.ActiveCfg = Debug|Any CPU
		{C14C6F19-386A-4A2B-BBB5-0395551D4EF1}.Debug|Any CPU.Build.0 = Debug|Any CPU
		{C14C6F19-386A-4A2B-BBB5-0395551D4EF1}.Deployment|Any CPU.ActiveCfg = Deployment|Any CPU
		{C14C6F19-386A-4A2B-BBB5-0395551D4EF1}.Deployment|Any CPU.Build.0 = Deployment|Any CPU
		{C14C6F19-386A-4A2B-BBB5-0395551D4EF1}.Release|Any CPU.ActiveCfg = Release|Any CPU
		{C14C6F19-386A-4A2B-BBB5-0395551D4EF1}.Release|Any CPU.Build.0 = Release|Any CPU
		{C11032AE-E7CA-4B7F-B672-1CC2EB904578}.Debug|Any CPU.ActiveCfg = Debug|Any CPU
		{C11032AE-E7CA-4B7F-B672-1CC2EB904578}.Debug|Any CPU.Build.0 = Debug|Any CPU
		{C11032AE-E7CA-4B7F-B672-1CC2EB904578}.Deployment|Any CPU.ActiveCfg = Deployment|Any CPU
		{C11032AE-E7CA-4B7F-B672-1CC2EB904578}.Deployment|Any CPU.Build.0 = Deployment|Any CPU
		{C11032AE-E7CA-4B7F-B672-1CC2EB904578}.Release|Any CPU.ActiveCfg = Release|Any CPU
		{C11032AE-E7CA-4B7F-B672-1CC2EB904578}.Release|Any CPU.Build.0 = Release|Any CPU
		{923BA357-4D7B-4080-ABDC-095633012F8E}.Debug|Any CPU.ActiveCfg = Debug|Any CPU
		{923BA357-4D7B-4080-ABDC-095633012F8E}.Debug|Any CPU.Build.0 = Debug|Any CPU
		{923BA357-4D7B-4080-ABDC-095633012F8E}.Deployment|Any CPU.ActiveCfg = Deployment|Any CPU
		{923BA357-4D7B-4080-ABDC-095633012F8E}.Deployment|Any CPU.Build.0 = Deployment|Any CPU
		{923BA357-4D7B-4080-ABDC-095633012F8E}.Release|Any CPU.ActiveCfg = Release|Any CPU
		{923BA357-4D7B-4080-ABDC-095633012F8E}.Release|Any CPU.Build.0 = Release|Any CPU
		{A15EEC02-60EC-4705-A58B-A6ECD55A9628}.Debug|Any CPU.ActiveCfg = Debug|Any CPU
		{A15EEC02-60EC-4705-A58B-A6ECD55A9628}.Debug|Any CPU.Build.0 = Debug|Any CPU
		{A15EEC02-60EC-4705-A58B-A6ECD55A9628}.Deployment|Any CPU.ActiveCfg = Deployment|Any CPU
		{A15EEC02-60EC-4705-A58B-A6ECD55A9628}.Deployment|Any CPU.Build.0 = Deployment|Any CPU
		{A15EEC02-60EC-4705-A58B-A6ECD55A9628}.Release|Any CPU.ActiveCfg = Release|Any CPU
		{A15EEC02-60EC-4705-A58B-A6ECD55A9628}.Release|Any CPU.Build.0 = Release|Any CPU
		{DB6D45A3-3E63-40B0-B12C-22AD728BF5B0}.Debug|Any CPU.ActiveCfg = Debug|Any CPU
		{DB6D45A3-3E63-40B0-B12C-22AD728BF5B0}.Debug|Any CPU.Build.0 = Debug|Any CPU
		{DB6D45A3-3E63-40B0-B12C-22AD728BF5B0}.Deployment|Any CPU.ActiveCfg = Deployment|Any CPU
		{DB6D45A3-3E63-40B0-B12C-22AD728BF5B0}.Deployment|Any CPU.Build.0 = Deployment|Any CPU
		{DB6D45A3-3E63-40B0-B12C-22AD728BF5B0}.Release|Any CPU.ActiveCfg = Release|Any CPU
		{DB6D45A3-3E63-40B0-B12C-22AD728BF5B0}.Release|Any CPU.Build.0 = Release|Any CPU
		{69A5ACD4-AA27-47C7-B095-D52B249DF3A5}.Debug|Any CPU.ActiveCfg = Debug|Any CPU
		{69A5ACD4-AA27-47C7-B095-D52B249DF3A5}.Debug|Any CPU.Build.0 = Debug|Any CPU
		{69A5ACD4-AA27-47C7-B095-D52B249DF3A5}.Deployment|Any CPU.ActiveCfg = Deployment|Any CPU
		{69A5ACD4-AA27-47C7-B095-D52B249DF3A5}.Deployment|Any CPU.Build.0 = Deployment|Any CPU
		{69A5ACD4-AA27-47C7-B095-D52B249DF3A5}.Release|Any CPU.ActiveCfg = Release|Any CPU
		{69A5ACD4-AA27-47C7-B095-D52B249DF3A5}.Release|Any CPU.Build.0 = Release|Any CPU
		{4FF11887-7EAE-467F-82AE-5E91FF318923}.Debug|Any CPU.ActiveCfg = Debug|Any CPU
		{4FF11887-7EAE-467F-82AE-5E91FF318923}.Debug|Any CPU.Build.0 = Debug|Any CPU
		{4FF11887-7EAE-467F-82AE-5E91FF318923}.Deployment|Any CPU.ActiveCfg = Deployment|Any CPU
		{4FF11887-7EAE-467F-82AE-5E91FF318923}.Deployment|Any CPU.Build.0 = Deployment|Any CPU
		{4FF11887-7EAE-467F-82AE-5E91FF318923}.Release|Any CPU.ActiveCfg = Release|Any CPU
		{4FF11887-7EAE-467F-82AE-5E91FF318923}.Release|Any CPU.Build.0 = Release|Any CPU
		{1BEB833E-1D00-4886-BE2C-A150B88BBCA9}.Debug|Any CPU.ActiveCfg = Debug|Any CPU
		{1BEB833E-1D00-4886-BE2C-A150B88BBCA9}.Debug|Any CPU.Build.0 = Debug|Any CPU
		{1BEB833E-1D00-4886-BE2C-A150B88BBCA9}.Deployment|Any CPU.ActiveCfg = Deployment|Any CPU
		{1BEB833E-1D00-4886-BE2C-A150B88BBCA9}.Deployment|Any CPU.Build.0 = Deployment|Any CPU
		{1BEB833E-1D00-4886-BE2C-A150B88BBCA9}.Release|Any CPU.ActiveCfg = Release|Any CPU
		{1BEB833E-1D00-4886-BE2C-A150B88BBCA9}.Release|Any CPU.Build.0 = Release|Any CPU
		{A26AF0A4-9532-40CB-9554-A9510467636F}.Debug|Any CPU.ActiveCfg = Debug|Any CPU
		{A26AF0A4-9532-40CB-9554-A9510467636F}.Debug|Any CPU.Build.0 = Debug|Any CPU
		{A26AF0A4-9532-40CB-9554-A9510467636F}.Deployment|Any CPU.ActiveCfg = Deployment|Any CPU
		{A26AF0A4-9532-40CB-9554-A9510467636F}.Deployment|Any CPU.Build.0 = Deployment|Any CPU
		{A26AF0A4-9532-40CB-9554-A9510467636F}.Release|Any CPU.ActiveCfg = Release|Any CPU
		{A26AF0A4-9532-40CB-9554-A9510467636F}.Release|Any CPU.Build.0 = Release|Any CPU
		{96B9F9BF-63FD-43BE-A65F-F68D314129AF}.Debug|Any CPU.ActiveCfg = Debug|Any CPU
		{96B9F9BF-63FD-43BE-A65F-F68D314129AF}.Debug|Any CPU.Build.0 = Debug|Any CPU
		{96B9F9BF-63FD-43BE-A65F-F68D314129AF}.Deployment|Any CPU.ActiveCfg = Deployment|Any CPU
		{96B9F9BF-63FD-43BE-A65F-F68D314129AF}.Deployment|Any CPU.Build.0 = Deployment|Any CPU
		{96B9F9BF-63FD-43BE-A65F-F68D314129AF}.Release|Any CPU.ActiveCfg = Release|Any CPU
		{96B9F9BF-63FD-43BE-A65F-F68D314129AF}.Release|Any CPU.Build.0 = Release|Any CPU
		{56C2A737-97EE-4C3D-863C-28B68DE996A2}.Debug|Any CPU.ActiveCfg = Debug|Any CPU
		{56C2A737-97EE-4C3D-863C-28B68DE996A2}.Debug|Any CPU.Build.0 = Debug|Any CPU
		{56C2A737-97EE-4C3D-863C-28B68DE996A2}.Deployment|Any CPU.ActiveCfg = Deployment|Any CPU
		{56C2A737-97EE-4C3D-863C-28B68DE996A2}.Deployment|Any CPU.Build.0 = Deployment|Any CPU
		{56C2A737-97EE-4C3D-863C-28B68DE996A2}.Release|Any CPU.ActiveCfg = Release|Any CPU
		{56C2A737-97EE-4C3D-863C-28B68DE996A2}.Release|Any CPU.Build.0 = Release|Any CPU
		{F677C21C-A622-44AF-AAE0-4E7B9915F7D8}.Debug|Any CPU.ActiveCfg = Debug|Any CPU
		{F677C21C-A622-44AF-AAE0-4E7B9915F7D8}.Debug|Any CPU.Build.0 = Debug|Any CPU
		{F677C21C-A622-44AF-AAE0-4E7B9915F7D8}.Deployment|Any CPU.ActiveCfg = Deployment|Any CPU
		{F677C21C-A622-44AF-AAE0-4E7B9915F7D8}.Deployment|Any CPU.Build.0 = Deployment|Any CPU
		{F677C21C-A622-44AF-AAE0-4E7B9915F7D8}.Release|Any CPU.ActiveCfg = Release|Any CPU
		{F677C21C-A622-44AF-AAE0-4E7B9915F7D8}.Release|Any CPU.Build.0 = Release|Any CPU
		{CAEEC669-8001-4F0D-A16A-2CADDDC24E97}.Debug|Any CPU.ActiveCfg = Debug|Any CPU
		{CAEEC669-8001-4F0D-A16A-2CADDDC24E97}.Debug|Any CPU.Build.0 = Debug|Any CPU
		{CAEEC669-8001-4F0D-A16A-2CADDDC24E97}.Deployment|Any CPU.ActiveCfg = Deployment|Any CPU
		{CAEEC669-8001-4F0D-A16A-2CADDDC24E97}.Deployment|Any CPU.Build.0 = Deployment|Any CPU
		{CAEEC669-8001-4F0D-A16A-2CADDDC24E97}.Release|Any CPU.ActiveCfg = Release|Any CPU
		{CAEEC669-8001-4F0D-A16A-2CADDDC24E97}.Release|Any CPU.Build.0 = Release|Any CPU
		{7B402D32-B586-4A6A-92A3-FDA024913E7F}.Debug|Any CPU.ActiveCfg = Debug|Any CPU
		{7B402D32-B586-4A6A-92A3-FDA024913E7F}.Debug|Any CPU.Build.0 = Debug|Any CPU
		{7B402D32-B586-4A6A-92A3-FDA024913E7F}.Deployment|Any CPU.ActiveCfg = Deployment|Any CPU
		{7B402D32-B586-4A6A-92A3-FDA024913E7F}.Deployment|Any CPU.Build.0 = Deployment|Any CPU
		{7B402D32-B586-4A6A-92A3-FDA024913E7F}.Release|Any CPU.ActiveCfg = Release|Any CPU
		{7B402D32-B586-4A6A-92A3-FDA024913E7F}.Release|Any CPU.Build.0 = Release|Any CPU
		{B82E27E2-371F-4F9A-8D2F-C1E7A6D7BE6B}.Debug|Any CPU.ActiveCfg = Debug|Any CPU
		{B82E27E2-371F-4F9A-8D2F-C1E7A6D7BE6B}.Debug|Any CPU.Build.0 = Debug|Any CPU
		{B82E27E2-371F-4F9A-8D2F-C1E7A6D7BE6B}.Deployment|Any CPU.ActiveCfg = Deployment|Any CPU
		{B82E27E2-371F-4F9A-8D2F-C1E7A6D7BE6B}.Deployment|Any CPU.Build.0 = Deployment|Any CPU
		{B82E27E2-371F-4F9A-8D2F-C1E7A6D7BE6B}.Release|Any CPU.ActiveCfg = Release|Any CPU
		{B82E27E2-371F-4F9A-8D2F-C1E7A6D7BE6B}.Release|Any CPU.Build.0 = Release|Any CPU
		{79DF7A29-A2CE-4773-8087-C64ED82E8748}.Debug|Any CPU.ActiveCfg = Debug|Any CPU
		{79DF7A29-A2CE-4773-8087-C64ED82E8748}.Debug|Any CPU.Build.0 = Debug|Any CPU
		{79DF7A29-A2CE-4773-8087-C64ED82E8748}.Deployment|Any CPU.ActiveCfg = Deployment|Any CPU
		{79DF7A29-A2CE-4773-8087-C64ED82E8748}.Deployment|Any CPU.Build.0 = Deployment|Any CPU
		{79DF7A29-A2CE-4773-8087-C64ED82E8748}.Release|Any CPU.ActiveCfg = Release|Any CPU
		{79DF7A29-A2CE-4773-8087-C64ED82E8748}.Release|Any CPU.Build.0 = Release|Any CPU
		{1BBA5101-D4F0-48B8-A5D6-7B23A099DCE3}.Debug|Any CPU.ActiveCfg = Debug|Any CPU
		{1BBA5101-D4F0-48B8-A5D6-7B23A099DCE3}.Debug|Any CPU.Build.0 = Debug|Any CPU
		{1BBA5101-D4F0-48B8-A5D6-7B23A099DCE3}.Deployment|Any CPU.ActiveCfg = Debug|Any CPU
		{1BBA5101-D4F0-48B8-A5D6-7B23A099DCE3}.Deployment|Any CPU.Build.0 = Debug|Any CPU
		{1BBA5101-D4F0-48B8-A5D6-7B23A099DCE3}.Release|Any CPU.ActiveCfg = Release|Any CPU
		{1BBA5101-D4F0-48B8-A5D6-7B23A099DCE3}.Release|Any CPU.Build.0 = Release|Any CPU
		{A2B509A4-B734-4CBE-B4B2-A39F5ADADBF3}.Debug|Any CPU.ActiveCfg = Debug|Any CPU
		{A2B509A4-B734-4CBE-B4B2-A39F5ADADBF3}.Debug|Any CPU.Build.0 = Debug|Any CPU
		{A2B509A4-B734-4CBE-B4B2-A39F5ADADBF3}.Deployment|Any CPU.ActiveCfg = Debug|Any CPU
		{A2B509A4-B734-4CBE-B4B2-A39F5ADADBF3}.Deployment|Any CPU.Build.0 = Debug|Any CPU
		{A2B509A4-B734-4CBE-B4B2-A39F5ADADBF3}.Release|Any CPU.ActiveCfg = Release|Any CPU
		{A2B509A4-B734-4CBE-B4B2-A39F5ADADBF3}.Release|Any CPU.Build.0 = Release|Any CPU
		{9E7B6D9B-FAFE-4893-A20F-04C6728D2354}.Debug|Any CPU.ActiveCfg = Debug|Any CPU
		{9E7B6D9B-FAFE-4893-A20F-04C6728D2354}.Debug|Any CPU.Build.0 = Debug|Any CPU
		{9E7B6D9B-FAFE-4893-A20F-04C6728D2354}.Deployment|Any CPU.ActiveCfg = Deployment|Any CPU
		{9E7B6D9B-FAFE-4893-A20F-04C6728D2354}.Deployment|Any CPU.Build.0 = Deployment|Any CPU
		{9E7B6D9B-FAFE-4893-A20F-04C6728D2354}.Release|Any CPU.ActiveCfg = Release|Any CPU
		{9E7B6D9B-FAFE-4893-A20F-04C6728D2354}.Release|Any CPU.Build.0 = Release|Any CPU
		{52AA23BA-3FD8-4E1B-B16E-B577FB0FCAA1}.Debug|Any CPU.ActiveCfg = Debug|Any CPU
		{52AA23BA-3FD8-4E1B-B16E-B577FB0FCAA1}.Debug|Any CPU.Build.0 = Debug|Any CPU
		{52AA23BA-3FD8-4E1B-B16E-B577FB0FCAA1}.Deployment|Any CPU.ActiveCfg = Deployment|Any CPU
		{52AA23BA-3FD8-4E1B-B16E-B577FB0FCAA1}.Deployment|Any CPU.Build.0 = Deployment|Any CPU
		{52AA23BA-3FD8-4E1B-B16E-B577FB0FCAA1}.Release|Any CPU.ActiveCfg = Release|Any CPU
		{52AA23BA-3FD8-4E1B-B16E-B577FB0FCAA1}.Release|Any CPU.Build.0 = Release|Any CPU
		{00C39EAB-FA61-4848-B3FA-C7C64DE99121}.Debug|Any CPU.ActiveCfg = Debug|Any CPU
		{00C39EAB-FA61-4848-B3FA-C7C64DE99121}.Debug|Any CPU.Build.0 = Debug|Any CPU
		{00C39EAB-FA61-4848-B3FA-C7C64DE99121}.Deployment|Any CPU.ActiveCfg = Debug|Any CPU
		{00C39EAB-FA61-4848-B3FA-C7C64DE99121}.Deployment|Any CPU.Build.0 = Debug|Any CPU
		{00C39EAB-FA61-4848-B3FA-C7C64DE99121}.Release|Any CPU.ActiveCfg = Release|Any CPU
		{00C39EAB-FA61-4848-B3FA-C7C64DE99121}.Release|Any CPU.Build.0 = Release|Any CPU
		{F7FCABBC-8061-4C71-B5A3-C7B52BC3A05A}.Debug|Any CPU.ActiveCfg = Debug|Any CPU
		{F7FCABBC-8061-4C71-B5A3-C7B52BC3A05A}.Debug|Any CPU.Build.0 = Debug|Any CPU
		{F7FCABBC-8061-4C71-B5A3-C7B52BC3A05A}.Deployment|Any CPU.ActiveCfg = Debug|Any CPU
		{F7FCABBC-8061-4C71-B5A3-C7B52BC3A05A}.Deployment|Any CPU.Build.0 = Debug|Any CPU
		{F7FCABBC-8061-4C71-B5A3-C7B52BC3A05A}.Release|Any CPU.ActiveCfg = Release|Any CPU
		{F7FCABBC-8061-4C71-B5A3-C7B52BC3A05A}.Release|Any CPU.Build.0 = Release|Any CPU
		{BECCB5B6-8CF1-403B-8C73-F1567A9EE8AA}.Debug|Any CPU.ActiveCfg = Debug|Any CPU
		{BECCB5B6-8CF1-403B-8C73-F1567A9EE8AA}.Debug|Any CPU.Build.0 = Debug|Any CPU
		{BECCB5B6-8CF1-403B-8C73-F1567A9EE8AA}.Deployment|Any CPU.ActiveCfg = Debug|Any CPU
		{BECCB5B6-8CF1-403B-8C73-F1567A9EE8AA}.Deployment|Any CPU.Build.0 = Debug|Any CPU
		{BECCB5B6-8CF1-403B-8C73-F1567A9EE8AA}.Release|Any CPU.ActiveCfg = Release|Any CPU
		{BECCB5B6-8CF1-403B-8C73-F1567A9EE8AA}.Release|Any CPU.Build.0 = Release|Any CPU
		{42651A2F-13ED-4838-A003-305DFFA6939A}.Debug|Any CPU.ActiveCfg = Debug|Any CPU
		{42651A2F-13ED-4838-A003-305DFFA6939A}.Debug|Any CPU.Build.0 = Debug|Any CPU
		{42651A2F-13ED-4838-A003-305DFFA6939A}.Deployment|Any CPU.ActiveCfg = Debug|Any CPU
		{42651A2F-13ED-4838-A003-305DFFA6939A}.Deployment|Any CPU.Build.0 = Debug|Any CPU
		{42651A2F-13ED-4838-A003-305DFFA6939A}.Release|Any CPU.ActiveCfg = Release|Any CPU
		{42651A2F-13ED-4838-A003-305DFFA6939A}.Release|Any CPU.Build.0 = Release|Any CPU
		{816CCF54-B823-4ECC-929E-0AFA71CF2A97}.Debug|Any CPU.ActiveCfg = Debug|Any CPU
		{816CCF54-B823-4ECC-929E-0AFA71CF2A97}.Debug|Any CPU.Build.0 = Debug|Any CPU
		{816CCF54-B823-4ECC-929E-0AFA71CF2A97}.Deployment|Any CPU.ActiveCfg = Debug|Any CPU
		{816CCF54-B823-4ECC-929E-0AFA71CF2A97}.Deployment|Any CPU.Build.0 = Debug|Any CPU
		{816CCF54-B823-4ECC-929E-0AFA71CF2A97}.Release|Any CPU.ActiveCfg = Release|Any CPU
		{816CCF54-B823-4ECC-929E-0AFA71CF2A97}.Release|Any CPU.Build.0 = Release|Any CPU
		{0E73947B-BE6E-4949-9F53-B4479DD3682C}.Debug|Any CPU.ActiveCfg = Debug|Any CPU
		{0E73947B-BE6E-4949-9F53-B4479DD3682C}.Debug|Any CPU.Build.0 = Debug|Any CPU
		{0E73947B-BE6E-4949-9F53-B4479DD3682C}.Deployment|Any CPU.ActiveCfg = Debug|Any CPU
		{0E73947B-BE6E-4949-9F53-B4479DD3682C}.Deployment|Any CPU.Build.0 = Debug|Any CPU
		{0E73947B-BE6E-4949-9F53-B4479DD3682C}.Release|Any CPU.ActiveCfg = Release|Any CPU
		{0E73947B-BE6E-4949-9F53-B4479DD3682C}.Release|Any CPU.Build.0 = Release|Any CPU
		{75607E88-161B-47E3-8D85-5289E0BD6394}.Debug|Any CPU.ActiveCfg = Debug|Any CPU
		{75607E88-161B-47E3-8D85-5289E0BD6394}.Debug|Any CPU.Build.0 = Debug|Any CPU
		{75607E88-161B-47E3-8D85-5289E0BD6394}.Deployment|Any CPU.ActiveCfg = Debug|Any CPU
		{75607E88-161B-47E3-8D85-5289E0BD6394}.Deployment|Any CPU.Build.0 = Debug|Any CPU
		{75607E88-161B-47E3-8D85-5289E0BD6394}.Release|Any CPU.ActiveCfg = Release|Any CPU
		{75607E88-161B-47E3-8D85-5289E0BD6394}.Release|Any CPU.Build.0 = Release|Any CPU
		{17DB2007-B1C0-442F-9229-B34204170EA4}.Debug|Any CPU.ActiveCfg = Debug|Any CPU
		{17DB2007-B1C0-442F-9229-B34204170EA4}.Debug|Any CPU.Build.0 = Debug|Any CPU
		{17DB2007-B1C0-442F-9229-B34204170EA4}.Deployment|Any CPU.ActiveCfg = Debug|Any CPU
		{17DB2007-B1C0-442F-9229-B34204170EA4}.Deployment|Any CPU.Build.0 = Debug|Any CPU
		{17DB2007-B1C0-442F-9229-B34204170EA4}.Release|Any CPU.ActiveCfg = Release|Any CPU
		{17DB2007-B1C0-442F-9229-B34204170EA4}.Release|Any CPU.Build.0 = Release|Any CPU
		{F09F5A2A-4337-4A81-8599-B5B0E1E18ED5}.Debug|Any CPU.ActiveCfg = Debug|Any CPU
		{F09F5A2A-4337-4A81-8599-B5B0E1E18ED5}.Debug|Any CPU.Build.0 = Debug|Any CPU
		{F09F5A2A-4337-4A81-8599-B5B0E1E18ED5}.Deployment|Any CPU.ActiveCfg = Debug|Any CPU
		{F09F5A2A-4337-4A81-8599-B5B0E1E18ED5}.Deployment|Any CPU.Build.0 = Debug|Any CPU
		{F09F5A2A-4337-4A81-8599-B5B0E1E18ED5}.Release|Any CPU.ActiveCfg = Release|Any CPU
		{F09F5A2A-4337-4A81-8599-B5B0E1E18ED5}.Release|Any CPU.Build.0 = Release|Any CPU
	EndGlobalSection
	GlobalSection(SolutionProperties) = preSolution
		HideSolutionNode = FALSE
	EndGlobalSection
	GlobalSection(NestedProjects) = preSolution
		{C11032AE-E7CA-4B7F-B672-1CC2EB904578} = {99E72F11-8306-4D18-9361-0A9F3313CB6C}
		{923BA357-4D7B-4080-ABDC-095633012F8E} = {99E72F11-8306-4D18-9361-0A9F3313CB6C}
		{A15EEC02-60EC-4705-A58B-A6ECD55A9628} = {99E72F11-8306-4D18-9361-0A9F3313CB6C}
		{DB6D45A3-3E63-40B0-B12C-22AD728BF5B0} = {99E72F11-8306-4D18-9361-0A9F3313CB6C}
		{69A5ACD4-AA27-47C7-B095-D52B249DF3A5} = {99E72F11-8306-4D18-9361-0A9F3313CB6C}
		{4FF11887-7EAE-467F-82AE-5E91FF318923} = {99E72F11-8306-4D18-9361-0A9F3313CB6C}
		{1BEB833E-1D00-4886-BE2C-A150B88BBCA9} = {99E72F11-8306-4D18-9361-0A9F3313CB6C}
		{A26AF0A4-9532-40CB-9554-A9510467636F} = {99E72F11-8306-4D18-9361-0A9F3313CB6C}
		{96B9F9BF-63FD-43BE-A65F-F68D314129AF} = {99E72F11-8306-4D18-9361-0A9F3313CB6C}
		{CAEEC669-8001-4F0D-A16A-2CADDDC24E97} = {99E72F11-8306-4D18-9361-0A9F3313CB6C}
		{7B402D32-B586-4A6A-92A3-FDA024913E7F} = {99E72F11-8306-4D18-9361-0A9F3313CB6C}
		{1BBA5101-D4F0-48B8-A5D6-7B23A099DCE3} = {99E72F11-8306-4D18-9361-0A9F3313CB6C}
		{A2B509A4-B734-4CBE-B4B2-A39F5ADADBF3} = {99E72F11-8306-4D18-9361-0A9F3313CB6C}
		{C14C6F19-386A-4A2B-BBB5-0395551D4EF1} = {99E72F11-8306-4D18-9361-0A9F3313CB6C}
		{BECCB5B6-8CF1-403B-8C73-F1567A9EE8AA} = {99E72F11-8306-4D18-9361-0A9F3313CB6C}
		{816CCF54-B823-4ECC-929E-0AFA71CF2A97} = {99E72F11-8306-4D18-9361-0A9F3313CB6C}
		{0E73947B-BE6E-4949-9F53-B4479DD3682C} = {99E72F11-8306-4D18-9361-0A9F3313CB6C}
		{75607E88-161B-47E3-8D85-5289E0BD6394} = {99E72F11-8306-4D18-9361-0A9F3313CB6C}
		{17DB2007-B1C0-442F-9229-B34204170EA4} = {99E72F11-8306-4D18-9361-0A9F3313CB6C}
		{F09F5A2A-4337-4A81-8599-B5B0E1E18ED5} = {99E72F11-8306-4D18-9361-0A9F3313CB6C}
		{52AA23BA-3FD8-4E1B-B16E-B577FB0FCAA1} = {FE3EC800-1B31-4816-90E9-DECB771316A6}
		{9E7B6D9B-FAFE-4893-A20F-04C6728D2354} = {FE3EC800-1B31-4816-90E9-DECB771316A6}
		{00C39EAB-FA61-4848-B3FA-C7C64DE99121} = {FD1F5DE6-495B-4412-BBA6-CD7ADA934A70}
		{F7FCABBC-8061-4C71-B5A3-C7B52BC3A05A} = {FD1F5DE6-495B-4412-BBA6-CD7ADA934A70}
	EndGlobalSection
EndGlobal
