
Microsoft Visual Studio Solution File, Format Version 11.00
# Visual Studio 2010
Project("{FAE04EC0-301F-11D3-BF4B-00C04F79EFBC}") = "LiquidLevelDevice", "LiquidLevelDevice\LiquidLevelDevice.csproj", "{7808A117-09FF-4AE8-8D81-1E39062A2247}"
EndProject
Project("{FAE04EC0-301F-11D3-BF4B-00C04F79EFBC}") = "DeviceInterface", "..\..\Shared\DeviceInterface\DeviceInterface.csproj", "{C11032AE-E7CA-4B7F-B672-1CC2EB904578}"
EndProject
Project("{FAE04EC0-301F-11D3-BF4B-00C04F79EFBC}") = "ComponentModel", "..\..\..\..\thirdparty\MEF2\src\ComponentModel\ComponentModel.csproj", "{1BBA5101-D4F0-48B8-A5D6-7B23A099DCE3}"
EndProject
Project("{FAE04EC0-301F-11D3-BF4B-00C04F79EFBC}") = "LiquidLevelSensorEngineerApp", "LiquidLevelSensorEngineerApp\LiquidLevelSensorEngineerApp.csproj", "{97330057-C4B3-4F8C-8360-AA6F29EBD925}"
EndProject
Project("{2150E333-8FDC-42A3-9474-1A3956D46DE8}") = "Dependencies", "Dependencies", "{2AA18FDE-0BBD-4A7C-9849-74825D81827C}"
EndProject
Project("{FAE04EC0-301F-11D3-BF4B-00C04F79EFBC}") = "Utils", "..\..\Shared\Utils\Utils.csproj", "{C14C6F19-386A-4A2B-BBB5-0395551D4EF1}"
EndProject
Project("{FAE04EC0-301F-11D3-BF4B-00C04F79EFBC}") = "HeavyUtils", "..\..\Shared\HeavyUtils\HeavyUtils\HeavyUtils.csproj", "{17DB2007-B1C0-442F-9229-B34204170EA4}"
EndProject
Project("{FAE04EC0-301F-11D3-BF4B-00C04F79EFBC}") = "Stateless", "..\..\..\..\thirdparty\Stateless\source_and_examples\Stateless\Stateless.csproj", "{A15EEC02-60EC-4705-A58B-A6ECD55A9628}"
EndProject
Project("{FAE04EC0-301F-11D3-BF4B-00C04F79EFBC}") = "IError", "..\..\Shared\IError\IError.csproj", "{F09F5A2A-4337-4A81-8599-B5B0E1E18ED5}"
EndProject
Project("{F184B08F-C81C-45F6-A57F-5ABD9991F28F}") = "UcanDotNET", "..\..\Shared\TechnosoftLibrary\UcanDotNET\UcanDotNET.vbproj", "{CAEEC669-8001-4F0D-A16A-2CADDDC24E97}"
EndProject
Project("{FAE04EC0-301F-11D3-BF4B-00C04F79EFBC}") = "CanDongleWrapper", "..\..\Shared\CanDongleWrapper\CanDongleWrapper.csproj", "{2154A570-D83B-486F-8B95-F3FBEAABE971}"
EndProject
Project("{FAE04EC0-301F-11D3-BF4B-00C04F79EFBC}") = "DeviceManagerDatabase", "..\..\DeviceManagerDatabase\DeviceManagerDatabase\DeviceManagerDatabase.csproj", "{B9EF0535-0EA5-410F-B90D-8B7B71861237}"
EndProject
Project("{FAE04EC0-301F-11D3-BF4B-00C04F79EFBC}") = "Location", "..\..\Shared\Location\Location.csproj", "{75607E88-161B-47E3-8D85-5289E0BD6394}"
EndProject
Project("{FAE04EC0-301F-11D3-BF4B-00C04F79EFBC}") = "PlateWork", "..\..\Shared\PlateWork\PlateWork.csproj", "{0E73947B-BE6E-4949-9F53-B4479DD3682C}"
EndProject
Project("{FAE04EC0-301F-11D3-BF4B-00C04F79EFBC}") = "TaskListXMLParser", "..\..\Shared\TaskListXMLParser\TaskListXMLParser.csproj", "{A2B509A4-B734-4CBE-B4B2-A39F5ADADBF3}"
EndProject
Project("{FAE04EC0-301F-11D3-BF4B-00C04F79EFBC}") = "PlateDefs", "..\..\Shared\PlateDefs\PlateDefs.csproj", "{69A5ACD4-AA27-47C7-B095-D52B249DF3A5}"
EndProject
Project("{FAE04EC0-301F-11D3-BF4B-00C04F79EFBC}") = "LibraryInterfaces", "..\..\Shared\LibraryInterfaces\LibraryInterfaces.csproj", "{96B9F9BF-63FD-43BE-A65F-F68D314129AF}"
EndProject
Project("{FAE04EC0-301F-11D3-BF4B-00C04F79EFBC}") = "BioNexGuiControls", "..\..\Shared\BioNexGuiControls\BioNexGuiControls.csproj", "{10273A0D-94F9-4E65-9165-9A7A1215FE99}"
EndProject
Project("{FAE04EC0-301F-11D3-BF4B-00C04F79EFBC}") = "LabwareDatabase", "..\..\Shared\LabwareDatabase\LabwareDatabase.csproj", "{A26AF0A4-9532-40CB-9554-A9510467636F}"
EndProject
Project("{930C7802-8A8C-48F9-8165-68863BCCD9DD}") = "Installer", "Installer\Installer.wixproj", "{8F2CE46C-FFFB-496F-A8CA-F8DB60B4A6A7}"
	ProjectSection(ProjectDependencies) = postProject
		{57B6755D-1912-45FD-9F48-526C0C8D4296} = {57B6755D-1912-45FD-9F48-526C0C8D4296}
	EndProjectSection
EndProject
Project("{FAE04EC0-301F-11D3-BF4B-00C04F79EFBC}") = "BeeSureTestApp", "BeeSureTestApp\BeeSureTestApp.csproj", "{57B6755D-1912-45FD-9F48-526C0C8D4296}"
EndProject
Project("{FAE04EC0-301F-11D3-BF4B-00C04F79EFBC}") = "TechnosoftLibraryMT", "..\..\Shared\TechnosoftLibraryMT\TechnosoftLibraryMT.csproj", "{EA3D0EB3-2723-4F17-BA76-7963F7506B6A}"
EndProject
Global
	GlobalSection(SolutionConfigurationPlatforms) = preSolution
		Debug Single-threaded TML|Any CPU = Debug Single-threaded TML|Any CPU
		Debug Single-threaded TML|Mixed Platforms = Debug Single-threaded TML|Mixed Platforms
		Debug Single-threaded TML|x86 = Debug Single-threaded TML|x86
		Debug|Any CPU = Debug|Any CPU
		Debug|Mixed Platforms = Debug|Mixed Platforms
		Debug|x86 = Debug|x86
		Deployment for XP|Any CPU = Deployment for XP|Any CPU
		Deployment for XP|Mixed Platforms = Deployment for XP|Mixed Platforms
		Deployment for XP|x86 = Deployment for XP|x86
		Deployment|Any CPU = Deployment|Any CPU
		Deployment|Mixed Platforms = Deployment|Mixed Platforms
		Deployment|x86 = Deployment|x86
		HiG Integration|Any CPU = HiG Integration|Any CPU
		HiG Integration|Mixed Platforms = HiG Integration|Mixed Platforms
		HiG Integration|x86 = HiG Integration|x86
		Release|Any CPU = Release|Any CPU
		Release|Mixed Platforms = Release|Mixed Platforms
		Release|x86 = Release|x86
	EndGlobalSection
	GlobalSection(ProjectConfigurationPlatforms) = postSolution
		{7808A117-09FF-4AE8-8D81-1E39062A2247}.Debug Single-threaded TML|Any CPU.ActiveCfg = Debug Single-threaded TML (doxygen)|Any CPU
		{7808A117-09FF-4AE8-8D81-1E39062A2247}.Debug Single-threaded TML|Any CPU.Build.0 = Debug Single-threaded TML (doxygen)|Any CPU
		{7808A117-09FF-4AE8-8D81-1E39062A2247}.Debug Single-threaded TML|Mixed Platforms.ActiveCfg = Debug Single-threaded TML (doxygen)|Any CPU
		{7808A117-09FF-4AE8-8D81-1E39062A2247}.Debug Single-threaded TML|Mixed Platforms.Build.0 = Debug Single-threaded TML (doxygen)|Any CPU
		{7808A117-09FF-4AE8-8D81-1E39062A2247}.Debug Single-threaded TML|x86.ActiveCfg = Debug Single-threaded TML (doxygen)|Any CPU
		{7808A117-09FF-4AE8-8D81-1E39062A2247}.Debug|Any CPU.ActiveCfg = Debug|Any CPU
		{7808A117-09FF-4AE8-8D81-1E39062A2247}.Debug|Any CPU.Build.0 = Debug|Any CPU
		{7808A117-09FF-4AE8-8D81-1E39062A2247}.Debug|Mixed Platforms.ActiveCfg = Debug|Any CPU
		{7808A117-09FF-4AE8-8D81-1E39062A2247}.Debug|Mixed Platforms.Build.0 = Debug|Any CPU
		{7808A117-09FF-4AE8-8D81-1E39062A2247}.Debug|x86.ActiveCfg = Debug|Any CPU
		{7808A117-09FF-4AE8-8D81-1E39062A2247}.Debug|x86.Build.0 = Debug|Any CPU
		{7808A117-09FF-4AE8-8D81-1E39062A2247}.Deployment for XP|Any CPU.ActiveCfg = Debug Single-threaded TML (doxygen)|Any CPU
		{7808A117-09FF-4AE8-8D81-1E39062A2247}.Deployment for XP|Any CPU.Build.0 = Debug Single-threaded TML (doxygen)|Any CPU
		{7808A117-09FF-4AE8-8D81-1E39062A2247}.Deployment for XP|Mixed Platforms.ActiveCfg = Debug Single-threaded TML (doxygen)|Any CPU
		{7808A117-09FF-4AE8-8D81-1E39062A2247}.Deployment for XP|Mixed Platforms.Build.0 = Debug Single-threaded TML (doxygen)|Any CPU
		{7808A117-09FF-4AE8-8D81-1E39062A2247}.Deployment for XP|x86.ActiveCfg = Debug|Any CPU
		{7808A117-09FF-4AE8-8D81-1E39062A2247}.Deployment|Any CPU.ActiveCfg = Debug (doxygen)|Any CPU
		{7808A117-09FF-4AE8-8D81-1E39062A2247}.Deployment|Any CPU.Build.0 = Debug (doxygen)|Any CPU
		{7808A117-09FF-4AE8-8D81-1E39062A2247}.Deployment|Mixed Platforms.ActiveCfg = Debug (doxygen)|Any CPU
		{7808A117-09FF-4AE8-8D81-1E39062A2247}.Deployment|Mixed Platforms.Build.0 = Debug (doxygen)|Any CPU
		{7808A117-09FF-4AE8-8D81-1E39062A2247}.Deployment|x86.ActiveCfg = Debug|Any CPU
		{7808A117-09FF-4AE8-8D81-1E39062A2247}.HiG Integration|Any CPU.ActiveCfg = Debug Single-threaded TML (doxygen)|Any CPU
		{7808A117-09FF-4AE8-8D81-1E39062A2247}.HiG Integration|Any CPU.Build.0 = Debug Single-threaded TML (doxygen)|Any CPU
		{7808A117-09FF-4AE8-8D81-1E39062A2247}.HiG Integration|Mixed Platforms.ActiveCfg = Debug Single-threaded TML (doxygen)|Any CPU
		{7808A117-09FF-4AE8-8D81-1E39062A2247}.HiG Integration|Mixed Platforms.Build.0 = Debug Single-threaded TML (doxygen)|Any CPU
		{7808A117-09FF-4AE8-8D81-1E39062A2247}.HiG Integration|x86.ActiveCfg = Release|Any CPU
		{7808A117-09FF-4AE8-8D81-1E39062A2247}.Release|Any CPU.ActiveCfg = Release|Any CPU
		{7808A117-09FF-4AE8-8D81-1E39062A2247}.Release|Any CPU.Build.0 = Release|Any CPU
		{7808A117-09FF-4AE8-8D81-1E39062A2247}.Release|Mixed Platforms.ActiveCfg = Release|Any CPU
		{7808A117-09FF-4AE8-8D81-1E39062A2247}.Release|Mixed Platforms.Build.0 = Release|Any CPU
		{7808A117-09FF-4AE8-8D81-1E39062A2247}.Release|x86.ActiveCfg = Release|Any CPU
		{C11032AE-E7CA-4B7F-B672-1CC2EB904578}.Debug Single-threaded TML|Any CPU.ActiveCfg = Debug|Any CPU
		{C11032AE-E7CA-4B7F-B672-1CC2EB904578}.Debug Single-threaded TML|Any CPU.Build.0 = Debug|Any CPU
		{C11032AE-E7CA-4B7F-B672-1CC2EB904578}.Debug Single-threaded TML|Mixed Platforms.ActiveCfg = Debug|Any CPU
		{C11032AE-E7CA-4B7F-B672-1CC2EB904578}.Debug Single-threaded TML|Mixed Platforms.Build.0 = Debug|Any CPU
		{C11032AE-E7CA-4B7F-B672-1CC2EB904578}.Debug Single-threaded TML|x86.ActiveCfg = Debug|Any CPU
		{C11032AE-E7CA-4B7F-B672-1CC2EB904578}.Debug|Any CPU.ActiveCfg = Debug|Any CPU
		{C11032AE-E7CA-4B7F-B672-1CC2EB904578}.Debug|Any CPU.Build.0 = Debug|Any CPU
		{C11032AE-E7CA-4B7F-B672-1CC2EB904578}.Debug|Mixed Platforms.ActiveCfg = Debug|Any CPU
		{C11032AE-E7CA-4B7F-B672-1CC2EB904578}.Debug|Mixed Platforms.Build.0 = Debug|Any CPU
		{C11032AE-E7CA-4B7F-B672-1CC2EB904578}.Debug|x86.ActiveCfg = Debug|Any CPU
		{C11032AE-E7CA-4B7F-B672-1CC2EB904578}.Debug|x86.Build.0 = Debug|Any CPU
		{C11032AE-E7CA-4B7F-B672-1CC2EB904578}.Deployment for XP|Any CPU.ActiveCfg = Debug|Any CPU
		{C11032AE-E7CA-4B7F-B672-1CC2EB904578}.Deployment for XP|Any CPU.Build.0 = Debug|Any CPU
		{C11032AE-E7CA-4B7F-B672-1CC2EB904578}.Deployment for XP|Mixed Platforms.ActiveCfg = Debug|Any CPU
		{C11032AE-E7CA-4B7F-B672-1CC2EB904578}.Deployment for XP|Mixed Platforms.Build.0 = Debug|Any CPU
		{C11032AE-E7CA-4B7F-B672-1CC2EB904578}.Deployment for XP|x86.ActiveCfg = Debug|Any CPU
		{C11032AE-E7CA-4B7F-B672-1CC2EB904578}.Deployment|Any CPU.ActiveCfg = Debug|Any CPU
		{C11032AE-E7CA-4B7F-B672-1CC2EB904578}.Deployment|Any CPU.Build.0 = Debug|Any CPU
		{C11032AE-E7CA-4B7F-B672-1CC2EB904578}.Deployment|Mixed Platforms.ActiveCfg = Debug|Any CPU
		{C11032AE-E7CA-4B7F-B672-1CC2EB904578}.Deployment|Mixed Platforms.Build.0 = Debug|Any CPU
		{C11032AE-E7CA-4B7F-B672-1CC2EB904578}.Deployment|x86.ActiveCfg = Debug|Any CPU
		{C11032AE-E7CA-4B7F-B672-1CC2EB904578}.HiG Integration|Any CPU.ActiveCfg = Release|Any CPU
		{C11032AE-E7CA-4B7F-B672-1CC2EB904578}.HiG Integration|Any CPU.Build.0 = Release|Any CPU
		{C11032AE-E7CA-4B7F-B672-1CC2EB904578}.HiG Integration|Mixed Platforms.ActiveCfg = Release|Any CPU
		{C11032AE-E7CA-4B7F-B672-1CC2EB904578}.HiG Integration|Mixed Platforms.Build.0 = Release|Any CPU
		{C11032AE-E7CA-4B7F-B672-1CC2EB904578}.HiG Integration|x86.ActiveCfg = Release|Any CPU
		{C11032AE-E7CA-4B7F-B672-1CC2EB904578}.Release|Any CPU.ActiveCfg = Release|Any CPU
		{C11032AE-E7CA-4B7F-B672-1CC2EB904578}.Release|Any CPU.Build.0 = Release|Any CPU
		{C11032AE-E7CA-4B7F-B672-1CC2EB904578}.Release|Mixed Platforms.ActiveCfg = Release|Any CPU
		{C11032AE-E7CA-4B7F-B672-1CC2EB904578}.Release|Mixed Platforms.Build.0 = Release|Any CPU
		{C11032AE-E7CA-4B7F-B672-1CC2EB904578}.Release|x86.ActiveCfg = Release|Any CPU
		{1BBA5101-D4F0-48B8-A5D6-7B23A099DCE3}.Debug Single-threaded TML|Any CPU.ActiveCfg = Debug|Any CPU
		{1BBA5101-D4F0-48B8-A5D6-7B23A099DCE3}.Debug Single-threaded TML|Any CPU.Build.0 = Debug|Any CPU
		{1BBA5101-D4F0-48B8-A5D6-7B23A099DCE3}.Debug Single-threaded TML|Mixed Platforms.ActiveCfg = Debug|Any CPU
		{1BBA5101-D4F0-48B8-A5D6-7B23A099DCE3}.Debug Single-threaded TML|Mixed Platforms.Build.0 = Debug|Any CPU
		{1BBA5101-D4F0-48B8-A5D6-7B23A099DCE3}.Debug Single-threaded TML|x86.ActiveCfg = Debug|Any CPU
		{1BBA5101-D4F0-48B8-A5D6-7B23A099DCE3}.Debug|Any CPU.ActiveCfg = Debug|Any CPU
		{1BBA5101-D4F0-48B8-A5D6-7B23A099DCE3}.Debug|Any CPU.Build.0 = Debug|Any CPU
		{1BBA5101-D4F0-48B8-A5D6-7B23A099DCE3}.Debug|Mixed Platforms.ActiveCfg = Debug|Any CPU
		{1BBA5101-D4F0-48B8-A5D6-7B23A099DCE3}.Debug|Mixed Platforms.Build.0 = Debug|Any CPU
		{1BBA5101-D4F0-48B8-A5D6-7B23A099DCE3}.Debug|x86.ActiveCfg = Debug|Any CPU
		{1BBA5101-D4F0-48B8-A5D6-7B23A099DCE3}.Debug|x86.Build.0 = Debug|Any CPU
		{1BBA5101-D4F0-48B8-A5D6-7B23A099DCE3}.Deployment for XP|Any CPU.ActiveCfg = Debug|Any CPU
		{1BBA5101-D4F0-48B8-A5D6-7B23A099DCE3}.Deployment for XP|Any CPU.Build.0 = Debug|Any CPU
		{1BBA5101-D4F0-48B8-A5D6-7B23A099DCE3}.Deployment for XP|Mixed Platforms.ActiveCfg = Debug|Any CPU
		{1BBA5101-D4F0-48B8-A5D6-7B23A099DCE3}.Deployment for XP|Mixed Platforms.Build.0 = Debug|Any CPU
		{1BBA5101-D4F0-48B8-A5D6-7B23A099DCE3}.Deployment for XP|x86.ActiveCfg = Debug|Any CPU
		{1BBA5101-D4F0-48B8-A5D6-7B23A099DCE3}.Deployment|Any CPU.ActiveCfg = Debug|Any CPU
		{1BBA5101-D4F0-48B8-A5D6-7B23A099DCE3}.Deployment|Any CPU.Build.0 = Debug|Any CPU
		{1BBA5101-D4F0-48B8-A5D6-7B23A099DCE3}.Deployment|Mixed Platforms.ActiveCfg = Debug|Any CPU
		{1BBA5101-D4F0-48B8-A5D6-7B23A099DCE3}.Deployment|Mixed Platforms.Build.0 = Debug|Any CPU
		{1BBA5101-D4F0-48B8-A5D6-7B23A099DCE3}.Deployment|x86.ActiveCfg = Debug|Any CPU
		{1BBA5101-D4F0-48B8-A5D6-7B23A099DCE3}.HiG Integration|Any CPU.ActiveCfg = Release|Any CPU
		{1BBA5101-D4F0-48B8-A5D6-7B23A099DCE3}.HiG Integration|Any CPU.Build.0 = Release|Any CPU
		{1BBA5101-D4F0-48B8-A5D6-7B23A099DCE3}.HiG Integration|Mixed Platforms.ActiveCfg = Release|Any CPU
		{1BBA5101-D4F0-48B8-A5D6-7B23A099DCE3}.HiG Integration|Mixed Platforms.Build.0 = Release|Any CPU
		{1BBA5101-D4F0-48B8-A5D6-7B23A099DCE3}.HiG Integration|x86.ActiveCfg = Release|Any CPU
		{1BBA5101-D4F0-48B8-A5D6-7B23A099DCE3}.Release|Any CPU.ActiveCfg = Release|Any CPU
		{1BBA5101-D4F0-48B8-A5D6-7B23A099DCE3}.Release|Any CPU.Build.0 = Release|Any CPU
		{1BBA5101-D4F0-48B8-A5D6-7B23A099DCE3}.Release|Mixed Platforms.ActiveCfg = Release|Any CPU
		{1BBA5101-D4F0-48B8-A5D6-7B23A099DCE3}.Release|Mixed Platforms.Build.0 = Release|Any CPU
		{1BBA5101-D4F0-48B8-A5D6-7B23A099DCE3}.Release|x86.ActiveCfg = Release|Any CPU
		{97330057-C4B3-4F8C-8360-AA6F29EBD925}.Debug Single-threaded TML|Any CPU.ActiveCfg = Debug|x86
		{97330057-C4B3-4F8C-8360-AA6F29EBD925}.Debug Single-threaded TML|Any CPU.Build.0 = Debug|x86
		{97330057-C4B3-4F8C-8360-AA6F29EBD925}.Debug Single-threaded TML|Mixed Platforms.ActiveCfg = Debug|x86
		{97330057-C4B3-4F8C-8360-AA6F29EBD925}.Debug Single-threaded TML|Mixed Platforms.Build.0 = Debug|x86
		{97330057-C4B3-4F8C-8360-AA6F29EBD925}.Debug Single-threaded TML|x86.ActiveCfg = Debug|x86
		{97330057-C4B3-4F8C-8360-AA6F29EBD925}.Debug Single-threaded TML|x86.Build.0 = Debug|x86
		{97330057-C4B3-4F8C-8360-AA6F29EBD925}.Debug|Any CPU.ActiveCfg = Debug|x86
		{97330057-C4B3-4F8C-8360-AA6F29EBD925}.Debug|Any CPU.Build.0 = Debug|x86
		{97330057-C4B3-4F8C-8360-AA6F29EBD925}.Debug|Mixed Platforms.ActiveCfg = Debug|x86
		{97330057-C4B3-4F8C-8360-AA6F29EBD925}.Debug|Mixed Platforms.Build.0 = Debug|x86
		{97330057-C4B3-4F8C-8360-AA6F29EBD925}.Debug|x86.ActiveCfg = Debug|x86
		{97330057-C4B3-4F8C-8360-AA6F29EBD925}.Debug|x86.Build.0 = Debug|x86
		{97330057-C4B3-4F8C-8360-AA6F29EBD925}.Deployment for XP|Any CPU.ActiveCfg = Debug|x86
		{97330057-C4B3-4F8C-8360-AA6F29EBD925}.Deployment for XP|Any CPU.Build.0 = Debug|x86
		{97330057-C4B3-4F8C-8360-AA6F29EBD925}.Deployment for XP|Mixed Platforms.ActiveCfg = Debug|x86
		{97330057-C4B3-4F8C-8360-AA6F29EBD925}.Deployment for XP|Mixed Platforms.Build.0 = Debug|x86
		{97330057-C4B3-4F8C-8360-AA6F29EBD925}.Deployment for XP|x86.ActiveCfg = Debug|x86
		{97330057-C4B3-4F8C-8360-AA6F29EBD925}.Deployment for XP|x86.Build.0 = Debug|x86
		{97330057-C4B3-4F8C-8360-AA6F29EBD925}.Deployment|Any CPU.ActiveCfg = Debug|x86
		{97330057-C4B3-4F8C-8360-AA6F29EBD925}.Deployment|Any CPU.Build.0 = Debug|x86
		{97330057-C4B3-4F8C-8360-AA6F29EBD925}.Deployment|Mixed Platforms.ActiveCfg = Debug|x86
		{97330057-C4B3-4F8C-8360-AA6F29EBD925}.Deployment|Mixed Platforms.Build.0 = Debug|x86
		{97330057-C4B3-4F8C-8360-AA6F29EBD925}.Deployment|x86.ActiveCfg = Debug|x86
		{97330057-C4B3-4F8C-8360-AA6F29EBD925}.Deployment|x86.Build.0 = Debug|x86
		{97330057-C4B3-4F8C-8360-AA6F29EBD925}.HiG Integration|Any CPU.ActiveCfg = Release|x86
		{97330057-C4B3-4F8C-8360-AA6F29EBD925}.HiG Integration|Mixed Platforms.ActiveCfg = Release|x86
		{97330057-C4B3-4F8C-8360-AA6F29EBD925}.HiG Integration|Mixed Platforms.Build.0 = Release|x86
		{97330057-C4B3-4F8C-8360-AA6F29EBD925}.HiG Integration|x86.ActiveCfg = Release|x86
		{97330057-C4B3-4F8C-8360-AA6F29EBD925}.HiG Integration|x86.Build.0 = Release|x86
		{97330057-C4B3-4F8C-8360-AA6F29EBD925}.Release|Any CPU.ActiveCfg = Release|x86
		{97330057-C4B3-4F8C-8360-AA6F29EBD925}.Release|Mixed Platforms.ActiveCfg = Release|x86
		{97330057-C4B3-4F8C-8360-AA6F29EBD925}.Release|Mixed Platforms.Build.0 = Release|x86
		{97330057-C4B3-4F8C-8360-AA6F29EBD925}.Release|x86.ActiveCfg = Release|x86
		{97330057-C4B3-4F8C-8360-AA6F29EBD925}.Release|x86.Build.0 = Release|x86
		{C14C6F19-386A-4A2B-BBB5-0395551D4EF1}.Debug Single-threaded TML|Any CPU.ActiveCfg = Debug|Any CPU
		{C14C6F19-386A-4A2B-BBB5-0395551D4EF1}.Debug Single-threaded TML|Any CPU.Build.0 = Debug|Any CPU
		{C14C6F19-386A-4A2B-BBB5-0395551D4EF1}.Debug Single-threaded TML|Mixed Platforms.ActiveCfg = Debug|Any CPU
		{C14C6F19-386A-4A2B-BBB5-0395551D4EF1}.Debug Single-threaded TML|Mixed Platforms.Build.0 = Debug|Any CPU
		{C14C6F19-386A-4A2B-BBB5-0395551D4EF1}.Debug Single-threaded TML|x86.ActiveCfg = Debug|Any CPU
		{C14C6F19-386A-4A2B-BBB5-0395551D4EF1}.Debug|Any CPU.ActiveCfg = Debug|Any CPU
		{C14C6F19-386A-4A2B-BBB5-0395551D4EF1}.Debug|Any CPU.Build.0 = Debug|Any CPU
		{C14C6F19-386A-4A2B-BBB5-0395551D4EF1}.Debug|Mixed Platforms.ActiveCfg = Debug|Any CPU
		{C14C6F19-386A-4A2B-BBB5-0395551D4EF1}.Debug|Mixed Platforms.Build.0 = Debug|Any CPU
		{C14C6F19-386A-4A2B-BBB5-0395551D4EF1}.Debug|x86.ActiveCfg = Debug|Any CPU
		{C14C6F19-386A-4A2B-BBB5-0395551D4EF1}.Debug|x86.Build.0 = Debug|Any CPU
		{C14C6F19-386A-4A2B-BBB5-0395551D4EF1}.Deployment for XP|Any CPU.ActiveCfg = Debug|Any CPU
		{C14C6F19-386A-4A2B-BBB5-0395551D4EF1}.Deployment for XP|Any CPU.Build.0 = Debug|Any CPU
		{C14C6F19-386A-4A2B-BBB5-0395551D4EF1}.Deployment for XP|Mixed Platforms.ActiveCfg = Debug|Any CPU
		{C14C6F19-386A-4A2B-BBB5-0395551D4EF1}.Deployment for XP|Mixed Platforms.Build.0 = Debug|Any CPU
		{C14C6F19-386A-4A2B-BBB5-0395551D4EF1}.Deployment for XP|x86.ActiveCfg = Debug|Any CPU
		{C14C6F19-386A-4A2B-BBB5-0395551D4EF1}.Deployment|Any CPU.ActiveCfg = Debug|Any CPU
		{C14C6F19-386A-4A2B-BBB5-0395551D4EF1}.Deployment|Any CPU.Build.0 = Debug|Any CPU
		{C14C6F19-386A-4A2B-BBB5-0395551D4EF1}.Deployment|Mixed Platforms.ActiveCfg = Debug|Any CPU
		{C14C6F19-386A-4A2B-BBB5-0395551D4EF1}.Deployment|Mixed Platforms.Build.0 = Debug|Any CPU
		{C14C6F19-386A-4A2B-BBB5-0395551D4EF1}.Deployment|x86.ActiveCfg = Debug|Any CPU
		{C14C6F19-386A-4A2B-BBB5-0395551D4EF1}.HiG Integration|Any CPU.ActiveCfg = HiG Integration|Any CPU
		{C14C6F19-386A-4A2B-BBB5-0395551D4EF1}.HiG Integration|Any CPU.Build.0 = HiG Integration|Any CPU
		{C14C6F19-386A-4A2B-BBB5-0395551D4EF1}.HiG Integration|Mixed Platforms.ActiveCfg = HiG Integration|Any CPU
		{C14C6F19-386A-4A2B-BBB5-0395551D4EF1}.HiG Integration|Mixed Platforms.Build.0 = HiG Integration|Any CPU
		{C14C6F19-386A-4A2B-BBB5-0395551D4EF1}.HiG Integration|x86.ActiveCfg = HiG Integration|Any CPU
		{C14C6F19-386A-4A2B-BBB5-0395551D4EF1}.Release|Any CPU.ActiveCfg = Release|Any CPU
		{C14C6F19-386A-4A2B-BBB5-0395551D4EF1}.Release|Any CPU.Build.0 = Release|Any CPU
		{C14C6F19-386A-4A2B-BBB5-0395551D4EF1}.Release|Mixed Platforms.ActiveCfg = Release|Any CPU
		{C14C6F19-386A-4A2B-BBB5-0395551D4EF1}.Release|Mixed Platforms.Build.0 = Release|Any CPU
		{C14C6F19-386A-4A2B-BBB5-0395551D4EF1}.Release|x86.ActiveCfg = Release|Any CPU
		{17DB2007-B1C0-442F-9229-B34204170EA4}.Debug Single-threaded TML|Any CPU.ActiveCfg = Debug|Any CPU
		{17DB2007-B1C0-442F-9229-B34204170EA4}.Debug Single-threaded TML|Any CPU.Build.0 = Debug|Any CPU
		{17DB2007-B1C0-442F-9229-B34204170EA4}.Debug Single-threaded TML|Mixed Platforms.ActiveCfg = Debug|Any CPU
		{17DB2007-B1C0-442F-9229-B34204170EA4}.Debug Single-threaded TML|Mixed Platforms.Build.0 = Debug|Any CPU
		{17DB2007-B1C0-442F-9229-B34204170EA4}.Debug Single-threaded TML|x86.ActiveCfg = Debug|Any CPU
		{17DB2007-B1C0-442F-9229-B34204170EA4}.Debug|Any CPU.ActiveCfg = Debug|Any CPU
		{17DB2007-B1C0-442F-9229-B34204170EA4}.Debug|Any CPU.Build.0 = Debug|Any CPU
		{17DB2007-B1C0-442F-9229-B34204170EA4}.Debug|Mixed Platforms.ActiveCfg = Debug|Any CPU
		{17DB2007-B1C0-442F-9229-B34204170EA4}.Debug|Mixed Platforms.Build.0 = Debug|Any CPU
		{17DB2007-B1C0-442F-9229-B34204170EA4}.Debug|x86.ActiveCfg = Debug|Any CPU
		{17DB2007-B1C0-442F-9229-B34204170EA4}.Debug|x86.Build.0 = Debug|Any CPU
		{17DB2007-B1C0-442F-9229-B34204170EA4}.Deployment for XP|Any CPU.ActiveCfg = Debug|Any CPU
		{17DB2007-B1C0-442F-9229-B34204170EA4}.Deployment for XP|Any CPU.Build.0 = Debug|Any CPU
		{17DB2007-B1C0-442F-9229-B34204170EA4}.Deployment for XP|Mixed Platforms.ActiveCfg = Debug|Any CPU
		{17DB2007-B1C0-442F-9229-B34204170EA4}.Deployment for XP|Mixed Platforms.Build.0 = Debug|Any CPU
		{17DB2007-B1C0-442F-9229-B34204170EA4}.Deployment for XP|x86.ActiveCfg = Debug|Any CPU
		{17DB2007-B1C0-442F-9229-B34204170EA4}.Deployment|Any CPU.ActiveCfg = Debug|Any CPU
		{17DB2007-B1C0-442F-9229-B34204170EA4}.Deployment|Any CPU.Build.0 = Debug|Any CPU
		{17DB2007-B1C0-442F-9229-B34204170EA4}.Deployment|Mixed Platforms.ActiveCfg = Debug|Any CPU
		{17DB2007-B1C0-442F-9229-B34204170EA4}.Deployment|Mixed Platforms.Build.0 = Debug|Any CPU
		{17DB2007-B1C0-442F-9229-B34204170EA4}.Deployment|x86.ActiveCfg = Debug|Any CPU
		{17DB2007-B1C0-442F-9229-B34204170EA4}.HiG Integration|Any CPU.ActiveCfg = Release|Any CPU
		{17DB2007-B1C0-442F-9229-B34204170EA4}.HiG Integration|Any CPU.Build.0 = Release|Any CPU
		{17DB2007-B1C0-442F-9229-B34204170EA4}.HiG Integration|Mixed Platforms.ActiveCfg = Release|Any CPU
		{17DB2007-B1C0-442F-9229-B34204170EA4}.HiG Integration|Mixed Platforms.Build.0 = Release|Any CPU
		{17DB2007-B1C0-442F-9229-B34204170EA4}.HiG Integration|x86.ActiveCfg = Release|Any CPU
		{17DB2007-B1C0-442F-9229-B34204170EA4}.Release|Any CPU.ActiveCfg = Release|Any CPU
		{17DB2007-B1C0-442F-9229-B34204170EA4}.Release|Any CPU.Build.0 = Release|Any CPU
		{17DB2007-B1C0-442F-9229-B34204170EA4}.Release|Mixed Platforms.ActiveCfg = Release|Any CPU
		{17DB2007-B1C0-442F-9229-B34204170EA4}.Release|Mixed Platforms.Build.0 = Release|Any CPU
		{17DB2007-B1C0-442F-9229-B34204170EA4}.Release|x86.ActiveCfg = Release|Any CPU
		{A15EEC02-60EC-4705-A58B-A6ECD55A9628}.Debug Single-threaded TML|Any CPU.ActiveCfg = Debug|Any CPU
		{A15EEC02-60EC-4705-A58B-A6ECD55A9628}.Debug Single-threaded TML|Any CPU.Build.0 = Debug|Any CPU
		{A15EEC02-60EC-4705-A58B-A6ECD55A9628}.Debug Single-threaded TML|Mixed Platforms.ActiveCfg = Debug|Any CPU
		{A15EEC02-60EC-4705-A58B-A6ECD55A9628}.Debug Single-threaded TML|Mixed Platforms.Build.0 = Debug|Any CPU
		{A15EEC02-60EC-4705-A58B-A6ECD55A9628}.Debug Single-threaded TML|x86.ActiveCfg = Debug|Any CPU
		{A15EEC02-60EC-4705-A58B-A6ECD55A9628}.Debug|Any CPU.ActiveCfg = Debug|Any CPU
		{A15EEC02-60EC-4705-A58B-A6ECD55A9628}.Debug|Any CPU.Build.0 = Debug|Any CPU
		{A15EEC02-60EC-4705-A58B-A6ECD55A9628}.Debug|Mixed Platforms.ActiveCfg = Debug|Any CPU
		{A15EEC02-60EC-4705-A58B-A6ECD55A9628}.Debug|Mixed Platforms.Build.0 = Debug|Any CPU
		{A15EEC02-60EC-4705-A58B-A6ECD55A9628}.Debug|x86.ActiveCfg = Debug|Any CPU
		{A15EEC02-60EC-4705-A58B-A6ECD55A9628}.Debug|x86.Build.0 = Debug|Any CPU
		{A15EEC02-60EC-4705-A58B-A6ECD55A9628}.Deployment for XP|Any CPU.ActiveCfg = Deployment|Any CPU
		{A15EEC02-60EC-4705-A58B-A6ECD55A9628}.Deployment for XP|Any CPU.Build.0 = Deployment|Any CPU
		{A15EEC02-60EC-4705-A58B-A6ECD55A9628}.Deployment for XP|Mixed Platforms.ActiveCfg = Deployment|Any CPU
		{A15EEC02-60EC-4705-A58B-A6ECD55A9628}.Deployment for XP|Mixed Platforms.Build.0 = Deployment|Any CPU
		{A15EEC02-60EC-4705-A58B-A6ECD55A9628}.Deployment for XP|x86.ActiveCfg = Deployment|Any CPU
		{A15EEC02-60EC-4705-A58B-A6ECD55A9628}.Deployment|Any CPU.ActiveCfg = Deployment|Any CPU
		{A15EEC02-60EC-4705-A58B-A6ECD55A9628}.Deployment|Any CPU.Build.0 = Deployment|Any CPU
		{A15EEC02-60EC-4705-A58B-A6ECD55A9628}.Deployment|Mixed Platforms.ActiveCfg = Deployment|Any CPU
		{A15EEC02-60EC-4705-A58B-A6ECD55A9628}.Deployment|Mixed Platforms.Build.0 = Deployment|Any CPU
		{A15EEC02-60EC-4705-A58B-A6ECD55A9628}.Deployment|x86.ActiveCfg = Deployment|Any CPU
		{A15EEC02-60EC-4705-A58B-A6ECD55A9628}.HiG Integration|Any CPU.ActiveCfg = Deployment|Any CPU
		{A15EEC02-60EC-4705-A58B-A6ECD55A9628}.HiG Integration|Any CPU.Build.0 = Deployment|Any CPU
		{A15EEC02-60EC-4705-A58B-A6ECD55A9628}.HiG Integration|Mixed Platforms.ActiveCfg = Deployment|Any CPU
		{A15EEC02-60EC-4705-A58B-A6ECD55A9628}.HiG Integration|Mixed Platforms.Build.0 = Deployment|Any CPU
		{A15EEC02-60EC-4705-A58B-A6ECD55A9628}.HiG Integration|x86.ActiveCfg = Deployment|Any CPU
		{A15EEC02-60EC-4705-A58B-A6ECD55A9628}.Release|Any CPU.ActiveCfg = Release|Any CPU
		{A15EEC02-60EC-4705-A58B-A6ECD55A9628}.Release|Any CPU.Build.0 = Release|Any CPU
		{A15EEC02-60EC-4705-A58B-A6ECD55A9628}.Release|Mixed Platforms.ActiveCfg = Release|Any CPU
		{A15EEC02-60EC-4705-A58B-A6ECD55A9628}.Release|Mixed Platforms.Build.0 = Release|Any CPU
		{A15EEC02-60EC-4705-A58B-A6ECD55A9628}.Release|x86.ActiveCfg = Release|Any CPU
		{F09F5A2A-4337-4A81-8599-B5B0E1E18ED5}.Debug Single-threaded TML|Any CPU.ActiveCfg = Debug|Any CPU
		{F09F5A2A-4337-4A81-8599-B5B0E1E18ED5}.Debug Single-threaded TML|Any CPU.Build.0 = Debug|Any CPU
		{F09F5A2A-4337-4A81-8599-B5B0E1E18ED5}.Debug Single-threaded TML|Mixed Platforms.ActiveCfg = Debug|Any CPU
		{F09F5A2A-4337-4A81-8599-B5B0E1E18ED5}.Debug Single-threaded TML|Mixed Platforms.Build.0 = Debug|Any CPU
		{F09F5A2A-4337-4A81-8599-B5B0E1E18ED5}.Debug Single-threaded TML|x86.ActiveCfg = Debug|Any CPU
		{F09F5A2A-4337-4A81-8599-B5B0E1E18ED5}.Debug|Any CPU.ActiveCfg = Debug|Any CPU
		{F09F5A2A-4337-4A81-8599-B5B0E1E18ED5}.Debug|Any CPU.Build.0 = Debug|Any CPU
		{F09F5A2A-4337-4A81-8599-B5B0E1E18ED5}.Debug|Mixed Platforms.ActiveCfg = Debug|Any CPU
		{F09F5A2A-4337-4A81-8599-B5B0E1E18ED5}.Debug|Mixed Platforms.Build.0 = Debug|Any CPU
		{F09F5A2A-4337-4A81-8599-B5B0E1E18ED5}.Debug|x86.ActiveCfg = Debug|Any CPU
		{F09F5A2A-4337-4A81-8599-B5B0E1E18ED5}.Debug|x86.Build.0 = Debug|Any CPU
		{F09F5A2A-4337-4A81-8599-B5B0E1E18ED5}.Deployment for XP|Any CPU.ActiveCfg = Debug|Any CPU
		{F09F5A2A-4337-4A81-8599-B5B0E1E18ED5}.Deployment for XP|Any CPU.Build.0 = Debug|Any CPU
		{F09F5A2A-4337-4A81-8599-B5B0E1E18ED5}.Deployment for XP|Mixed Platforms.ActiveCfg = Debug|Any CPU
		{F09F5A2A-4337-4A81-8599-B5B0E1E18ED5}.Deployment for XP|Mixed Platforms.Build.0 = Debug|Any CPU
		{F09F5A2A-4337-4A81-8599-B5B0E1E18ED5}.Deployment for XP|x86.ActiveCfg = Debug|Any CPU
		{F09F5A2A-4337-4A81-8599-B5B0E1E18ED5}.Deployment|Any CPU.ActiveCfg = Debug|Any CPU
		{F09F5A2A-4337-4A81-8599-B5B0E1E18ED5}.Deployment|Any CPU.Build.0 = Debug|Any CPU
		{F09F5A2A-4337-4A81-8599-B5B0E1E18ED5}.Deployment|Mixed Platforms.ActiveCfg = Debug|Any CPU
		{F09F5A2A-4337-4A81-8599-B5B0E1E18ED5}.Deployment|Mixed Platforms.Build.0 = Debug|Any CPU
		{F09F5A2A-4337-4A81-8599-B5B0E1E18ED5}.Deployment|x86.ActiveCfg = Debug|Any CPU
		{F09F5A2A-4337-4A81-8599-B5B0E1E18ED5}.HiG Integration|Any CPU.ActiveCfg = Release|Any CPU
		{F09F5A2A-4337-4A81-8599-B5B0E1E18ED5}.HiG Integration|Any CPU.Build.0 = Release|Any CPU
		{F09F5A2A-4337-4A81-8599-B5B0E1E18ED5}.HiG Integration|Mixed Platforms.ActiveCfg = Release|Any CPU
		{F09F5A2A-4337-4A81-8599-B5B0E1E18ED5}.HiG Integration|Mixed Platforms.Build.0 = Release|Any CPU
		{F09F5A2A-4337-4A81-8599-B5B0E1E18ED5}.HiG Integration|x86.ActiveCfg = Release|Any CPU
		{F09F5A2A-4337-4A81-8599-B5B0E1E18ED5}.Release|Any CPU.ActiveCfg = Release|Any CPU
		{F09F5A2A-4337-4A81-8599-B5B0E1E18ED5}.Release|Any CPU.Build.0 = Release|Any CPU
		{F09F5A2A-4337-4A81-8599-B5B0E1E18ED5}.Release|Mixed Platforms.ActiveCfg = Release|Any CPU
		{F09F5A2A-4337-4A81-8599-B5B0E1E18ED5}.Release|Mixed Platforms.Build.0 = Release|Any CPU
		{F09F5A2A-4337-4A81-8599-B5B0E1E18ED5}.Release|x86.ActiveCfg = Release|Any CPU
		{CAEEC669-8001-4F0D-A16A-2CADDDC24E97}.Debug Single-threaded TML|Any CPU.ActiveCfg = Debug|Any CPU
		{CAEEC669-8001-4F0D-A16A-2CADDDC24E97}.Debug Single-threaded TML|Any CPU.Build.0 = Debug|Any CPU
		{CAEEC669-8001-4F0D-A16A-2CADDDC24E97}.Debug Single-threaded TML|Mixed Platforms.ActiveCfg = Debug|Any CPU
		{CAEEC669-8001-4F0D-A16A-2CADDDC24E97}.Debug Single-threaded TML|Mixed Platforms.Build.0 = Debug|Any CPU
		{CAEEC669-8001-4F0D-A16A-2CADDDC24E97}.Debug Single-threaded TML|x86.ActiveCfg = Debug|Any CPU
		{CAEEC669-8001-4F0D-A16A-2CADDDC24E97}.Debug|Any CPU.ActiveCfg = Debug|Any CPU
		{CAEEC669-8001-4F0D-A16A-2CADDDC24E97}.Debug|Any CPU.Build.0 = Debug|Any CPU
		{CAEEC669-8001-4F0D-A16A-2CADDDC24E97}.Debug|Mixed Platforms.ActiveCfg = Debug|Any CPU
		{CAEEC669-8001-4F0D-A16A-2CADDDC24E97}.Debug|Mixed Platforms.Build.0 = Debug|Any CPU
		{CAEEC669-8001-4F0D-A16A-2CADDDC24E97}.Debug|x86.ActiveCfg = Debug|Any CPU
		{CAEEC669-8001-4F0D-A16A-2CADDDC24E97}.Debug|x86.Build.0 = Debug|Any CPU
		{CAEEC669-8001-4F0D-A16A-2CADDDC24E97}.Deployment for XP|Any CPU.ActiveCfg = Debug|Any CPU
		{CAEEC669-8001-4F0D-A16A-2CADDDC24E97}.Deployment for XP|Any CPU.Build.0 = Debug|Any CPU
		{CAEEC669-8001-4F0D-A16A-2CADDDC24E97}.Deployment for XP|Mixed Platforms.ActiveCfg = Debug|Any CPU
		{CAEEC669-8001-4F0D-A16A-2CADDDC24E97}.Deployment for XP|Mixed Platforms.Build.0 = Debug|Any CPU
		{CAEEC669-8001-4F0D-A16A-2CADDDC24E97}.Deployment for XP|x86.ActiveCfg = Debug|Any CPU
		{CAEEC669-8001-4F0D-A16A-2CADDDC24E97}.Deployment|Any CPU.ActiveCfg = Debug|Any CPU
		{CAEEC669-8001-4F0D-A16A-2CADDDC24E97}.Deployment|Any CPU.Build.0 = Debug|Any CPU
		{CAEEC669-8001-4F0D-A16A-2CADDDC24E97}.Deployment|Mixed Platforms.ActiveCfg = Debug|Any CPU
		{CAEEC669-8001-4F0D-A16A-2CADDDC24E97}.Deployment|Mixed Platforms.Build.0 = Debug|Any CPU
		{CAEEC669-8001-4F0D-A16A-2CADDDC24E97}.Deployment|x86.ActiveCfg = Debug|Any CPU
		{CAEEC669-8001-4F0D-A16A-2CADDDC24E97}.HiG Integration|Any CPU.ActiveCfg = Release|Any CPU
		{CAEEC669-8001-4F0D-A16A-2CADDDC24E97}.HiG Integration|Any CPU.Build.0 = Release|Any CPU
		{CAEEC669-8001-4F0D-A16A-2CADDDC24E97}.HiG Integration|Mixed Platforms.ActiveCfg = Release|Any CPU
		{CAEEC669-8001-4F0D-A16A-2CADDDC24E97}.HiG Integration|Mixed Platforms.Build.0 = Release|Any CPU
		{CAEEC669-8001-4F0D-A16A-2CADDDC24E97}.HiG Integration|x86.ActiveCfg = Release|Any CPU
		{CAEEC669-8001-4F0D-A16A-2CADDDC24E97}.Release|Any CPU.ActiveCfg = Release|Any CPU
		{CAEEC669-8001-4F0D-A16A-2CADDDC24E97}.Release|Any CPU.Build.0 = Release|Any CPU
		{CAEEC669-8001-4F0D-A16A-2CADDDC24E97}.Release|Mixed Platforms.ActiveCfg = Release|Any CPU
		{CAEEC669-8001-4F0D-A16A-2CADDDC24E97}.Release|Mixed Platforms.Build.0 = Release|Any CPU
		{CAEEC669-8001-4F0D-A16A-2CADDDC24E97}.Release|x86.ActiveCfg = Release|Any CPU
		{2154A570-D83B-486F-8B95-F3FBEAABE971}.Debug Single-threaded TML|Any CPU.ActiveCfg = Debug|Any CPU
		{2154A570-D83B-486F-8B95-F3FBEAABE971}.Debug Single-threaded TML|Any CPU.Build.0 = Debug|Any CPU
		{2154A570-D83B-486F-8B95-F3FBEAABE971}.Debug Single-threaded TML|Mixed Platforms.ActiveCfg = Debug|Any CPU
		{2154A570-D83B-486F-8B95-F3FBEAABE971}.Debug Single-threaded TML|Mixed Platforms.Build.0 = Debug|Any CPU
		{2154A570-D83B-486F-8B95-F3FBEAABE971}.Debug Single-threaded TML|x86.ActiveCfg = Debug|Any CPU
		{2154A570-D83B-486F-8B95-F3FBEAABE971}.Debug|Any CPU.ActiveCfg = Debug|Any CPU
		{2154A570-D83B-486F-8B95-F3FBEAABE971}.Debug|Any CPU.Build.0 = Debug|Any CPU
		{2154A570-D83B-486F-8B95-F3FBEAABE971}.Debug|Mixed Platforms.ActiveCfg = Debug|Any CPU
		{2154A570-D83B-486F-8B95-F3FBEAABE971}.Debug|Mixed Platforms.Build.0 = Debug|Any CPU
		{2154A570-D83B-486F-8B95-F3FBEAABE971}.Debug|x86.ActiveCfg = Debug|Any CPU
		{2154A570-D83B-486F-8B95-F3FBEAABE971}.Debug|x86.Build.0 = Debug|Any CPU
		{2154A570-D83B-486F-8B95-F3FBEAABE971}.Deployment for XP|Any CPU.ActiveCfg = Debug|Any CPU
		{2154A570-D83B-486F-8B95-F3FBEAABE971}.Deployment for XP|Any CPU.Build.0 = Debug|Any CPU
		{2154A570-D83B-486F-8B95-F3FBEAABE971}.Deployment for XP|Mixed Platforms.ActiveCfg = Debug|Any CPU
		{2154A570-D83B-486F-8B95-F3FBEAABE971}.Deployment for XP|Mixed Platforms.Build.0 = Debug|Any CPU
		{2154A570-D83B-486F-8B95-F3FBEAABE971}.Deployment for XP|x86.ActiveCfg = Debug|Any CPU
		{2154A570-D83B-486F-8B95-F3FBEAABE971}.Deployment|Any CPU.ActiveCfg = Debug|Any CPU
		{2154A570-D83B-486F-8B95-F3FBEAABE971}.Deployment|Any CPU.Build.0 = Debug|Any CPU
		{2154A570-D83B-486F-8B95-F3FBEAABE971}.Deployment|Mixed Platforms.ActiveCfg = Debug|Any CPU
		{2154A570-D83B-486F-8B95-F3FBEAABE971}.Deployment|Mixed Platforms.Build.0 = Debug|Any CPU
		{2154A570-D83B-486F-8B95-F3FBEAABE971}.Deployment|x86.ActiveCfg = Debug|Any CPU
		{2154A570-D83B-486F-8B95-F3FBEAABE971}.HiG Integration|Any CPU.ActiveCfg = Release|Any CPU
		{2154A570-D83B-486F-8B95-F3FBEAABE971}.HiG Integration|Any CPU.Build.0 = Release|Any CPU
		{2154A570-D83B-486F-8B95-F3FBEAABE971}.HiG Integration|Mixed Platforms.ActiveCfg = Release|Any CPU
		{2154A570-D83B-486F-8B95-F3FBEAABE971}.HiG Integration|Mixed Platforms.Build.0 = Release|Any CPU
		{2154A570-D83B-486F-8B95-F3FBEAABE971}.HiG Integration|x86.ActiveCfg = Release|Any CPU
		{2154A570-D83B-486F-8B95-F3FBEAABE971}.Release|Any CPU.ActiveCfg = Release|Any CPU
		{2154A570-D83B-486F-8B95-F3FBEAABE971}.Release|Any CPU.Build.0 = Release|Any CPU
		{2154A570-D83B-486F-8B95-F3FBEAABE971}.Release|Mixed Platforms.ActiveCfg = Release|Any CPU
		{2154A570-D83B-486F-8B95-F3FBEAABE971}.Release|Mixed Platforms.Build.0 = Release|Any CPU
		{2154A570-D83B-486F-8B95-F3FBEAABE971}.Release|x86.ActiveCfg = Release|Any CPU
		{B9EF0535-0EA5-410F-B90D-8B7B71861237}.Debug Single-threaded TML|Any CPU.ActiveCfg = Debug|Any CPU
		{B9EF0535-0EA5-410F-B90D-8B7B71861237}.Debug Single-threaded TML|Any CPU.Build.0 = Debug|Any CPU
		{B9EF0535-0EA5-410F-B90D-8B7B71861237}.Debug Single-threaded TML|Mixed Platforms.ActiveCfg = Debug|Any CPU
		{B9EF0535-0EA5-410F-B90D-8B7B71861237}.Debug Single-threaded TML|Mixed Platforms.Build.0 = Debug|Any CPU
		{B9EF0535-0EA5-410F-B90D-8B7B71861237}.Debug Single-threaded TML|x86.ActiveCfg = Debug|Any CPU
		{B9EF0535-0EA5-410F-B90D-8B7B71861237}.Debug|Any CPU.ActiveCfg = Debug|Any CPU
		{B9EF0535-0EA5-410F-B90D-8B7B71861237}.Debug|Any CPU.Build.0 = Debug|Any CPU
		{B9EF0535-0EA5-410F-B90D-8B7B71861237}.Debug|Mixed Platforms.ActiveCfg = Debug|Any CPU
		{B9EF0535-0EA5-410F-B90D-8B7B71861237}.Debug|Mixed Platforms.Build.0 = Debug|Any CPU
		{B9EF0535-0EA5-410F-B90D-8B7B71861237}.Debug|x86.ActiveCfg = Debug|Any CPU
		{B9EF0535-0EA5-410F-B90D-8B7B71861237}.Debug|x86.Build.0 = Debug|Any CPU
		{B9EF0535-0EA5-410F-B90D-8B7B71861237}.Deployment for XP|Any CPU.ActiveCfg = Debug|Any CPU
		{B9EF0535-0EA5-410F-B90D-8B7B71861237}.Deployment for XP|Any CPU.Build.0 = Debug|Any CPU
		{B9EF0535-0EA5-410F-B90D-8B7B71861237}.Deployment for XP|Mixed Platforms.ActiveCfg = Debug|Any CPU
		{B9EF0535-0EA5-410F-B90D-8B7B71861237}.Deployment for XP|Mixed Platforms.Build.0 = Debug|Any CPU
		{B9EF0535-0EA5-410F-B90D-8B7B71861237}.Deployment for XP|x86.ActiveCfg = Debug|Any CPU
		{B9EF0535-0EA5-410F-B90D-8B7B71861237}.Deployment|Any CPU.ActiveCfg = Debug|Any CPU
		{B9EF0535-0EA5-410F-B90D-8B7B71861237}.Deployment|Any CPU.Build.0 = Debug|Any CPU
		{B9EF0535-0EA5-410F-B90D-8B7B71861237}.Deployment|Mixed Platforms.ActiveCfg = Debug|Any CPU
		{B9EF0535-0EA5-410F-B90D-8B7B71861237}.Deployment|Mixed Platforms.Build.0 = Debug|Any CPU
		{B9EF0535-0EA5-410F-B90D-8B7B71861237}.Deployment|x86.ActiveCfg = Debug|Any CPU
		{B9EF0535-0EA5-410F-B90D-8B7B71861237}.HiG Integration|Any CPU.ActiveCfg = Release|Any CPU
		{B9EF0535-0EA5-410F-B90D-8B7B71861237}.HiG Integration|Any CPU.Build.0 = Release|Any CPU
		{B9EF0535-0EA5-410F-B90D-8B7B71861237}.HiG Integration|Mixed Platforms.ActiveCfg = Release|Any CPU
		{B9EF0535-0EA5-410F-B90D-8B7B71861237}.HiG Integration|Mixed Platforms.Build.0 = Release|Any CPU
		{B9EF0535-0EA5-410F-B90D-8B7B71861237}.HiG Integration|x86.ActiveCfg = Release|Any CPU
		{B9EF0535-0EA5-410F-B90D-8B7B71861237}.Release|Any CPU.ActiveCfg = Release|Any CPU
		{B9EF0535-0EA5-410F-B90D-8B7B71861237}.Release|Any CPU.Build.0 = Release|Any CPU
		{B9EF0535-0EA5-410F-B90D-8B7B71861237}.Release|Mixed Platforms.ActiveCfg = Release|Any CPU
		{B9EF0535-0EA5-410F-B90D-8B7B71861237}.Release|Mixed Platforms.Build.0 = Release|Any CPU
		{B9EF0535-0EA5-410F-B90D-8B7B71861237}.Release|x86.ActiveCfg = Release|Any CPU
		{75607E88-161B-47E3-8D85-5289E0BD6394}.Debug Single-threaded TML|Any CPU.ActiveCfg = Debug|Any CPU
		{75607E88-161B-47E3-8D85-5289E0BD6394}.Debug Single-threaded TML|Any CPU.Build.0 = Debug|Any CPU
		{75607E88-161B-47E3-8D85-5289E0BD6394}.Debug Single-threaded TML|Mixed Platforms.ActiveCfg = Debug|Any CPU
		{75607E88-161B-47E3-8D85-5289E0BD6394}.Debug Single-threaded TML|Mixed Platforms.Build.0 = Debug|Any CPU
		{75607E88-161B-47E3-8D85-5289E0BD6394}.Debug Single-threaded TML|x86.ActiveCfg = Debug|Any CPU
		{75607E88-161B-47E3-8D85-5289E0BD6394}.Debug|Any CPU.ActiveCfg = Debug|Any CPU
		{75607E88-161B-47E3-8D85-5289E0BD6394}.Debug|Any CPU.Build.0 = Debug|Any CPU
		{75607E88-161B-47E3-8D85-5289E0BD6394}.Debug|Mixed Platforms.ActiveCfg = Debug|Any CPU
		{75607E88-161B-47E3-8D85-5289E0BD6394}.Debug|Mixed Platforms.Build.0 = Debug|Any CPU
		{75607E88-161B-47E3-8D85-5289E0BD6394}.Debug|x86.ActiveCfg = Debug|Any CPU
		{75607E88-161B-47E3-8D85-5289E0BD6394}.Debug|x86.Build.0 = Debug|Any CPU
		{75607E88-161B-47E3-8D85-5289E0BD6394}.Deployment for XP|Any CPU.ActiveCfg = Debug|Any CPU
		{75607E88-161B-47E3-8D85-5289E0BD6394}.Deployment for XP|Any CPU.Build.0 = Debug|Any CPU
		{75607E88-161B-47E3-8D85-5289E0BD6394}.Deployment for XP|Mixed Platforms.ActiveCfg = Debug|Any CPU
		{75607E88-161B-47E3-8D85-5289E0BD6394}.Deployment for XP|Mixed Platforms.Build.0 = Debug|Any CPU
		{75607E88-161B-47E3-8D85-5289E0BD6394}.Deployment for XP|x86.ActiveCfg = Debug|Any CPU
		{75607E88-161B-47E3-8D85-5289E0BD6394}.Deployment|Any CPU.ActiveCfg = Debug|Any CPU
		{75607E88-161B-47E3-8D85-5289E0BD6394}.Deployment|Any CPU.Build.0 = Debug|Any CPU
		{75607E88-161B-47E3-8D85-5289E0BD6394}.Deployment|Mixed Platforms.ActiveCfg = Debug|Any CPU
		{75607E88-161B-47E3-8D85-5289E0BD6394}.Deployment|Mixed Platforms.Build.0 = Debug|Any CPU
		{75607E88-161B-47E3-8D85-5289E0BD6394}.Deployment|x86.ActiveCfg = Debug|Any CPU
		{75607E88-161B-47E3-8D85-5289E0BD6394}.HiG Integration|Any CPU.ActiveCfg = Release|Any CPU
		{75607E88-161B-47E3-8D85-5289E0BD6394}.HiG Integration|Any CPU.Build.0 = Release|Any CPU
		{75607E88-161B-47E3-8D85-5289E0BD6394}.HiG Integration|Mixed Platforms.ActiveCfg = Release|Any CPU
		{75607E88-161B-47E3-8D85-5289E0BD6394}.HiG Integration|Mixed Platforms.Build.0 = Release|Any CPU
		{75607E88-161B-47E3-8D85-5289E0BD6394}.HiG Integration|x86.ActiveCfg = Release|Any CPU
		{75607E88-161B-47E3-8D85-5289E0BD6394}.Release|Any CPU.ActiveCfg = Release|Any CPU
		{75607E88-161B-47E3-8D85-5289E0BD6394}.Release|Any CPU.Build.0 = Release|Any CPU
		{75607E88-161B-47E3-8D85-5289E0BD6394}.Release|Mixed Platforms.ActiveCfg = Release|Any CPU
		{75607E88-161B-47E3-8D85-5289E0BD6394}.Release|Mixed Platforms.Build.0 = Release|Any CPU
		{75607E88-161B-47E3-8D85-5289E0BD6394}.Release|x86.ActiveCfg = Release|Any CPU
		{0E73947B-BE6E-4949-9F53-B4479DD3682C}.Debug Single-threaded TML|Any CPU.ActiveCfg = Debug|Any CPU
		{0E73947B-BE6E-4949-9F53-B4479DD3682C}.Debug Single-threaded TML|Any CPU.Build.0 = Debug|Any CPU
		{0E73947B-BE6E-4949-9F53-B4479DD3682C}.Debug Single-threaded TML|Mixed Platforms.ActiveCfg = Debug|Any CPU
		{0E73947B-BE6E-4949-9F53-B4479DD3682C}.Debug Single-threaded TML|Mixed Platforms.Build.0 = Debug|Any CPU
		{0E73947B-BE6E-4949-9F53-B4479DD3682C}.Debug Single-threaded TML|x86.ActiveCfg = Debug|Any CPU
		{0E73947B-BE6E-4949-9F53-B4479DD3682C}.Debug|Any CPU.ActiveCfg = Debug|Any CPU
		{0E73947B-BE6E-4949-9F53-B4479DD3682C}.Debug|Any CPU.Build.0 = Debug|Any CPU
		{0E73947B-BE6E-4949-9F53-B4479DD3682C}.Debug|Mixed Platforms.ActiveCfg = Debug|Any CPU
		{0E73947B-BE6E-4949-9F53-B4479DD3682C}.Debug|Mixed Platforms.Build.0 = Debug|Any CPU
		{0E73947B-BE6E-4949-9F53-B4479DD3682C}.Debug|x86.ActiveCfg = Debug|Any CPU
		{0E73947B-BE6E-4949-9F53-B4479DD3682C}.Debug|x86.Build.0 = Debug|Any CPU
		{0E73947B-BE6E-4949-9F53-B4479DD3682C}.Deployment for XP|Any CPU.ActiveCfg = Debug|Any CPU
		{0E73947B-BE6E-4949-9F53-B4479DD3682C}.Deployment for XP|Any CPU.Build.0 = Debug|Any CPU
		{0E73947B-BE6E-4949-9F53-B4479DD3682C}.Deployment for XP|Mixed Platforms.ActiveCfg = Debug|Any CPU
		{0E73947B-BE6E-4949-9F53-B4479DD3682C}.Deployment for XP|Mixed Platforms.Build.0 = Debug|Any CPU
		{0E73947B-BE6E-4949-9F53-B4479DD3682C}.Deployment for XP|x86.ActiveCfg = Debug|Any CPU
		{0E73947B-BE6E-4949-9F53-B4479DD3682C}.Deployment|Any CPU.ActiveCfg = Debug|Any CPU
		{0E73947B-BE6E-4949-9F53-B4479DD3682C}.Deployment|Any CPU.Build.0 = Debug|Any CPU
		{0E73947B-BE6E-4949-9F53-B4479DD3682C}.Deployment|Mixed Platforms.ActiveCfg = Debug|Any CPU
		{0E73947B-BE6E-4949-9F53-B4479DD3682C}.Deployment|Mixed Platforms.Build.0 = Debug|Any CPU
		{0E73947B-BE6E-4949-9F53-B4479DD3682C}.Deployment|x86.ActiveCfg = Debug|Any CPU
		{0E73947B-BE6E-4949-9F53-B4479DD3682C}.HiG Integration|Any CPU.ActiveCfg = Release|Any CPU
		{0E73947B-BE6E-4949-9F53-B4479DD3682C}.HiG Integration|Any CPU.Build.0 = Release|Any CPU
		{0E73947B-BE6E-4949-9F53-B4479DD3682C}.HiG Integration|Mixed Platforms.ActiveCfg = Release|Any CPU
		{0E73947B-BE6E-4949-9F53-B4479DD3682C}.HiG Integration|Mixed Platforms.Build.0 = Release|Any CPU
		{0E73947B-BE6E-4949-9F53-B4479DD3682C}.HiG Integration|x86.ActiveCfg = Release|Any CPU
		{0E73947B-BE6E-4949-9F53-B4479DD3682C}.Release|Any CPU.ActiveCfg = Release|Any CPU
		{0E73947B-BE6E-4949-9F53-B4479DD3682C}.Release|Any CPU.Build.0 = Release|Any CPU
		{0E73947B-BE6E-4949-9F53-B4479DD3682C}.Release|Mixed Platforms.ActiveCfg = Release|Any CPU
		{0E73947B-BE6E-4949-9F53-B4479DD3682C}.Release|Mixed Platforms.Build.0 = Release|Any CPU
		{0E73947B-BE6E-4949-9F53-B4479DD3682C}.Release|x86.ActiveCfg = Release|Any CPU
		{A2B509A4-B734-4CBE-B4B2-A39F5ADADBF3}.Debug Single-threaded TML|Any CPU.ActiveCfg = Debug|Any CPU
		{A2B509A4-B734-4CBE-B4B2-A39F5ADADBF3}.Debug Single-threaded TML|Any CPU.Build.0 = Debug|Any CPU
		{A2B509A4-B734-4CBE-B4B2-A39F5ADADBF3}.Debug Single-threaded TML|Mixed Platforms.ActiveCfg = Debug|Any CPU
		{A2B509A4-B734-4CBE-B4B2-A39F5ADADBF3}.Debug Single-threaded TML|Mixed Platforms.Build.0 = Debug|Any CPU
		{A2B509A4-B734-4CBE-B4B2-A39F5ADADBF3}.Debug Single-threaded TML|x86.ActiveCfg = Debug|Any CPU
		{A2B509A4-B734-4CBE-B4B2-A39F5ADADBF3}.Debug|Any CPU.ActiveCfg = Debug|Any CPU
		{A2B509A4-B734-4CBE-B4B2-A39F5ADADBF3}.Debug|Any CPU.Build.0 = Debug|Any CPU
		{A2B509A4-B734-4CBE-B4B2-A39F5ADADBF3}.Debug|Mixed Platforms.ActiveCfg = Debug|Any CPU
		{A2B509A4-B734-4CBE-B4B2-A39F5ADADBF3}.Debug|Mixed Platforms.Build.0 = Debug|Any CPU
		{A2B509A4-B734-4CBE-B4B2-A39F5ADADBF3}.Debug|x86.ActiveCfg = Debug|Any CPU
		{A2B509A4-B734-4CBE-B4B2-A39F5ADADBF3}.Debug|x86.Build.0 = Debug|Any CPU
		{A2B509A4-B734-4CBE-B4B2-A39F5ADADBF3}.Deployment for XP|Any CPU.ActiveCfg = Debug|Any CPU
		{A2B509A4-B734-4CBE-B4B2-A39F5ADADBF3}.Deployment for XP|Any CPU.Build.0 = Debug|Any CPU
		{A2B509A4-B734-4CBE-B4B2-A39F5ADADBF3}.Deployment for XP|Mixed Platforms.ActiveCfg = Debug|Any CPU
		{A2B509A4-B734-4CBE-B4B2-A39F5ADADBF3}.Deployment for XP|Mixed Platforms.Build.0 = Debug|Any CPU
		{A2B509A4-B734-4CBE-B4B2-A39F5ADADBF3}.Deployment for XP|x86.ActiveCfg = Debug|Any CPU
		{A2B509A4-B734-4CBE-B4B2-A39F5ADADBF3}.Deployment|Any CPU.ActiveCfg = Debug|Any CPU
		{A2B509A4-B734-4CBE-B4B2-A39F5ADADBF3}.Deployment|Any CPU.Build.0 = Debug|Any CPU
		{A2B509A4-B734-4CBE-B4B2-A39F5ADADBF3}.Deployment|Mixed Platforms.ActiveCfg = Debug|Any CPU
		{A2B509A4-B734-4CBE-B4B2-A39F5ADADBF3}.Deployment|Mixed Platforms.Build.0 = Debug|Any CPU
		{A2B509A4-B734-4CBE-B4B2-A39F5ADADBF3}.Deployment|x86.ActiveCfg = Debug|Any CPU
		{A2B509A4-B734-4CBE-B4B2-A39F5ADADBF3}.HiG Integration|Any CPU.ActiveCfg = Release|Any CPU
		{A2B509A4-B734-4CBE-B4B2-A39F5ADADBF3}.HiG Integration|Any CPU.Build.0 = Release|Any CPU
		{A2B509A4-B734-4CBE-B4B2-A39F5ADADBF3}.HiG Integration|Mixed Platforms.ActiveCfg = Release|Any CPU
		{A2B509A4-B734-4CBE-B4B2-A39F5ADADBF3}.HiG Integration|Mixed Platforms.Build.0 = Release|Any CPU
		{A2B509A4-B734-4CBE-B4B2-A39F5ADADBF3}.HiG Integration|x86.ActiveCfg = Release|Any CPU
		{A2B509A4-B734-4CBE-B4B2-A39F5ADADBF3}.Release|Any CPU.ActiveCfg = Release|Any CPU
		{A2B509A4-B734-4CBE-B4B2-A39F5ADADBF3}.Release|Any CPU.Build.0 = Release|Any CPU
		{A2B509A4-B734-4CBE-B4B2-A39F5ADADBF3}.Release|Mixed Platforms.ActiveCfg = Release|Any CPU
		{A2B509A4-B734-4CBE-B4B2-A39F5ADADBF3}.Release|Mixed Platforms.Build.0 = Release|Any CPU
		{A2B509A4-B734-4CBE-B4B2-A39F5ADADBF3}.Release|x86.ActiveCfg = Release|Any CPU
		{69A5ACD4-AA27-47C7-B095-D52B249DF3A5}.Debug Single-threaded TML|Any CPU.ActiveCfg = Debug|Any CPU
		{69A5ACD4-AA27-47C7-B095-D52B249DF3A5}.Debug Single-threaded TML|Any CPU.Build.0 = Debug|Any CPU
		{69A5ACD4-AA27-47C7-B095-D52B249DF3A5}.Debug Single-threaded TML|Mixed Platforms.ActiveCfg = Debug|Any CPU
		{69A5ACD4-AA27-47C7-B095-D52B249DF3A5}.Debug Single-threaded TML|Mixed Platforms.Build.0 = Debug|Any CPU
		{69A5ACD4-AA27-47C7-B095-D52B249DF3A5}.Debug Single-threaded TML|x86.ActiveCfg = Debug|Any CPU
		{69A5ACD4-AA27-47C7-B095-D52B249DF3A5}.Debug|Any CPU.ActiveCfg = Debug|Any CPU
		{69A5ACD4-AA27-47C7-B095-D52B249DF3A5}.Debug|Any CPU.Build.0 = Debug|Any CPU
		{69A5ACD4-AA27-47C7-B095-D52B249DF3A5}.Debug|Mixed Platforms.ActiveCfg = Debug|Any CPU
		{69A5ACD4-AA27-47C7-B095-D52B249DF3A5}.Debug|Mixed Platforms.Build.0 = Debug|Any CPU
		{69A5ACD4-AA27-47C7-B095-D52B249DF3A5}.Debug|x86.ActiveCfg = Debug|Any CPU
		{69A5ACD4-AA27-47C7-B095-D52B249DF3A5}.Debug|x86.Build.0 = Debug|Any CPU
		{69A5ACD4-AA27-47C7-B095-D52B249DF3A5}.Deployment for XP|Any CPU.ActiveCfg = Debug|Any CPU
		{69A5ACD4-AA27-47C7-B095-D52B249DF3A5}.Deployment for XP|Any CPU.Build.0 = Debug|Any CPU
		{69A5ACD4-AA27-47C7-B095-D52B249DF3A5}.Deployment for XP|Mixed Platforms.ActiveCfg = Debug|Any CPU
		{69A5ACD4-AA27-47C7-B095-D52B249DF3A5}.Deployment for XP|Mixed Platforms.Build.0 = Debug|Any CPU
		{69A5ACD4-AA27-47C7-B095-D52B249DF3A5}.Deployment for XP|x86.ActiveCfg = Debug|Any CPU
		{69A5ACD4-AA27-47C7-B095-D52B249DF3A5}.Deployment|Any CPU.ActiveCfg = Debug|Any CPU
		{69A5ACD4-AA27-47C7-B095-D52B249DF3A5}.Deployment|Any CPU.Build.0 = Debug|Any CPU
		{69A5ACD4-AA27-47C7-B095-D52B249DF3A5}.Deployment|Mixed Platforms.ActiveCfg = Debug|Any CPU
		{69A5ACD4-AA27-47C7-B095-D52B249DF3A5}.Deployment|Mixed Platforms.Build.0 = Debug|Any CPU
		{69A5ACD4-AA27-47C7-B095-D52B249DF3A5}.Deployment|x86.ActiveCfg = Debug|Any CPU
		{69A5ACD4-AA27-47C7-B095-D52B249DF3A5}.HiG Integration|Any CPU.ActiveCfg = Release|Any CPU
		{69A5ACD4-AA27-47C7-B095-D52B249DF3A5}.HiG Integration|Any CPU.Build.0 = Release|Any CPU
		{69A5ACD4-AA27-47C7-B095-D52B249DF3A5}.HiG Integration|Mixed Platforms.ActiveCfg = Release|Any CPU
		{69A5ACD4-AA27-47C7-B095-D52B249DF3A5}.HiG Integration|Mixed Platforms.Build.0 = Release|Any CPU
		{69A5ACD4-AA27-47C7-B095-D52B249DF3A5}.HiG Integration|x86.ActiveCfg = Release|Any CPU
		{69A5ACD4-AA27-47C7-B095-D52B249DF3A5}.Release|Any CPU.ActiveCfg = Release|Any CPU
		{69A5ACD4-AA27-47C7-B095-D52B249DF3A5}.Release|Any CPU.Build.0 = Release|Any CPU
		{69A5ACD4-AA27-47C7-B095-D52B249DF3A5}.Release|Mixed Platforms.ActiveCfg = Release|Any CPU
		{69A5ACD4-AA27-47C7-B095-D52B249DF3A5}.Release|Mixed Platforms.Build.0 = Release|Any CPU
		{69A5ACD4-AA27-47C7-B095-D52B249DF3A5}.Release|x86.ActiveCfg = Release|Any CPU
		{96B9F9BF-63FD-43BE-A65F-F68D314129AF}.Debug Single-threaded TML|Any CPU.ActiveCfg = Debug|Any CPU
		{96B9F9BF-63FD-43BE-A65F-F68D314129AF}.Debug Single-threaded TML|Any CPU.Build.0 = Debug|Any CPU
		{96B9F9BF-63FD-43BE-A65F-F68D314129AF}.Debug Single-threaded TML|Mixed Platforms.ActiveCfg = Debug|Any CPU
		{96B9F9BF-63FD-43BE-A65F-F68D314129AF}.Debug Single-threaded TML|Mixed Platforms.Build.0 = Debug|Any CPU
		{96B9F9BF-63FD-43BE-A65F-F68D314129AF}.Debug Single-threaded TML|x86.ActiveCfg = Debug|Any CPU
		{96B9F9BF-63FD-43BE-A65F-F68D314129AF}.Debug|Any CPU.ActiveCfg = Debug|Any CPU
		{96B9F9BF-63FD-43BE-A65F-F68D314129AF}.Debug|Any CPU.Build.0 = Debug|Any CPU
		{96B9F9BF-63FD-43BE-A65F-F68D314129AF}.Debug|Mixed Platforms.ActiveCfg = Debug|Any CPU
		{96B9F9BF-63FD-43BE-A65F-F68D314129AF}.Debug|Mixed Platforms.Build.0 = Debug|Any CPU
		{96B9F9BF-63FD-43BE-A65F-F68D314129AF}.Debug|x86.ActiveCfg = Debug|Any CPU
		{96B9F9BF-63FD-43BE-A65F-F68D314129AF}.Debug|x86.Build.0 = Debug|Any CPU
		{96B9F9BF-63FD-43BE-A65F-F68D314129AF}.Deployment for XP|Any CPU.ActiveCfg = Debug|Any CPU
		{96B9F9BF-63FD-43BE-A65F-F68D314129AF}.Deployment for XP|Any CPU.Build.0 = Debug|Any CPU
		{96B9F9BF-63FD-43BE-A65F-F68D314129AF}.Deployment for XP|Mixed Platforms.ActiveCfg = Debug|Any CPU
		{96B9F9BF-63FD-43BE-A65F-F68D314129AF}.Deployment for XP|Mixed Platforms.Build.0 = Debug|Any CPU
		{96B9F9BF-63FD-43BE-A65F-F68D314129AF}.Deployment for XP|x86.ActiveCfg = Debug|Any CPU
		{96B9F9BF-63FD-43BE-A65F-F68D314129AF}.Deployment|Any CPU.ActiveCfg = Debug|Any CPU
		{96B9F9BF-63FD-43BE-A65F-F68D314129AF}.Deployment|Any CPU.Build.0 = Debug|Any CPU
		{96B9F9BF-63FD-43BE-A65F-F68D314129AF}.Deployment|Mixed Platforms.ActiveCfg = Debug|Any CPU
		{96B9F9BF-63FD-43BE-A65F-F68D314129AF}.Deployment|Mixed Platforms.Build.0 = Debug|Any CPU
		{96B9F9BF-63FD-43BE-A65F-F68D314129AF}.Deployment|x86.ActiveCfg = Debug|Any CPU
		{96B9F9BF-63FD-43BE-A65F-F68D314129AF}.HiG Integration|Any CPU.ActiveCfg = Release|Any CPU
		{96B9F9BF-63FD-43BE-A65F-F68D314129AF}.HiG Integration|Any CPU.Build.0 = Release|Any CPU
		{96B9F9BF-63FD-43BE-A65F-F68D314129AF}.HiG Integration|Mixed Platforms.ActiveCfg = Release|Any CPU
		{96B9F9BF-63FD-43BE-A65F-F68D314129AF}.HiG Integration|Mixed Platforms.Build.0 = Release|Any CPU
		{96B9F9BF-63FD-43BE-A65F-F68D314129AF}.HiG Integration|x86.ActiveCfg = Release|Any CPU
		{96B9F9BF-63FD-43BE-A65F-F68D314129AF}.Release|Any CPU.ActiveCfg = Release|Any CPU
		{96B9F9BF-63FD-43BE-A65F-F68D314129AF}.Release|Any CPU.Build.0 = Release|Any CPU
		{96B9F9BF-63FD-43BE-A65F-F68D314129AF}.Release|Mixed Platforms.ActiveCfg = Release|Any CPU
		{96B9F9BF-63FD-43BE-A65F-F68D314129AF}.Release|Mixed Platforms.Build.0 = Release|Any CPU
		{96B9F9BF-63FD-43BE-A65F-F68D314129AF}.Release|x86.ActiveCfg = Release|Any CPU
		{10273A0D-94F9-4E65-9165-9A7A1215FE99}.Debug Single-threaded TML|Any CPU.ActiveCfg = Debug|Any CPU
		{10273A0D-94F9-4E65-9165-9A7A1215FE99}.Debug Single-threaded TML|Any CPU.Build.0 = Debug|Any CPU
		{10273A0D-94F9-4E65-9165-9A7A1215FE99}.Debug Single-threaded TML|Mixed Platforms.ActiveCfg = Debug|Any CPU
		{10273A0D-94F9-4E65-9165-9A7A1215FE99}.Debug Single-threaded TML|Mixed Platforms.Build.0 = Debug|Any CPU
		{10273A0D-94F9-4E65-9165-9A7A1215FE99}.Debug Single-threaded TML|x86.ActiveCfg = Debug|Any CPU
		{10273A0D-94F9-4E65-9165-9A7A1215FE99}.Debug|Any CPU.ActiveCfg = Debug|Any CPU
		{10273A0D-94F9-4E65-9165-9A7A1215FE99}.Debug|Any CPU.Build.0 = Debug|Any CPU
		{10273A0D-94F9-4E65-9165-9A7A1215FE99}.Debug|Mixed Platforms.ActiveCfg = Debug|Any CPU
		{10273A0D-94F9-4E65-9165-9A7A1215FE99}.Debug|Mixed Platforms.Build.0 = Debug|Any CPU
		{10273A0D-94F9-4E65-9165-9A7A1215FE99}.Debug|x86.ActiveCfg = Debug|Any CPU
		{10273A0D-94F9-4E65-9165-9A7A1215FE99}.Debug|x86.Build.0 = Debug|Any CPU
		{10273A0D-94F9-4E65-9165-9A7A1215FE99}.Deployment for XP|Any CPU.ActiveCfg = Debug|Any CPU
		{10273A0D-94F9-4E65-9165-9A7A1215FE99}.Deployment for XP|Any CPU.Build.0 = Debug|Any CPU
		{10273A0D-94F9-4E65-9165-9A7A1215FE99}.Deployment for XP|Mixed Platforms.ActiveCfg = Debug|Any CPU
		{10273A0D-94F9-4E65-9165-9A7A1215FE99}.Deployment for XP|Mixed Platforms.Build.0 = Debug|Any CPU
		{10273A0D-94F9-4E65-9165-9A7A1215FE99}.Deployment for XP|x86.ActiveCfg = Debug|Any CPU
		{10273A0D-94F9-4E65-9165-9A7A1215FE99}.Deployment|Any CPU.ActiveCfg = Debug|Any CPU
		{10273A0D-94F9-4E65-9165-9A7A1215FE99}.Deployment|Any CPU.Build.0 = Debug|Any CPU
		{10273A0D-94F9-4E65-9165-9A7A1215FE99}.Deployment|Mixed Platforms.ActiveCfg = Debug|Any CPU
		{10273A0D-94F9-4E65-9165-9A7A1215FE99}.Deployment|Mixed Platforms.Build.0 = Debug|Any CPU
		{10273A0D-94F9-4E65-9165-9A7A1215FE99}.Deployment|x86.ActiveCfg = Debug|Any CPU
		{10273A0D-94F9-4E65-9165-9A7A1215FE99}.HiG Integration|Any CPU.ActiveCfg = Release|Any CPU
		{10273A0D-94F9-4E65-9165-9A7A1215FE99}.HiG Integration|Any CPU.Build.0 = Release|Any CPU
		{10273A0D-94F9-4E65-9165-9A7A1215FE99}.HiG Integration|Mixed Platforms.ActiveCfg = Release|Any CPU
		{10273A0D-94F9-4E65-9165-9A7A1215FE99}.HiG Integration|Mixed Platforms.Build.0 = Release|Any CPU
		{10273A0D-94F9-4E65-9165-9A7A1215FE99}.HiG Integration|x86.ActiveCfg = Release|Any CPU
		{10273A0D-94F9-4E65-9165-9A7A1215FE99}.Release|Any CPU.ActiveCfg = Release|Any CPU
		{10273A0D-94F9-4E65-9165-9A7A1215FE99}.Release|Any CPU.Build.0 = Release|Any CPU
		{10273A0D-94F9-4E65-9165-9A7A1215FE99}.Release|Mixed Platforms.ActiveCfg = Release|Any CPU
		{10273A0D-94F9-4E65-9165-9A7A1215FE99}.Release|Mixed Platforms.Build.0 = Release|Any CPU
		{10273A0D-94F9-4E65-9165-9A7A1215FE99}.Release|x86.ActiveCfg = Release|Any CPU
		{A26AF0A4-9532-40CB-9554-A9510467636F}.Debug Single-threaded TML|Any CPU.ActiveCfg = Debug|Any CPU
		{A26AF0A4-9532-40CB-9554-A9510467636F}.Debug Single-threaded TML|Any CPU.Build.0 = Debug|Any CPU
		{A26AF0A4-9532-40CB-9554-A9510467636F}.Debug Single-threaded TML|Mixed Platforms.ActiveCfg = Debug|Any CPU
		{A26AF0A4-9532-40CB-9554-A9510467636F}.Debug Single-threaded TML|Mixed Platforms.Build.0 = Debug|Any CPU
		{A26AF0A4-9532-40CB-9554-A9510467636F}.Debug Single-threaded TML|x86.ActiveCfg = Debug|Any CPU
		{A26AF0A4-9532-40CB-9554-A9510467636F}.Debug|Any CPU.ActiveCfg = Debug|Any CPU
		{A26AF0A4-9532-40CB-9554-A9510467636F}.Debug|Any CPU.Build.0 = Debug|Any CPU
		{A26AF0A4-9532-40CB-9554-A9510467636F}.Debug|Mixed Platforms.ActiveCfg = Debug|Any CPU
		{A26AF0A4-9532-40CB-9554-A9510467636F}.Debug|Mixed Platforms.Build.0 = Debug|Any CPU
		{A26AF0A4-9532-40CB-9554-A9510467636F}.Debug|x86.ActiveCfg = Debug|Any CPU
		{A26AF0A4-9532-40CB-9554-A9510467636F}.Debug|x86.Build.0 = Debug|Any CPU
		{A26AF0A4-9532-40CB-9554-A9510467636F}.Deployment for XP|Any CPU.ActiveCfg = Debug|Any CPU
		{A26AF0A4-9532-40CB-9554-A9510467636F}.Deployment for XP|Any CPU.Build.0 = Debug|Any CPU
		{A26AF0A4-9532-40CB-9554-A9510467636F}.Deployment for XP|Mixed Platforms.ActiveCfg = Debug|Any CPU
		{A26AF0A4-9532-40CB-9554-A9510467636F}.Deployment for XP|Mixed Platforms.Build.0 = Debug|Any CPU
		{A26AF0A4-9532-40CB-9554-A9510467636F}.Deployment for XP|x86.ActiveCfg = Debug|Any CPU
		{A26AF0A4-9532-40CB-9554-A9510467636F}.Deployment|Any CPU.ActiveCfg = Debug|Any CPU
		{A26AF0A4-9532-40CB-9554-A9510467636F}.Deployment|Any CPU.Build.0 = Debug|Any CPU
		{A26AF0A4-9532-40CB-9554-A9510467636F}.Deployment|Mixed Platforms.ActiveCfg = Debug|Any CPU
		{A26AF0A4-9532-40CB-9554-A9510467636F}.Deployment|Mixed Platforms.Build.0 = Debug|Any CPU
		{A26AF0A4-9532-40CB-9554-A9510467636F}.Deployment|x86.ActiveCfg = Debug|Any CPU
		{A26AF0A4-9532-40CB-9554-A9510467636F}.HiG Integration|Any CPU.ActiveCfg = Release|Any CPU
		{A26AF0A4-9532-40CB-9554-A9510467636F}.HiG Integration|Any CPU.Build.0 = Release|Any CPU
		{A26AF0A4-9532-40CB-9554-A9510467636F}.HiG Integration|Mixed Platforms.ActiveCfg = Release|Any CPU
		{A26AF0A4-9532-40CB-9554-A9510467636F}.HiG Integration|Mixed Platforms.Build.0 = Release|Any CPU
		{A26AF0A4-9532-40CB-9554-A9510467636F}.HiG Integration|x86.ActiveCfg = Release|Any CPU
		{A26AF0A4-9532-40CB-9554-A9510467636F}.Release|Any CPU.ActiveCfg = Release|Any CPU
		{A26AF0A4-9532-40CB-9554-A9510467636F}.Release|Any CPU.Build.0 = Release|Any CPU
		{A26AF0A4-9532-40CB-9554-A9510467636F}.Release|Mixed Platforms.ActiveCfg = Release|Any CPU
		{A26AF0A4-9532-40CB-9554-A9510467636F}.Release|Mixed Platforms.Build.0 = Release|Any CPU
		{A26AF0A4-9532-40CB-9554-A9510467636F}.Release|x86.ActiveCfg = Release|Any CPU
		{8F2CE46C-FFFB-496F-A8CA-F8DB60B4A6A7}.Debug Single-threaded TML|Any CPU.ActiveCfg = Debug Single-threaded TML|x86
		{8F2CE46C-FFFB-496F-A8CA-F8DB60B4A6A7}.Debug Single-threaded TML|Mixed Platforms.ActiveCfg = Debug Single-threaded TML|x86
		{8F2CE46C-FFFB-496F-A8CA-F8DB60B4A6A7}.Debug Single-threaded TML|x86.ActiveCfg = Debug Single-threaded TML|x86
		{8F2CE46C-FFFB-496F-A8CA-F8DB60B4A6A7}.Debug Single-threaded TML|x86.Build.0 = Debug Single-threaded TML|x86
		{8F2CE46C-FFFB-496F-A8CA-F8DB60B4A6A7}.Debug|Any CPU.ActiveCfg = Debug|x86
		{8F2CE46C-FFFB-496F-A8CA-F8DB60B4A6A7}.Debug|Mixed Platforms.ActiveCfg = Debug|x86
		{8F2CE46C-FFFB-496F-A8CA-F8DB60B4A6A7}.Debug|x86.ActiveCfg = Debug|x86
		{8F2CE46C-FFFB-496F-A8CA-F8DB60B4A6A7}.Deployment for XP|Any CPU.ActiveCfg = Debug Single-threaded TML|x86
		{8F2CE46C-FFFB-496F-A8CA-F8DB60B4A6A7}.Deployment for XP|Any CPU.Build.0 = Debug Single-threaded TML|x86
		{8F2CE46C-FFFB-496F-A8CA-F8DB60B4A6A7}.Deployment for XP|Mixed Platforms.ActiveCfg = Debug Single-threaded TML|x86
		{8F2CE46C-FFFB-496F-A8CA-F8DB60B4A6A7}.Deployment for XP|Mixed Platforms.Build.0 = Debug Single-threaded TML|x86
		{8F2CE46C-FFFB-496F-A8CA-F8DB60B4A6A7}.Deployment for XP|x86.ActiveCfg = Debug Single-threaded TML|x86
		{8F2CE46C-FFFB-496F-A8CA-F8DB60B4A6A7}.Deployment for XP|x86.Build.0 = Debug Single-threaded TML|x86
		{8F2CE46C-FFFB-496F-A8CA-F8DB60B4A6A7}.Deployment|Any CPU.ActiveCfg = Debug|x86
		{8F2CE46C-FFFB-496F-A8CA-F8DB60B4A6A7}.Deployment|Any CPU.Build.0 = Debug|x86
		{8F2CE46C-FFFB-496F-A8CA-F8DB60B4A6A7}.Deployment|Mixed Platforms.ActiveCfg = Debug|x86
		{8F2CE46C-FFFB-496F-A8CA-F8DB60B4A6A7}.Deployment|Mixed Platforms.Build.0 = Debug|x86
		{8F2CE46C-FFFB-496F-A8CA-F8DB60B4A6A7}.Deployment|x86.ActiveCfg = Debug Single-threaded TML|x86
		{8F2CE46C-FFFB-496F-A8CA-F8DB60B4A6A7}.Deployment|x86.Build.0 = Debug Single-threaded TML|x86
		{8F2CE46C-FFFB-496F-A8CA-F8DB60B4A6A7}.HiG Integration|Any CPU.ActiveCfg = Debug Single-threaded TML|x86
		{8F2CE46C-FFFB-496F-A8CA-F8DB60B4A6A7}.HiG Integration|Mixed Platforms.ActiveCfg = Debug Single-threaded TML|x86
		{8F2CE46C-FFFB-496F-A8CA-F8DB60B4A6A7}.HiG Integration|Mixed Platforms.Build.0 = Debug Single-threaded TML|x86
		{8F2CE46C-FFFB-496F-A8CA-F8DB60B4A6A7}.HiG Integration|x86.ActiveCfg = Debug Single-threaded TML|x86
		{8F2CE46C-FFFB-496F-A8CA-F8DB60B4A6A7}.HiG Integration|x86.Build.0 = Debug Single-threaded TML|x86
		{8F2CE46C-FFFB-496F-A8CA-F8DB60B4A6A7}.Release|Any CPU.ActiveCfg = Release|x86
		{8F2CE46C-FFFB-496F-A8CA-F8DB60B4A6A7}.Release|Mixed Platforms.ActiveCfg = Release|x86
		{8F2CE46C-FFFB-496F-A8CA-F8DB60B4A6A7}.Release|Mixed Platforms.Build.0 = Release|x86
		{8F2CE46C-FFFB-496F-A8CA-F8DB60B4A6A7}.Release|x86.ActiveCfg = Release|x86
		{8F2CE46C-FFFB-496F-A8CA-F8DB60B4A6A7}.Release|x86.Build.0 = Release|x86
		{57B6755D-1912-45FD-9F48-526C0C8D4296}.Debug Single-threaded TML|Any CPU.ActiveCfg = Debug|x86
		{57B6755D-1912-45FD-9F48-526C0C8D4296}.Debug Single-threaded TML|Any CPU.Build.0 = Debug|x86
		{57B6755D-1912-45FD-9F48-526C0C8D4296}.Debug Single-threaded TML|Mixed Platforms.ActiveCfg = Debug|x86
		{57B6755D-1912-45FD-9F48-526C0C8D4296}.Debug Single-threaded TML|Mixed Platforms.Build.0 = Debug|x86
		{57B6755D-1912-45FD-9F48-526C0C8D4296}.Debug Single-threaded TML|x86.ActiveCfg = Debug|x86
		{57B6755D-1912-45FD-9F48-526C0C8D4296}.Debug Single-threaded TML|x86.Build.0 = Debug|x86
		{57B6755D-1912-45FD-9F48-526C0C8D4296}.Debug|Any CPU.ActiveCfg = Debug|x86
		{57B6755D-1912-45FD-9F48-526C0C8D4296}.Debug|Any CPU.Build.0 = Debug|x86
		{57B6755D-1912-45FD-9F48-526C0C8D4296}.Debug|Mixed Platforms.ActiveCfg = Debug|x86
		{57B6755D-1912-45FD-9F48-526C0C8D4296}.Debug|Mixed Platforms.Build.0 = Debug|x86
		{57B6755D-1912-45FD-9F48-526C0C8D4296}.Debug|x86.ActiveCfg = Debug|x86
		{57B6755D-1912-45FD-9F48-526C0C8D4296}.Debug|x86.Build.0 = Debug|x86
		{57B6755D-1912-45FD-9F48-526C0C8D4296}.Deployment for XP|Any CPU.ActiveCfg = Debug|x86
		{57B6755D-1912-45FD-9F48-526C0C8D4296}.Deployment for XP|Any CPU.Build.0 = Debug|x86
		{57B6755D-1912-45FD-9F48-526C0C8D4296}.Deployment for XP|Mixed Platforms.ActiveCfg = Debug|x86
		{57B6755D-1912-45FD-9F48-526C0C8D4296}.Deployment for XP|Mixed Platforms.Build.0 = Debug|x86
		{57B6755D-1912-45FD-9F48-526C0C8D4296}.Deployment for XP|x86.ActiveCfg = Debug|x86
		{57B6755D-1912-45FD-9F48-526C0C8D4296}.Deployment for XP|x86.Build.0 = Debug|x86
		{57B6755D-1912-45FD-9F48-526C0C8D4296}.Deployment|Any CPU.ActiveCfg = Debug|x86
		{57B6755D-1912-45FD-9F48-526C0C8D4296}.Deployment|Any CPU.Build.0 = Debug|x86
		{57B6755D-1912-45FD-9F48-526C0C8D4296}.Deployment|Mixed Platforms.ActiveCfg = Debug|x86
		{57B6755D-1912-45FD-9F48-526C0C8D4296}.Deployment|Mixed Platforms.Build.0 = Debug|x86
		{57B6755D-1912-45FD-9F48-526C0C8D4296}.Deployment|x86.ActiveCfg = Debug|x86
		{57B6755D-1912-45FD-9F48-526C0C8D4296}.Deployment|x86.Build.0 = Debug|x86
		{57B6755D-1912-45FD-9F48-526C0C8D4296}.HiG Integration|Any CPU.ActiveCfg = Release|x86
		{57B6755D-1912-45FD-9F48-526C0C8D4296}.HiG Integration|Mixed Platforms.ActiveCfg = Release|x86
		{57B6755D-1912-45FD-9F48-526C0C8D4296}.HiG Integration|Mixed Platforms.Build.0 = Release|x86
		{57B6755D-1912-45FD-9F48-526C0C8D4296}.HiG Integration|x86.ActiveCfg = Release|x86
		{57B6755D-1912-45FD-9F48-526C0C8D4296}.HiG Integration|x86.Build.0 = Release|x86
		{57B6755D-1912-45FD-9F48-526C0C8D4296}.Release|Any CPU.ActiveCfg = Release|x86
		{57B6755D-1912-45FD-9F48-526C0C8D4296}.Release|Mixed Platforms.ActiveCfg = Release|x86
		{57B6755D-1912-45FD-9F48-526C0C8D4296}.Release|Mixed Platforms.Build.0 = Release|x86
		{57B6755D-1912-45FD-9F48-526C0C8D4296}.Release|x86.ActiveCfg = Release|x86
		{57B6755D-1912-45FD-9F48-526C0C8D4296}.Release|x86.Build.0 = Release|x86
		{EA3D0EB3-2723-4F17-BA76-7963F7506B6A}.Debug Single-threaded TML|Any CPU.ActiveCfg = Debug Single-threaded TML|Any CPU
		{EA3D0EB3-2723-4F17-BA76-7963F7506B6A}.Debug Single-threaded TML|Any CPU.Build.0 = Debug Single-threaded TML|Any CPU
		{EA3D0EB3-2723-4F17-BA76-7963F7506B6A}.Debug Single-threaded TML|Mixed Platforms.ActiveCfg = Debug Single-threaded TML|Any CPU
		{EA3D0EB3-2723-4F17-BA76-7963F7506B6A}.Debug Single-threaded TML|Mixed Platforms.Build.0 = Debug Single-threaded TML|Any CPU
		{EA3D0EB3-2723-4F17-BA76-7963F7506B6A}.Debug Single-threaded TML|x86.ActiveCfg = Debug Single-threaded TML|Any CPU
		{EA3D0EB3-2723-4F17-BA76-7963F7506B6A}.Debug|Any CPU.ActiveCfg = Debug|Any CPU
		{EA3D0EB3-2723-4F17-BA76-7963F7506B6A}.Debug|Any CPU.Build.0 = Debug|Any CPU
		{EA3D0EB3-2723-4F17-BA76-7963F7506B6A}.Debug|Mixed Platforms.ActiveCfg = Debug|Any CPU
		{EA3D0EB3-2723-4F17-BA76-7963F7506B6A}.Debug|Mixed Platforms.Build.0 = Debug|Any CPU
		{EA3D0EB3-2723-4F17-BA76-7963F7506B6A}.Debug|x86.ActiveCfg = Debug|Any CPU
		{EA3D0EB3-2723-4F17-BA76-7963F7506B6A}.Deployment for XP|Any CPU.ActiveCfg = Debug Single-threaded TML|Any CPU
		{EA3D0EB3-2723-4F17-BA76-7963F7506B6A}.Deployment for XP|Any CPU.Build.0 = Debug Single-threaded TML|Any CPU
		{EA3D0EB3-2723-4F17-BA76-7963F7506B6A}.Deployment for XP|Mixed Platforms.ActiveCfg = Debug Single-threaded TML|Any CPU
		{EA3D0EB3-2723-4F17-BA76-7963F7506B6A}.Deployment for XP|Mixed Platforms.Build.0 = Debug Single-threaded TML|Any CPU
		{EA3D0EB3-2723-4F17-BA76-7963F7506B6A}.Deployment for XP|x86.ActiveCfg = Debug Single-threaded TML|Any CPU
		{EA3D0EB3-2723-4F17-BA76-7963F7506B6A}.Deployment|Any CPU.ActiveCfg = Debug|Any CPU
		{EA3D0EB3-2723-4F17-BA76-7963F7506B6A}.Deployment|Any CPU.Build.0 = Debug|Any CPU
		{EA3D0EB3-2723-4F17-BA76-7963F7506B6A}.Deployment|Mixed Platforms.ActiveCfg = Debug Single-threaded TML|Any CPU
		{EA3D0EB3-2723-4F17-BA76-7963F7506B6A}.Deployment|Mixed Platforms.Build.0 = Debug Single-threaded TML|Any CPU
		{EA3D0EB3-2723-4F17-BA76-7963F7506B6A}.Deployment|x86.ActiveCfg = Debug Single-threaded TML|Any CPU
		{EA3D0EB3-2723-4F17-BA76-7963F7506B6A}.HiG Integration|Any CPU.ActiveCfg = Debug Single-threaded TML|Any CPU
		{EA3D0EB3-2723-4F17-BA76-7963F7506B6A}.HiG Integration|Any CPU.Build.0 = Debug Single-threaded TML|Any CPU
		{EA3D0EB3-2723-4F17-BA76-7963F7506B6A}.HiG Integration|Mixed Platforms.ActiveCfg = Debug Single-threaded TML|Any CPU
		{EA3D0EB3-2723-4F17-BA76-7963F7506B6A}.HiG Integration|Mixed Platforms.Build.0 = Debug Single-threaded TML|Any CPU
		{EA3D0EB3-2723-4F17-BA76-7963F7506B6A}.HiG Integration|x86.ActiveCfg = Debug Single-threaded TML|Any CPU
		{EA3D0EB3-2723-4F17-BA76-7963F7506B6A}.Release|Any CPU.ActiveCfg = Release|Any CPU
		{EA3D0EB3-2723-4F17-BA76-7963F7506B6A}.Release|Any CPU.Build.0 = Release|Any CPU
		{EA3D0EB3-2723-4F17-BA76-7963F7506B6A}.Release|Mixed Platforms.ActiveCfg = Release|Any CPU
		{EA3D0EB3-2723-4F17-BA76-7963F7506B6A}.Release|Mixed Platforms.Build.0 = Release|Any CPU
		{EA3D0EB3-2723-4F17-BA76-7963F7506B6A}.Release|x86.ActiveCfg = Release|Any CPU
	EndGlobalSection
	GlobalSection(SolutionProperties) = preSolution
		HideSolutionNode = FALSE
	EndGlobalSection
	GlobalSection(NestedProjects) = preSolution
		{1BBA5101-D4F0-48B8-A5D6-7B23A099DCE3} = {2AA18FDE-0BBD-4A7C-9849-74825D81827C}
		{C11032AE-E7CA-4B7F-B672-1CC2EB904578} = {2AA18FDE-0BBD-4A7C-9849-74825D81827C}
		{C14C6F19-386A-4A2B-BBB5-0395551D4EF1} = {2AA18FDE-0BBD-4A7C-9849-74825D81827C}
		{17DB2007-B1C0-442F-9229-B34204170EA4} = {2AA18FDE-0BBD-4A7C-9849-74825D81827C}
		{A15EEC02-60EC-4705-A58B-A6ECD55A9628} = {2AA18FDE-0BBD-4A7C-9849-74825D81827C}
		{F09F5A2A-4337-4A81-8599-B5B0E1E18ED5} = {2AA18FDE-0BBD-4A7C-9849-74825D81827C}
		{CAEEC669-8001-4F0D-A16A-2CADDDC24E97} = {2AA18FDE-0BBD-4A7C-9849-74825D81827C}
		{2154A570-D83B-486F-8B95-F3FBEAABE971} = {2AA18FDE-0BBD-4A7C-9849-74825D81827C}
		{B9EF0535-0EA5-410F-B90D-8B7B71861237} = {2AA18FDE-0BBD-4A7C-9849-74825D81827C}
		{75607E88-161B-47E3-8D85-5289E0BD6394} = {2AA18FDE-0BBD-4A7C-9849-74825D81827C}
		{0E73947B-BE6E-4949-9F53-B4479DD3682C} = {2AA18FDE-0BBD-4A7C-9849-74825D81827C}
		{A2B509A4-B734-4CBE-B4B2-A39F5ADADBF3} = {2AA18FDE-0BBD-4A7C-9849-74825D81827C}
		{69A5ACD4-AA27-47C7-B095-D52B249DF3A5} = {2AA18FDE-0BBD-4A7C-9849-74825D81827C}
		{96B9F9BF-63FD-43BE-A65F-F68D314129AF} = {2AA18FDE-0BBD-4A7C-9849-74825D81827C}
		{10273A0D-94F9-4E65-9165-9A7A1215FE99} = {2AA18FDE-0BBD-4A7C-9849-74825D81827C}
		{A26AF0A4-9532-40CB-9554-A9510467636F} = {2AA18FDE-0BBD-4A7C-9849-74825D81827C}
		{EA3D0EB3-2723-4F17-BA76-7963F7506B6A} = {2AA18FDE-0BBD-4A7C-9849-74825D81827C}
	EndGlobalSection
EndGlobal
