Microsoft Visual Studio Solution File, Format Version 11.00
# Visual Studio 2010
Project("{FAE04EC0-301F-11D3-BF4B-00C04F79EFBC}") = "Hig", "Hig.csproj", "{A8AEE490-A6D0-4D4C-AB17-D9FBAD44F1B5}"
EndProject
Project("{FAE04EC0-301F-11D3-BF4B-00C04F79EFBC}") = "DeviceInterface", "..\Shared\DeviceInterface\DeviceInterface.csproj", "{C11032AE-E7CA-4B7F-B672-1CC2EB904578}"
EndProject
Project("{FAE04EC0-301F-11D3-BF4B-00C04F79EFBC}") = "ComponentModel", "..\..\..\thirdparty\MEF2\src\ComponentModel\ComponentModel.csproj", "{1BBA5101-D4F0-48B8-A5D6-7B23A099DCE3}"
EndProject
Project("{FAE04EC0-301F-11D3-BF4B-00C04F79EFBC}") = "PlateDefs", "..\Shared\PlateDefs\PlateDefs.csproj", "{69A5ACD4-AA27-47C7-B095-D52B249DF3A5}"
EndProject
Project("{FAE04EC0-301F-11D3-BF4B-00C04F79EFBC}") = "LibraryInterfaces", "..\Shared\LibraryInterfaces\LibraryInterfaces.csproj", "{96B9F9BF-63FD-43BE-A65F-F68D314129AF}"
EndProject
Project("{FAE04EC0-301F-11D3-BF4B-00C04F79EFBC}") = "Utils", "..\Shared\Utils\Utils.csproj", "{C14C6F19-386A-4A2B-BBB5-0395551D4EF1}"
EndProject
Project("{FAE04EC0-301F-11D3-BF4B-00C04F79EFBC}") = "TaskListXMLParser", "..\Shared\TaskListXMLParser\TaskListXMLParser.csproj", "{A2B509A4-B734-4CBE-B4B2-A39F5ADADBF3}"
EndProject
Project("{FAE04EC0-301F-11D3-BF4B-00C04F79EFBC}") = "Stateless", "..\..\..\thirdparty\Stateless\source_and_examples\Stateless\Stateless.csproj", "{A15EEC02-60EC-4705-A58B-A6ECD55A9628}"
EndProject
Project("{FAE04EC0-301F-11D3-BF4B-00C04F79EFBC}") = "TechnosoftLibrary", "..\Shared\TechnosoftLibrary\TechnosoftLibrary.csproj", "{1BEB833E-1D00-4886-BE2C-A150B88BBCA9}"
EndProject
Project("{F184B08F-C81C-45F6-A57F-5ABD9991F28F}") = "UcanDotNET", "..\Shared\TechnosoftLibrary\UcanDotNET\UcanDotNET.vbproj", "{CAEEC669-8001-4F0D-A16A-2CADDDC24E97}"
EndProject
Project("{FAE04EC0-301F-11D3-BF4B-00C04F79EFBC}") = "HeavyUtils", "..\Shared\HeavyUtils\HeavyUtils\HeavyUtils.csproj", "{17DB2007-B1C0-442F-9229-B34204170EA4}"
EndProject
Project("{FAE04EC0-301F-11D3-BF4B-00C04F79EFBC}") = "IError", "..\Shared\IError\IError.csproj", "{F09F5A2A-4337-4A81-8599-B5B0E1E18ED5}"
EndProject
Project("{FAE04EC0-301F-11D3-BF4B-00C04F79EFBC}") = "HiGIntegration", "HiGIntegration\HiGIntegration.csproj", "{507C38B6-4B9B-4423-A9D0-4A8429ACD69B}"
EndProject
Project("{FAE04EC0-301F-11D3-BF4B-00C04F79EFBC}") = "SimpleWizard", "..\Shared\SimpleWizard\SimpleWizard.csproj", "{3FEA29E9-0A67-4402-A8CF-482B5C3B3516}"
EndProject
Project("{FAE04EC0-301F-11D3-BF4B-00C04F79EFBC}") = "HiGIntegrationTestApp", "HiGIntegration\HiGIntegrationTestApp\HiGIntegrationTestApp.csproj", "{83D0FBEA-FCCE-42BB-B0E3-E51FD9B3D8EA}"
EndProject
Project("{FAE04EC0-301F-11D3-BF4B-00C04F79EFBC}") = "ErrorDialog", "..\Shared\ErrorDialog\ErrorDialog.csproj", "{923BA357-4D7B-4080-ABDC-095633012F8E}"
EndProject
Project("{FAE04EC0-301F-11D3-BF4B-00C04F79EFBC}") = "Location", "..\Shared\Location\Location.csproj", "{75607E88-161B-47E3-8D85-5289E0BD6394}"
EndProject
Project("{FAE04EC0-301F-11D3-BF4B-00C04F79EFBC}") = "PlateWork", "..\Shared\PlateWork\PlateWork.csproj", "{0E73947B-BE6E-4949-9F53-B4479DD3682C}"
EndProject
Project("{FAE04EC0-301F-11D3-BF4B-00C04F79EFBC}") = "TechnosoftLibraryMT", "..\Shared\TechnosoftLibraryMT\TechnosoftLibraryMT.csproj", "{EA3D0EB3-2723-4F17-BA76-7963F7506B6A}"
EndProject
Global
	GlobalSection(SolutionConfigurationPlatforms) = preSolution
		Debug|Any CPU = Debug|Any CPU
		Debug|Mixed Platforms = Debug|Mixed Platforms
		Debug|x86 = Debug|x86
		Deployment|Any CPU = Deployment|Any CPU
		Deployment|Mixed Platforms = Deployment|Mixed Platforms
		Deployment|x86 = Deployment|x86
		Release|Any CPU = Release|Any CPU
		Release|Mixed Platforms = Release|Mixed Platforms
		Release|x86 = Release|x86
	EndGlobalSection
	GlobalSection(ProjectConfigurationPlatforms) = postSolution
		{A8AEE490-A6D0-4D4C-AB17-D9FBAD44F1B5}.Debug|Any CPU.ActiveCfg = Debug|Any CPU
		{A8AEE490-A6D0-4D4C-AB17-D9FBAD44F1B5}.Debug|Any CPU.Build.0 = Debug|Any CPU
		{A8AEE490-A6D0-4D4C-AB17-D9FBAD44F1B5}.Debug|Mixed Platforms.ActiveCfg = Debug|Any CPU
		{A8AEE490-A6D0-4D4C-AB17-D9FBAD44F1B5}.Debug|Mixed Platforms.Build.0 = Debug|Any CPU
		{A8AEE490-A6D0-4D4C-AB17-D9FBAD44F1B5}.Debug|x86.ActiveCfg = Debug|Any CPU
		{A8AEE490-A6D0-4D4C-AB17-D9FBAD44F1B5}.Deployment|Any CPU.ActiveCfg = Debug|Any CPU
		{A8AEE490-A6D0-4D4C-AB17-D9FBAD44F1B5}.Deployment|Any CPU.Build.0 = Debug|Any CPU
		{A8AEE490-A6D0-4D4C-AB17-D9FBAD44F1B5}.Deployment|Mixed Platforms.ActiveCfg = Debug|Any CPU
		{A8AEE490-A6D0-4D4C-AB17-D9FBAD44F1B5}.Deployment|Mixed Platforms.Build.0 = Debug|Any CPU
		{A8AEE490-A6D0-4D4C-AB17-D9FBAD44F1B5}.Deployment|x86.ActiveCfg = Debug|Any CPU
		{A8AEE490-A6D0-4D4C-AB17-D9FBAD44F1B5}.Release|Any CPU.ActiveCfg = Release|Any CPU
		{A8AEE490-A6D0-4D4C-AB17-D9FBAD44F1B5}.Release|Any CPU.Build.0 = Release|Any CPU
		{A8AEE490-A6D0-4D4C-AB17-D9FBAD44F1B5}.Release|Mixed Platforms.ActiveCfg = Release|Any CPU
		{A8AEE490-A6D0-4D4C-AB17-D9FBAD44F1B5}.Release|Mixed Platforms.Build.0 = Release|Any CPU
		{A8AEE490-A6D0-4D4C-AB17-D9FBAD44F1B5}.Release|x86.ActiveCfg = Release|Any CPU
		{C11032AE-E7CA-4B7F-B672-1CC2EB904578}.Debug|Any CPU.ActiveCfg = Debug|Any CPU
		{C11032AE-E7CA-4B7F-B672-1CC2EB904578}.Debug|Any CPU.Build.0 = Debug|Any CPU
		{C11032AE-E7CA-4B7F-B672-1CC2EB904578}.Debug|Mixed Platforms.ActiveCfg = Debug|Any CPU
		{C11032AE-E7CA-4B7F-B672-1CC2EB904578}.Debug|Mixed Platforms.Build.0 = Debug|Any CPU
		{C11032AE-E7CA-4B7F-B672-1CC2EB904578}.Debug|x86.ActiveCfg = Debug|Any CPU
		{C11032AE-E7CA-4B7F-B672-1CC2EB904578}.Deployment|Any CPU.ActiveCfg = Deployment|Any CPU
		{C11032AE-E7CA-4B7F-B672-1CC2EB904578}.Deployment|Any CPU.Build.0 = Deployment|Any CPU
		{C11032AE-E7CA-4B7F-B672-1CC2EB904578}.Deployment|Mixed Platforms.ActiveCfg = Deployment|Any CPU
		{C11032AE-E7CA-4B7F-B672-1CC2EB904578}.Deployment|Mixed Platforms.Build.0 = Deployment|Any CPU
		{C11032AE-E7CA-4B7F-B672-1CC2EB904578}.Deployment|x86.ActiveCfg = Deployment|Any CPU
		{C11032AE-E7CA-4B7F-B672-1CC2EB904578}.Release|Any CPU.ActiveCfg = Release|Any CPU
		{C11032AE-E7CA-4B7F-B672-1CC2EB904578}.Release|Any CPU.Build.0 = Release|Any CPU
		{C11032AE-E7CA-4B7F-B672-1CC2EB904578}.Release|Mixed Platforms.ActiveCfg = Release|Any CPU
		{C11032AE-E7CA-4B7F-B672-1CC2EB904578}.Release|Mixed Platforms.Build.0 = Release|Any CPU
		{C11032AE-E7CA-4B7F-B672-1CC2EB904578}.Release|x86.ActiveCfg = Release|Any CPU
		{1BBA5101-D4F0-48B8-A5D6-7B23A099DCE3}.Debug|Any CPU.ActiveCfg = Debug|Any CPU
		{1BBA5101-D4F0-48B8-A5D6-7B23A099DCE3}.Debug|Any CPU.Build.0 = Debug|Any CPU
		{1BBA5101-D4F0-48B8-A5D6-7B23A099DCE3}.Debug|Mixed Platforms.ActiveCfg = Debug|Any CPU
		{1BBA5101-D4F0-48B8-A5D6-7B23A099DCE3}.Debug|Mixed Platforms.Build.0 = Debug|Any CPU
		{1BBA5101-D4F0-48B8-A5D6-7B23A099DCE3}.Debug|x86.ActiveCfg = Debug|Any CPU
		{1BBA5101-D4F0-48B8-A5D6-7B23A099DCE3}.Deployment|Any CPU.ActiveCfg = Debug|Any CPU
		{1BBA5101-D4F0-48B8-A5D6-7B23A099DCE3}.Deployment|Any CPU.Build.0 = Debug|Any CPU
		{1BBA5101-D4F0-48B8-A5D6-7B23A099DCE3}.Deployment|Mixed Platforms.ActiveCfg = Debug|Any CPU
		{1BBA5101-D4F0-48B8-A5D6-7B23A099DCE3}.Deployment|Mixed Platforms.Build.0 = Debug|Any CPU
		{1BBA5101-D4F0-48B8-A5D6-7B23A099DCE3}.Deployment|x86.ActiveCfg = Debug|Any CPU
		{1BBA5101-D4F0-48B8-A5D6-7B23A099DCE3}.Release|Any CPU.ActiveCfg = Release|Any CPU
		{1BBA5101-D4F0-48B8-A5D6-7B23A099DCE3}.Release|Any CPU.Build.0 = Release|Any CPU
		{1BBA5101-D4F0-48B8-A5D6-7B23A099DCE3}.Release|Mixed Platforms.ActiveCfg = Release|Any CPU
		{1BBA5101-D4F0-48B8-A5D6-7B23A099DCE3}.Release|Mixed Platforms.Build.0 = Release|Any CPU
		{1BBA5101-D4F0-48B8-A5D6-7B23A099DCE3}.Release|x86.ActiveCfg = Release|Any CPU
		{69A5ACD4-AA27-47C7-B095-D52B249DF3A5}.Debug|Any CPU.ActiveCfg = Debug|Any CPU
		{69A5ACD4-AA27-47C7-B095-D52B249DF3A5}.Debug|Any CPU.Build.0 = Debug|Any CPU
		{69A5ACD4-AA27-47C7-B095-D52B249DF3A5}.Debug|Mixed Platforms.ActiveCfg = Debug|Any CPU
		{69A5ACD4-AA27-47C7-B095-D52B249DF3A5}.Debug|Mixed Platforms.Build.0 = Debug|Any CPU
		{69A5ACD4-AA27-47C7-B095-D52B249DF3A5}.Debug|x86.ActiveCfg = Debug|Any CPU
		{69A5ACD4-AA27-47C7-B095-D52B249DF3A5}.Deployment|Any CPU.ActiveCfg = Deployment|Any CPU
		{69A5ACD4-AA27-47C7-B095-D52B249DF3A5}.Deployment|Any CPU.Build.0 = Deployment|Any CPU
		{69A5ACD4-AA27-47C7-B095-D52B249DF3A5}.Deployment|Mixed Platforms.ActiveCfg = Deployment|Any CPU
		{69A5ACD4-AA27-47C7-B095-D52B249DF3A5}.Deployment|Mixed Platforms.Build.0 = Deployment|Any CPU
		{69A5ACD4-AA27-47C7-B095-D52B249DF3A5}.Deployment|x86.ActiveCfg = Deployment|Any CPU
		{69A5ACD4-AA27-47C7-B095-D52B249DF3A5}.Release|Any CPU.ActiveCfg = Release|Any CPU
		{69A5ACD4-AA27-47C7-B095-D52B249DF3A5}.Release|Any CPU.Build.0 = Release|Any CPU
		{69A5ACD4-AA27-47C7-B095-D52B249DF3A5}.Release|Mixed Platforms.ActiveCfg = Release|Any CPU
		{69A5ACD4-AA27-47C7-B095-D52B249DF3A5}.Release|Mixed Platforms.Build.0 = Release|Any CPU
		{69A5ACD4-AA27-47C7-B095-D52B249DF3A5}.Release|x86.ActiveCfg = Release|Any CPU
		{96B9F9BF-63FD-43BE-A65F-F68D314129AF}.Debug|Any CPU.ActiveCfg = Debug|Any CPU
		{96B9F9BF-63FD-43BE-A65F-F68D314129AF}.Debug|Any CPU.Build.0 = Debug|Any CPU
		{96B9F9BF-63FD-43BE-A65F-F68D314129AF}.Debug|Mixed Platforms.ActiveCfg = Debug|Any CPU
		{96B9F9BF-63FD-43BE-A65F-F68D314129AF}.Debug|Mixed Platforms.Build.0 = Debug|Any CPU
		{96B9F9BF-63FD-43BE-A65F-F68D314129AF}.Debug|x86.ActiveCfg = Debug|Any CPU
		{96B9F9BF-63FD-43BE-A65F-F68D314129AF}.Deployment|Any CPU.ActiveCfg = Debug|Any CPU
		{96B9F9BF-63FD-43BE-A65F-F68D314129AF}.Deployment|Any CPU.Build.0 = Debug|Any CPU
		{96B9F9BF-63FD-43BE-A65F-F68D314129AF}.Deployment|Mixed Platforms.ActiveCfg = Debug|Any CPU
		{96B9F9BF-63FD-43BE-A65F-F68D314129AF}.Deployment|Mixed Platforms.Build.0 = Debug|Any CPU
		{96B9F9BF-63FD-43BE-A65F-F68D314129AF}.Deployment|x86.ActiveCfg = Debug|Any CPU
		{96B9F9BF-63FD-43BE-A65F-F68D314129AF}.Release|Any CPU.ActiveCfg = Release|Any CPU
		{96B9F9BF-63FD-43BE-A65F-F68D314129AF}.Release|Any CPU.Build.0 = Release|Any CPU
		{96B9F9BF-63FD-43BE-A65F-F68D314129AF}.Release|Mixed Platforms.ActiveCfg = Release|Any CPU
		{96B9F9BF-63FD-43BE-A65F-F68D314129AF}.Release|Mixed Platforms.Build.0 = Release|Any CPU
		{96B9F9BF-63FD-43BE-A65F-F68D314129AF}.Release|x86.ActiveCfg = Release|Any CPU
		{C14C6F19-386A-4A2B-BBB5-0395551D4EF1}.Debug|Any CPU.ActiveCfg = Debug|Any CPU
		{C14C6F19-386A-4A2B-BBB5-0395551D4EF1}.Debug|Any CPU.Build.0 = Debug|Any CPU
		{C14C6F19-386A-4A2B-BBB5-0395551D4EF1}.Debug|Mixed Platforms.ActiveCfg = Debug|Any CPU
		{C14C6F19-386A-4A2B-BBB5-0395551D4EF1}.Debug|Mixed Platforms.Build.0 = Debug|Any CPU
		{C14C6F19-386A-4A2B-BBB5-0395551D4EF1}.Debug|x86.ActiveCfg = Debug|Any CPU
		{C14C6F19-386A-4A2B-BBB5-0395551D4EF1}.Deployment|Any CPU.ActiveCfg = Debug|Any CPU
		{C14C6F19-386A-4A2B-BBB5-0395551D4EF1}.Deployment|Any CPU.Build.0 = Debug|Any CPU
		{C14C6F19-386A-4A2B-BBB5-0395551D4EF1}.Deployment|Mixed Platforms.ActiveCfg = Debug|Any CPU
		{C14C6F19-386A-4A2B-BBB5-0395551D4EF1}.Deployment|Mixed Platforms.Build.0 = Debug|Any CPU
		{C14C6F19-386A-4A2B-BBB5-0395551D4EF1}.Deployment|x86.ActiveCfg = Debug|Any CPU
		{C14C6F19-386A-4A2B-BBB5-0395551D4EF1}.Release|Any CPU.ActiveCfg = Release|Any CPU
		{C14C6F19-386A-4A2B-BBB5-0395551D4EF1}.Release|Any CPU.Build.0 = Release|Any CPU
		{C14C6F19-386A-4A2B-BBB5-0395551D4EF1}.Release|Mixed Platforms.ActiveCfg = Release|Any CPU
		{C14C6F19-386A-4A2B-BBB5-0395551D4EF1}.Release|Mixed Platforms.Build.0 = Release|Any CPU
		{C14C6F19-386A-4A2B-BBB5-0395551D4EF1}.Release|x86.ActiveCfg = Release|Any CPU
		{A2B509A4-B734-4CBE-B4B2-A39F5ADADBF3}.Debug|Any CPU.ActiveCfg = Debug|Any CPU
		{A2B509A4-B734-4CBE-B4B2-A39F5ADADBF3}.Debug|Any CPU.Build.0 = Debug|Any CPU
		{A2B509A4-B734-4CBE-B4B2-A39F5ADADBF3}.Debug|Mixed Platforms.ActiveCfg = Debug|Any CPU
		{A2B509A4-B734-4CBE-B4B2-A39F5ADADBF3}.Debug|Mixed Platforms.Build.0 = Debug|Any CPU
		{A2B509A4-B734-4CBE-B4B2-A39F5ADADBF3}.Debug|x86.ActiveCfg = Debug|Any CPU
		{A2B509A4-B734-4CBE-B4B2-A39F5ADADBF3}.Deployment|Any CPU.ActiveCfg = Debug|Any CPU
		{A2B509A4-B734-4CBE-B4B2-A39F5ADADBF3}.Deployment|Any CPU.Build.0 = Debug|Any CPU
		{A2B509A4-B734-4CBE-B4B2-A39F5ADADBF3}.Deployment|Mixed Platforms.ActiveCfg = Debug|Any CPU
		{A2B509A4-B734-4CBE-B4B2-A39F5ADADBF3}.Deployment|Mixed Platforms.Build.0 = Debug|Any CPU
		{A2B509A4-B734-4CBE-B4B2-A39F5ADADBF3}.Deployment|x86.ActiveCfg = Debug|Any CPU
		{A2B509A4-B734-4CBE-B4B2-A39F5ADADBF3}.Release|Any CPU.ActiveCfg = Release|Any CPU
		{A2B509A4-B734-4CBE-B4B2-A39F5ADADBF3}.Release|Any CPU.Build.0 = Release|Any CPU
		{A2B509A4-B734-4CBE-B4B2-A39F5ADADBF3}.Release|Mixed Platforms.ActiveCfg = Release|Any CPU
		{A2B509A4-B734-4CBE-B4B2-A39F5ADADBF3}.Release|Mixed Platforms.Build.0 = Release|Any CPU
		{A2B509A4-B734-4CBE-B4B2-A39F5ADADBF3}.Release|x86.ActiveCfg = Release|Any CPU
		{A15EEC02-60EC-4705-A58B-A6ECD55A9628}.Debug|Any CPU.ActiveCfg = Debug|Any CPU
		{A15EEC02-60EC-4705-A58B-A6ECD55A9628}.Debug|Any CPU.Build.0 = Debug|Any CPU
		{A15EEC02-60EC-4705-A58B-A6ECD55A9628}.Debug|Mixed Platforms.ActiveCfg = Debug|Any CPU
		{A15EEC02-60EC-4705-A58B-A6ECD55A9628}.Debug|Mixed Platforms.Build.0 = Debug|Any CPU
		{A15EEC02-60EC-4705-A58B-A6ECD55A9628}.Debug|x86.ActiveCfg = Debug|Any CPU
		{A15EEC02-60EC-4705-A58B-A6ECD55A9628}.Deployment|Any CPU.ActiveCfg = Deployment|Any CPU
		{A15EEC02-60EC-4705-A58B-A6ECD55A9628}.Deployment|Any CPU.Build.0 = Deployment|Any CPU
		{A15EEC02-60EC-4705-A58B-A6ECD55A9628}.Deployment|Mixed Platforms.ActiveCfg = Deployment|Any CPU
		{A15EEC02-60EC-4705-A58B-A6ECD55A9628}.Deployment|Mixed Platforms.Build.0 = Deployment|Any CPU
		{A15EEC02-60EC-4705-A58B-A6ECD55A9628}.Deployment|x86.ActiveCfg = Deployment|Any CPU
		{A15EEC02-60EC-4705-A58B-A6ECD55A9628}.Release|Any CPU.ActiveCfg = Release|Any CPU
		{A15EEC02-60EC-4705-A58B-A6ECD55A9628}.Release|Any CPU.Build.0 = Release|Any CPU
		{A15EEC02-60EC-4705-A58B-A6ECD55A9628}.Release|Mixed Platforms.ActiveCfg = Release|Any CPU
		{A15EEC02-60EC-4705-A58B-A6ECD55A9628}.Release|Mixed Platforms.Build.0 = Release|Any CPU
		{A15EEC02-60EC-4705-A58B-A6ECD55A9628}.Release|x86.ActiveCfg = Release|Any CPU
		{1BEB833E-1D00-4886-BE2C-A150B88BBCA9}.Debug|Any CPU.ActiveCfg = Debug|Any CPU
		{1BEB833E-1D00-4886-BE2C-A150B88BBCA9}.Debug|Any CPU.Build.0 = Debug|Any CPU
		{1BEB833E-1D00-4886-BE2C-A150B88BBCA9}.Debug|Mixed Platforms.ActiveCfg = Debug|Any CPU
		{1BEB833E-1D00-4886-BE2C-A150B88BBCA9}.Debug|Mixed Platforms.Build.0 = Debug|Any CPU
		{1BEB833E-1D00-4886-BE2C-A150B88BBCA9}.Debug|x86.ActiveCfg = Debug|Any CPU
		{1BEB833E-1D00-4886-BE2C-A150B88BBCA9}.Deployment|Any CPU.ActiveCfg = Deployment|Any CPU
		{1BEB833E-1D00-4886-BE2C-A150B88BBCA9}.Deployment|Any CPU.Build.0 = Deployment|Any CPU
		{1BEB833E-1D00-4886-BE2C-A150B88BBCA9}.Deployment|Mixed Platforms.ActiveCfg = Deployment|Any CPU
		{1BEB833E-1D00-4886-BE2C-A150B88BBCA9}.Deployment|Mixed Platforms.Build.0 = Deployment|Any CPU
		{1BEB833E-1D00-4886-BE2C-A150B88BBCA9}.Deployment|x86.ActiveCfg = Deployment|Any CPU
		{1BEB833E-1D00-4886-BE2C-A150B88BBCA9}.Release|Any CPU.ActiveCfg = Release|Any CPU
		{1BEB833E-1D00-4886-BE2C-A150B88BBCA9}.Release|Any CPU.Build.0 = Release|Any CPU
		{1BEB833E-1D00-4886-BE2C-A150B88BBCA9}.Release|Mixed Platforms.ActiveCfg = Release|Any CPU
		{1BEB833E-1D00-4886-BE2C-A150B88BBCA9}.Release|Mixed Platforms.Build.0 = Release|Any CPU
		{1BEB833E-1D00-4886-BE2C-A150B88BBCA9}.Release|x86.ActiveCfg = Release|Any CPU
		{CAEEC669-8001-4F0D-A16A-2CADDDC24E97}.Debug|Any CPU.ActiveCfg = Debug|Any CPU
		{CAEEC669-8001-4F0D-A16A-2CADDDC24E97}.Debug|Any CPU.Build.0 = Debug|Any CPU
		{CAEEC669-8001-4F0D-A16A-2CADDDC24E97}.Debug|Mixed Platforms.ActiveCfg = Debug|Any CPU
		{CAEEC669-8001-4F0D-A16A-2CADDDC24E97}.Debug|Mixed Platforms.Build.0 = Debug|Any CPU
		{CAEEC669-8001-4F0D-A16A-2CADDDC24E97}.Debug|x86.ActiveCfg = Debug|Any CPU
		{CAEEC669-8001-4F0D-A16A-2CADDDC24E97}.Deployment|Any CPU.ActiveCfg = Deployment|Any CPU
		{CAEEC669-8001-4F0D-A16A-2CADDDC24E97}.Deployment|Any CPU.Build.0 = Deployment|Any CPU
		{CAEEC669-8001-4F0D-A16A-2CADDDC24E97}.Deployment|Mixed Platforms.ActiveCfg = Deployment|Any CPU
		{CAEEC669-8001-4F0D-A16A-2CADDDC24E97}.Deployment|Mixed Platforms.Build.0 = Deployment|Any CPU
		{CAEEC669-8001-4F0D-A16A-2CADDDC24E97}.Deployment|x86.ActiveCfg = Deployment|Any CPU
		{CAEEC669-8001-4F0D-A16A-2CADDDC24E97}.Release|Any CPU.ActiveCfg = Release|Any CPU
		{CAEEC669-8001-4F0D-A16A-2CADDDC24E97}.Release|Any CPU.Build.0 = Release|Any CPU
		{CAEEC669-8001-4F0D-A16A-2CADDDC24E97}.Release|Mixed Platforms.ActiveCfg = Release|Any CPU
		{CAEEC669-8001-4F0D-A16A-2CADDDC24E97}.Release|Mixed Platforms.Build.0 = Release|Any CPU
		{CAEEC669-8001-4F0D-A16A-2CADDDC24E97}.Release|x86.ActiveCfg = Release|Any CPU
		{17DB2007-B1C0-442F-9229-B34204170EA4}.Debug|Any CPU.ActiveCfg = Debug|Any CPU
		{17DB2007-B1C0-442F-9229-B34204170EA4}.Debug|Any CPU.Build.0 = Debug|Any CPU
		{17DB2007-B1C0-442F-9229-B34204170EA4}.Debug|Mixed Platforms.ActiveCfg = Debug|Any CPU
		{17DB2007-B1C0-442F-9229-B34204170EA4}.Debug|Mixed Platforms.Build.0 = Debug|Any CPU
		{17DB2007-B1C0-442F-9229-B34204170EA4}.Debug|x86.ActiveCfg = Debug|Any CPU
		{17DB2007-B1C0-442F-9229-B34204170EA4}.Deployment|Any CPU.ActiveCfg = Debug|Any CPU
		{17DB2007-B1C0-442F-9229-B34204170EA4}.Deployment|Any CPU.Build.0 = Debug|Any CPU
		{17DB2007-B1C0-442F-9229-B34204170EA4}.Deployment|Mixed Platforms.ActiveCfg = Debug|Any CPU
		{17DB2007-B1C0-442F-9229-B34204170EA4}.Deployment|Mixed Platforms.Build.0 = Debug|Any CPU
		{17DB2007-B1C0-442F-9229-B34204170EA4}.Deployment|x86.ActiveCfg = Debug|Any CPU
		{17DB2007-B1C0-442F-9229-B34204170EA4}.Release|Any CPU.ActiveCfg = Release|Any CPU
		{17DB2007-B1C0-442F-9229-B34204170EA4}.Release|Any CPU.Build.0 = Release|Any CPU
		{17DB2007-B1C0-442F-9229-B34204170EA4}.Release|Mixed Platforms.ActiveCfg = Release|Any CPU
		{17DB2007-B1C0-442F-9229-B34204170EA4}.Release|Mixed Platforms.Build.0 = Release|Any CPU
		{17DB2007-B1C0-442F-9229-B34204170EA4}.Release|x86.ActiveCfg = Release|Any CPU
		{F09F5A2A-4337-4A81-8599-B5B0E1E18ED5}.Debug|Any CPU.ActiveCfg = Debug|Any CPU
		{F09F5A2A-4337-4A81-8599-B5B0E1E18ED5}.Debug|Any CPU.Build.0 = Debug|Any CPU
		{F09F5A2A-4337-4A81-8599-B5B0E1E18ED5}.Debug|Mixed Platforms.ActiveCfg = Debug|Any CPU
		{F09F5A2A-4337-4A81-8599-B5B0E1E18ED5}.Debug|Mixed Platforms.Build.0 = Debug|Any CPU
		{F09F5A2A-4337-4A81-8599-B5B0E1E18ED5}.Debug|x86.ActiveCfg = Debug|Any CPU
		{F09F5A2A-4337-4A81-8599-B5B0E1E18ED5}.Deployment|Any CPU.ActiveCfg = Debug|Any CPU
		{F09F5A2A-4337-4A81-8599-B5B0E1E18ED5}.Deployment|Any CPU.Build.0 = Debug|Any CPU
		{F09F5A2A-4337-4A81-8599-B5B0E1E18ED5}.Deployment|Mixed Platforms.ActiveCfg = Debug|Any CPU
		{F09F5A2A-4337-4A81-8599-B5B0E1E18ED5}.Deployment|Mixed Platforms.Build.0 = Debug|Any CPU
		{F09F5A2A-4337-4A81-8599-B5B0E1E18ED5}.Deployment|x86.ActiveCfg = Debug|Any CPU
		{F09F5A2A-4337-4A81-8599-B5B0E1E18ED5}.Release|Any CPU.ActiveCfg = Release|Any CPU
		{F09F5A2A-4337-4A81-8599-B5B0E1E18ED5}.Release|Any CPU.Build.0 = Release|Any CPU
		{F09F5A2A-4337-4A81-8599-B5B0E1E18ED5}.Release|Mixed Platforms.ActiveCfg = Release|Any CPU
		{F09F5A2A-4337-4A81-8599-B5B0E1E18ED5}.Release|Mixed Platforms.Build.0 = Release|Any CPU
		{F09F5A2A-4337-4A81-8599-B5B0E1E18ED5}.Release|x86.ActiveCfg = Release|Any CPU
		{507C38B6-4B9B-4423-A9D0-4A8429ACD69B}.Debug|Any CPU.ActiveCfg = Debug|Any CPU
		{507C38B6-4B9B-4423-A9D0-4A8429ACD69B}.Debug|Any CPU.Build.0 = Debug|Any CPU
		{507C38B6-4B9B-4423-A9D0-4A8429ACD69B}.Debug|Mixed Platforms.ActiveCfg = Debug|Any CPU
		{507C38B6-4B9B-4423-A9D0-4A8429ACD69B}.Debug|Mixed Platforms.Build.0 = Debug|Any CPU
		{507C38B6-4B9B-4423-A9D0-4A8429ACD69B}.Debug|x86.ActiveCfg = Debug|Any CPU
		{507C38B6-4B9B-4423-A9D0-4A8429ACD69B}.Deployment|Any CPU.ActiveCfg = Debug|Any CPU
		{507C38B6-4B9B-4423-A9D0-4A8429ACD69B}.Deployment|Any CPU.Build.0 = Debug|Any CPU
		{507C38B6-4B9B-4423-A9D0-4A8429ACD69B}.Deployment|Mixed Platforms.ActiveCfg = Debug|Any CPU
		{507C38B6-4B9B-4423-A9D0-4A8429ACD69B}.Deployment|Mixed Platforms.Build.0 = Debug|Any CPU
		{507C38B6-4B9B-4423-A9D0-4A8429ACD69B}.Deployment|x86.ActiveCfg = Debug|Any CPU
		{507C38B6-4B9B-4423-A9D0-4A8429ACD69B}.Release|Any CPU.ActiveCfg = Release|Any CPU
		{507C38B6-4B9B-4423-A9D0-4A8429ACD69B}.Release|Any CPU.Build.0 = Release|Any CPU
		{507C38B6-4B9B-4423-A9D0-4A8429ACD69B}.Release|Mixed Platforms.ActiveCfg = Release|Any CPU
		{507C38B6-4B9B-4423-A9D0-4A8429ACD69B}.Release|Mixed Platforms.Build.0 = Release|Any CPU
		{507C38B6-4B9B-4423-A9D0-4A8429ACD69B}.Release|x86.ActiveCfg = Release|Any CPU
		{3FEA29E9-0A67-4402-A8CF-482B5C3B3516}.Debug|Any CPU.ActiveCfg = Debug|Any CPU
		{3FEA29E9-0A67-4402-A8CF-482B5C3B3516}.Debug|Any CPU.Build.0 = Debug|Any CPU
		{3FEA29E9-0A67-4402-A8CF-482B5C3B3516}.Debug|Mixed Platforms.ActiveCfg = Debug|Any CPU
		{3FEA29E9-0A67-4402-A8CF-482B5C3B3516}.Debug|Mixed Platforms.Build.0 = Debug|Any CPU
		{3FEA29E9-0A67-4402-A8CF-482B5C3B3516}.Debug|x86.ActiveCfg = Debug|Any CPU
		{3FEA29E9-0A67-4402-A8CF-482B5C3B3516}.Deployment|Any CPU.ActiveCfg = Debug|Any CPU
		{3FEA29E9-0A67-4402-A8CF-482B5C3B3516}.Deployment|Any CPU.Build.0 = Debug|Any CPU
		{3FEA29E9-0A67-4402-A8CF-482B5C3B3516}.Deployment|Mixed Platforms.ActiveCfg = Debug|Any CPU
		{3FEA29E9-0A67-4402-A8CF-482B5C3B3516}.Deployment|Mixed Platforms.Build.0 = Debug|Any CPU
		{3FEA29E9-0A67-4402-A8CF-482B5C3B3516}.Deployment|x86.ActiveCfg = Debug|Any CPU
		{3FEA29E9-0A67-4402-A8CF-482B5C3B3516}.Release|Any CPU.ActiveCfg = Release|Any CPU
		{3FEA29E9-0A67-4402-A8CF-482B5C3B3516}.Release|Any CPU.Build.0 = Release|Any CPU
		{3FEA29E9-0A67-4402-A8CF-482B5C3B3516}.Release|Mixed Platforms.ActiveCfg = Release|Any CPU
		{3FEA29E9-0A67-4402-A8CF-482B5C3B3516}.Release|Mixed Platforms.Build.0 = Release|Any CPU
		{3FEA29E9-0A67-4402-A8CF-482B5C3B3516}.Release|x86.ActiveCfg = Release|Any CPU
		{83D0FBEA-FCCE-42BB-B0E3-E51FD9B3D8EA}.Debug|Any CPU.ActiveCfg = Debug|Any CPU
		{83D0FBEA-FCCE-42BB-B0E3-E51FD9B3D8EA}.Debug|Any CPU.Build.0 = Debug|Any CPU
		{83D0FBEA-FCCE-42BB-B0E3-E51FD9B3D8EA}.Debug|Mixed Platforms.ActiveCfg = Debug|Any CPU
		{83D0FBEA-FCCE-42BB-B0E3-E51FD9B3D8EA}.Debug|Mixed Platforms.Build.0 = Debug|Any CPU
		{83D0FBEA-FCCE-42BB-B0E3-E51FD9B3D8EA}.Debug|x86.ActiveCfg = Debug|Any CPU
		{83D0FBEA-FCCE-42BB-B0E3-E51FD9B3D8EA}.Deployment|Any CPU.ActiveCfg = Debug|Any CPU
		{83D0FBEA-FCCE-42BB-B0E3-E51FD9B3D8EA}.Deployment|Any CPU.Build.0 = Debug|Any CPU
		{83D0FBEA-FCCE-42BB-B0E3-E51FD9B3D8EA}.Deployment|Mixed Platforms.ActiveCfg = Debug|Any CPU
		{83D0FBEA-FCCE-42BB-B0E3-E51FD9B3D8EA}.Deployment|Mixed Platforms.Build.0 = Debug|Any CPU
		{83D0FBEA-FCCE-42BB-B0E3-E51FD9B3D8EA}.Deployment|x86.ActiveCfg = Debug|Any CPU
		{83D0FBEA-FCCE-42BB-B0E3-E51FD9B3D8EA}.Release|Any CPU.ActiveCfg = Release|Any CPU
		{83D0FBEA-FCCE-42BB-B0E3-E51FD9B3D8EA}.Release|Any CPU.Build.0 = Release|Any CPU
		{83D0FBEA-FCCE-42BB-B0E3-E51FD9B3D8EA}.Release|Mixed Platforms.ActiveCfg = Release|Any CPU
		{83D0FBEA-FCCE-42BB-B0E3-E51FD9B3D8EA}.Release|Mixed Platforms.Build.0 = Release|Any CPU
		{83D0FBEA-FCCE-42BB-B0E3-E51FD9B3D8EA}.Release|x86.ActiveCfg = Release|Any CPU
		{923BA357-4D7B-4080-ABDC-095633012F8E}.Debug|Any CPU.ActiveCfg = Debug|Any CPU
		{923BA357-4D7B-4080-ABDC-095633012F8E}.Debug|Any CPU.Build.0 = Debug|Any CPU
		{923BA357-4D7B-4080-ABDC-095633012F8E}.Debug|Mixed Platforms.ActiveCfg = Debug|Any CPU
		{923BA357-4D7B-4080-ABDC-095633012F8E}.Debug|Mixed Platforms.Build.0 = Debug|Any CPU
		{923BA357-4D7B-4080-ABDC-095633012F8E}.Debug|x86.ActiveCfg = Debug|Any CPU
		{923BA357-4D7B-4080-ABDC-095633012F8E}.Deployment|Any CPU.ActiveCfg = Debug|Any CPU
		{923BA357-4D7B-4080-ABDC-095633012F8E}.Deployment|Any CPU.Build.0 = Debug|Any CPU
		{923BA357-4D7B-4080-ABDC-095633012F8E}.Deployment|Mixed Platforms.ActiveCfg = Debug|Any CPU
		{923BA357-4D7B-4080-ABDC-095633012F8E}.Deployment|Mixed Platforms.Build.0 = Debug|Any CPU
		{923BA357-4D7B-4080-ABDC-095633012F8E}.Deployment|x86.ActiveCfg = Debug|Any CPU
		{923BA357-4D7B-4080-ABDC-095633012F8E}.Release|Any CPU.ActiveCfg = Release|Any CPU
		{923BA357-4D7B-4080-ABDC-095633012F8E}.Release|Any CPU.Build.0 = Release|Any CPU
		{923BA357-4D7B-4080-ABDC-095633012F8E}.Release|Mixed Platforms.ActiveCfg = Release|Any CPU
		{923BA357-4D7B-4080-ABDC-095633012F8E}.Release|Mixed Platforms.Build.0 = Release|Any CPU
		{923BA357-4D7B-4080-ABDC-095633012F8E}.Release|x86.ActiveCfg = Release|Any CPU
		{75607E88-161B-47E3-8D85-5289E0BD6394}.Debug|Any CPU.ActiveCfg = Debug|Any CPU
		{75607E88-161B-47E3-8D85-5289E0BD6394}.Debug|Any CPU.Build.0 = Debug|Any CPU
		{75607E88-161B-47E3-8D85-5289E0BD6394}.Debug|Mixed Platforms.ActiveCfg = Debug|Any CPU
		{75607E88-161B-47E3-8D85-5289E0BD6394}.Debug|Mixed Platforms.Build.0 = Debug|Any CPU
		{75607E88-161B-47E3-8D85-5289E0BD6394}.Debug|x86.ActiveCfg = Debug|Any CPU
		{75607E88-161B-47E3-8D85-5289E0BD6394}.Deployment|Any CPU.ActiveCfg = Debug|Any CPU
		{75607E88-161B-47E3-8D85-5289E0BD6394}.Deployment|Any CPU.Build.0 = Debug|Any CPU
		{75607E88-161B-47E3-8D85-5289E0BD6394}.Deployment|Mixed Platforms.ActiveCfg = Debug|Any CPU
		{75607E88-161B-47E3-8D85-5289E0BD6394}.Deployment|Mixed Platforms.Build.0 = Debug|Any CPU
		{75607E88-161B-47E3-8D85-5289E0BD6394}.Deployment|x86.ActiveCfg = Debug|Any CPU
		{75607E88-161B-47E3-8D85-5289E0BD6394}.Release|Any CPU.ActiveCfg = Release|Any CPU
		{75607E88-161B-47E3-8D85-5289E0BD6394}.Release|Any CPU.Build.0 = Release|Any CPU
		{75607E88-161B-47E3-8D85-5289E0BD6394}.Release|Mixed Platforms.ActiveCfg = Release|Any CPU
		{75607E88-161B-47E3-8D85-5289E0BD6394}.Release|Mixed Platforms.Build.0 = Release|Any CPU
		{75607E88-161B-47E3-8D85-5289E0BD6394}.Release|x86.ActiveCfg = Release|Any CPU
		{0E73947B-BE6E-4949-9F53-B4479DD3682C}.Debug|Any CPU.ActiveCfg = Debug|Any CPU
		{0E73947B-BE6E-4949-9F53-B4479DD3682C}.Debug|Any CPU.Build.0 = Debug|Any CPU
		{0E73947B-BE6E-4949-9F53-B4479DD3682C}.Debug|Mixed Platforms.ActiveCfg = Debug|Any CPU
		{0E73947B-BE6E-4949-9F53-B4479DD3682C}.Debug|Mixed Platforms.Build.0 = Debug|Any CPU
		{0E73947B-BE6E-4949-9F53-B4479DD3682C}.Debug|x86.ActiveCfg = Debug|Any CPU
		{0E73947B-BE6E-4949-9F53-B4479DD3682C}.Deployment|Any CPU.ActiveCfg = Debug|Any CPU
		{0E73947B-BE6E-4949-9F53-B4479DD3682C}.Deployment|Any CPU.Build.0 = Debug|Any CPU
		{0E73947B-BE6E-4949-9F53-B4479DD3682C}.Deployment|Mixed Platforms.ActiveCfg = Debug|Any CPU
		{0E73947B-BE6E-4949-9F53-B4479DD3682C}.Deployment|Mixed Platforms.Build.0 = Debug|Any CPU
		{0E73947B-BE6E-4949-9F53-B4479DD3682C}.Deployment|x86.ActiveCfg = Debug|Any CPU
		{0E73947B-BE6E-4949-9F53-B4479DD3682C}.Release|Any CPU.ActiveCfg = Release|Any CPU
		{0E73947B-BE6E-4949-9F53-B4479DD3682C}.Release|Any CPU.Build.0 = Release|Any CPU
		{0E73947B-BE6E-4949-9F53-B4479DD3682C}.Release|Mixed Platforms.ActiveCfg = Release|Any CPU
		{0E73947B-BE6E-4949-9F53-B4479DD3682C}.Release|Mixed Platforms.Build.0 = Release|Any CPU
		{0E73947B-BE6E-4949-9F53-B4479DD3682C}.Release|x86.ActiveCfg = Release|Any CPU
		{EA3D0EB3-2723-4F17-BA76-7963F7506B6A}.Debug|Any CPU.ActiveCfg = Debug|Any CPU
		{EA3D0EB3-2723-4F17-BA76-7963F7506B6A}.Debug|Any CPU.Build.0 = Debug|Any CPU
		{EA3D0EB3-2723-4F17-BA76-7963F7506B6A}.Debug|Mixed Platforms.ActiveCfg = Debug|Any CPU
		{EA3D0EB3-2723-4F17-BA76-7963F7506B6A}.Debug|Mixed Platforms.Build.0 = Debug|Any CPU
		{EA3D0EB3-2723-4F17-BA76-7963F7506B6A}.Debug|x86.ActiveCfg = Debug|Any CPU
		{EA3D0EB3-2723-4F17-BA76-7963F7506B6A}.Deployment|Any CPU.ActiveCfg = Debug|Any CPU
		{EA3D0EB3-2723-4F17-BA76-7963F7506B6A}.Deployment|Any CPU.Build.0 = Debug|Any CPU
		{EA3D0EB3-2723-4F17-BA76-7963F7506B6A}.Deployment|Mixed Platforms.ActiveCfg = Debug|Any CPU
		{EA3D0EB3-2723-4F17-BA76-7963F7506B6A}.Deployment|Mixed Platforms.Build.0 = Debug|Any CPU
		{EA3D0EB3-2723-4F17-BA76-7963F7506B6A}.Deployment|x86.ActiveCfg = Debug|Any CPU
		{EA3D0EB3-2723-4F17-BA76-7963F7506B6A}.Release|Any CPU.ActiveCfg = Release|Any CPU
		{EA3D0EB3-2723-4F17-BA76-7963F7506B6A}.Release|Any CPU.Build.0 = Release|Any CPU
		{EA3D0EB3-2723-4F17-BA76-7963F7506B6A}.Release|Mixed Platforms.ActiveCfg = Release|Any CPU
		{EA3D0EB3-2723-4F17-BA76-7963F7506B6A}.Release|Mixed Platforms.Build.0 = Release|Any CPU
		{EA3D0EB3-2723-4F17-BA76-7963F7506B6A}.Release|x86.ActiveCfg = Release|Any CPU
	EndGlobalSection
	GlobalSection(SolutionProperties) = preSolution
		HideSolutionNode = FALSE
	EndGlobalSection
EndGlobal
