
Microsoft Visual Studio Solution File, Format Version 11.00
# Visual Studio 2010
Project("{2150E333-8FDC-42A3-9474-1A3956D46DE8}") = "Solution Items", "Solution Items", "{80884946-08FB-4C55-A3FB-C64E89C06092}"
	ProjectSection(SolutionItems) = preProject
		Local.testsettings = Local.testsettings
		TechnosoftLibrary.vsmdi = TechnosoftLibrary.vsmdi
		TraceAndTestImpact.testsettings = TraceAndTestImpact.testsettings
	EndProjectSection
EndProject
Project("{FAE04EC0-301F-11D3-BF4B-00C04F79EFBC}") = "TechnosoftLibrary", "TechnosoftLibrary.csproj", "{1BEB833E-1D00-4886-BE2C-A150B88BBCA9}"
EndProject
Project("{FAE04EC0-301F-11D3-BF4B-00C04F79EFBC}") = "Utils", "..\Utils\Utils.csproj", "{C14C6F19-386A-4A2B-BBB5-0395551D4EF1}"
EndProject
Project("{F184B08F-C81C-45F6-A57F-5ABD9991F28F}") = "UcanDotNET", "UcanDotNET\UcanDotNET.vbproj", "{CAEEC669-8001-4F0D-A16A-2CADDDC24E97}"
EndProject
Project("{FAE04EC0-301F-11D3-BF4B-00C04F79EFBC}") = "TechnosoftLibraryTestApp", "TechnosoftLibraryTestApp\TechnosoftLibraryTestApp.csproj", "{F11C7B8E-F409-4BDF-9DA9-2184C5088447}"
EndProject
Project("{FAE04EC0-301F-11D3-BF4B-00C04F79EFBC}") = "TechnosoftUnitTests_old", "TechnosoftUnitTests_old\TechnosoftUnitTests_old.csproj", "{5074385A-9D51-42BA-8288-9DA65B657D70}"
EndProject
Project("{FAE04EC0-301F-11D3-BF4B-00C04F79EFBC}") = "TechnosoftUnitTests", "TechnosoftUnitTests\TechnosoftUnitTests.csproj", "{601902D2-2184-4D74-B845-47AAED225BF7}"
EndProject
Project("{FAE04EC0-301F-11D3-BF4B-00C04F79EFBC}") = "TMLLibCSharpConsoleTestApp", "TMLLibCSharpConsoleTestApp\TMLLibCSharpConsoleTestApp.csproj", "{D7366539-B73A-493F-825B-15DBB642C8A7}"
EndProject
Global
	GlobalSection(TestCaseManagementSettings) = postSolution
		CategoryFile = TechnosoftLibrary.vsmdi
	EndGlobalSection
	GlobalSection(SolutionConfigurationPlatforms) = preSolution
		Debug multithread|Any CPU = Debug multithread|Any CPU
		Debug multithread|Mixed Platforms = Debug multithread|Mixed Platforms
		Debug multithread|x64 = Debug multithread|x64
		Debug multithread|x86 = Debug multithread|x86
		Debug|Any CPU = Debug|Any CPU
		Debug|Mixed Platforms = Debug|Mixed Platforms
		Debug|x64 = Debug|x64
		Debug|x86 = Debug|x86
		Release multithread|Any CPU = Release multithread|Any CPU
		Release multithread|Mixed Platforms = Release multithread|Mixed Platforms
		Release multithread|x64 = Release multithread|x64
		Release multithread|x86 = Release multithread|x86
		Release|Any CPU = Release|Any CPU
		Release|Mixed Platforms = Release|Mixed Platforms
		Release|x64 = Release|x64
		Release|x86 = Release|x86
	EndGlobalSection
	GlobalSection(ProjectConfigurationPlatforms) = postSolution
		{1BEB833E-1D00-4886-BE2C-A150B88BBCA9}.Debug multithread|Any CPU.ActiveCfg = Debug|Any CPU
		{1BEB833E-1D00-4886-BE2C-A150B88BBCA9}.Debug multithread|Any CPU.Build.0 = Debug|Any CPU
		{1BEB833E-1D00-4886-BE2C-A150B88BBCA9}.Debug multithread|Mixed Platforms.ActiveCfg = Debug|Any CPU
		{1BEB833E-1D00-4886-BE2C-A150B88BBCA9}.Debug multithread|Mixed Platforms.Build.0 = Debug|Any CPU
		{1BEB833E-1D00-4886-BE2C-A150B88BBCA9}.Debug multithread|x64.ActiveCfg = Debug|Any CPU
		{1BEB833E-1D00-4886-BE2C-A150B88BBCA9}.Debug multithread|x86.ActiveCfg = Debug|Any CPU
		{1BEB833E-1D00-4886-BE2C-A150B88BBCA9}.Debug|Any CPU.ActiveCfg = Debug|Any CPU
		{1BEB833E-1D00-4886-BE2C-A150B88BBCA9}.Debug|Any CPU.Build.0 = Debug|Any CPU
		{1BEB833E-1D00-4886-BE2C-A150B88BBCA9}.Debug|Mixed Platforms.ActiveCfg = Debug|Any CPU
		{1BEB833E-1D00-4886-BE2C-A150B88BBCA9}.Debug|Mixed Platforms.Build.0 = Debug|Any CPU
		{1BEB833E-1D00-4886-BE2C-A150B88BBCA9}.Debug|x64.ActiveCfg = Debug|Any CPU
		{1BEB833E-1D00-4886-BE2C-A150B88BBCA9}.Debug|x86.ActiveCfg = Debug|Any CPU
		{1BEB833E-1D00-4886-BE2C-A150B88BBCA9}.Release multithread|Any CPU.ActiveCfg = Release|Any CPU
		{1BEB833E-1D00-4886-BE2C-A150B88BBCA9}.Release multithread|Any CPU.Build.0 = Release|Any CPU
		{1BEB833E-1D00-4886-BE2C-A150B88BBCA9}.Release multithread|Mixed Platforms.ActiveCfg = Release|Any CPU
		{1BEB833E-1D00-4886-BE2C-A150B88BBCA9}.Release multithread|Mixed Platforms.Build.0 = Release|Any CPU
		{1BEB833E-1D00-4886-BE2C-A150B88BBCA9}.Release multithread|x64.ActiveCfg = Release|Any CPU
		{1BEB833E-1D00-4886-BE2C-A150B88BBCA9}.Release multithread|x86.ActiveCfg = Release|Any CPU
		{1BEB833E-1D00-4886-BE2C-A150B88BBCA9}.Release|Any CPU.ActiveCfg = Release|Any CPU
		{1BEB833E-1D00-4886-BE2C-A150B88BBCA9}.Release|Any CPU.Build.0 = Release|Any CPU
		{1BEB833E-1D00-4886-BE2C-A150B88BBCA9}.Release|Mixed Platforms.ActiveCfg = Release|Any CPU
		{1BEB833E-1D00-4886-BE2C-A150B88BBCA9}.Release|Mixed Platforms.Build.0 = Release|Any CPU
		{1BEB833E-1D00-4886-BE2C-A150B88BBCA9}.Release|x64.ActiveCfg = Release|Any CPU
		{1BEB833E-1D00-4886-BE2C-A150B88BBCA9}.Release|x86.ActiveCfg = Release|Any CPU
		{C14C6F19-386A-4A2B-BBB5-0395551D4EF1}.Debug multithread|Any CPU.ActiveCfg = Debug|Any CPU
		{C14C6F19-386A-4A2B-BBB5-0395551D4EF1}.Debug multithread|Any CPU.Build.0 = Debug|Any CPU
		{C14C6F19-386A-4A2B-BBB5-0395551D4EF1}.Debug multithread|Mixed Platforms.ActiveCfg = Debug|Any CPU
		{C14C6F19-386A-4A2B-BBB5-0395551D4EF1}.Debug multithread|Mixed Platforms.Build.0 = Debug|Any CPU
		{C14C6F19-386A-4A2B-BBB5-0395551D4EF1}.Debug multithread|x64.ActiveCfg = Debug|Any CPU
		{C14C6F19-386A-4A2B-BBB5-0395551D4EF1}.Debug multithread|x86.ActiveCfg = Debug|Any CPU
		{C14C6F19-386A-4A2B-BBB5-0395551D4EF1}.Debug|Any CPU.ActiveCfg = Debug|Any CPU
		{C14C6F19-386A-4A2B-BBB5-0395551D4EF1}.Debug|Any CPU.Build.0 = Debug|Any CPU
		{C14C6F19-386A-4A2B-BBB5-0395551D4EF1}.Debug|Mixed Platforms.ActiveCfg = Debug|Any CPU
		{C14C6F19-386A-4A2B-BBB5-0395551D4EF1}.Debug|Mixed Platforms.Build.0 = Debug|Any CPU
		{C14C6F19-386A-4A2B-BBB5-0395551D4EF1}.Debug|x64.ActiveCfg = Debug|Any CPU
		{C14C6F19-386A-4A2B-BBB5-0395551D4EF1}.Debug|x86.ActiveCfg = Debug|Any CPU
		{C14C6F19-386A-4A2B-BBB5-0395551D4EF1}.Release multithread|Any CPU.ActiveCfg = Release|Any CPU
		{C14C6F19-386A-4A2B-BBB5-0395551D4EF1}.Release multithread|Any CPU.Build.0 = Release|Any CPU
		{C14C6F19-386A-4A2B-BBB5-0395551D4EF1}.Release multithread|Mixed Platforms.ActiveCfg = Release|Any CPU
		{C14C6F19-386A-4A2B-BBB5-0395551D4EF1}.Release multithread|Mixed Platforms.Build.0 = Release|Any CPU
		{C14C6F19-386A-4A2B-BBB5-0395551D4EF1}.Release multithread|x64.ActiveCfg = Release|Any CPU
		{C14C6F19-386A-4A2B-BBB5-0395551D4EF1}.Release multithread|x86.ActiveCfg = Release|Any CPU
		{C14C6F19-386A-4A2B-BBB5-0395551D4EF1}.Release|Any CPU.ActiveCfg = Release|Any CPU
		{C14C6F19-386A-4A2B-BBB5-0395551D4EF1}.Release|Any CPU.Build.0 = Release|Any CPU
		{C14C6F19-386A-4A2B-BBB5-0395551D4EF1}.Release|Mixed Platforms.ActiveCfg = Release|Any CPU
		{C14C6F19-386A-4A2B-BBB5-0395551D4EF1}.Release|Mixed Platforms.Build.0 = Release|Any CPU
		{C14C6F19-386A-4A2B-BBB5-0395551D4EF1}.Release|x64.ActiveCfg = Release|Any CPU
		{C14C6F19-386A-4A2B-BBB5-0395551D4EF1}.Release|x86.ActiveCfg = Release|Any CPU
		{CAEEC669-8001-4F0D-A16A-2CADDDC24E97}.Debug multithread|Any CPU.ActiveCfg = Debug|Any CPU
		{CAEEC669-8001-4F0D-A16A-2CADDDC24E97}.Debug multithread|Any CPU.Build.0 = Debug|Any CPU
		{CAEEC669-8001-4F0D-A16A-2CADDDC24E97}.Debug multithread|Mixed Platforms.ActiveCfg = Debug|Any CPU
		{CAEEC669-8001-4F0D-A16A-2CADDDC24E97}.Debug multithread|Mixed Platforms.Build.0 = Debug|Any CPU
		{CAEEC669-8001-4F0D-A16A-2CADDDC24E97}.Debug multithread|x64.ActiveCfg = Debug|Any CPU
		{CAEEC669-8001-4F0D-A16A-2CADDDC24E97}.Debug multithread|x86.ActiveCfg = Debug|Any CPU
		{CAEEC669-8001-4F0D-A16A-2CADDDC24E97}.Debug|Any CPU.ActiveCfg = Debug|Any CPU
		{CAEEC669-8001-4F0D-A16A-2CADDDC24E97}.Debug|Any CPU.Build.0 = Debug|Any CPU
		{CAEEC669-8001-4F0D-A16A-2CADDDC24E97}.Debug|Mixed Platforms.ActiveCfg = Debug|Any CPU
		{CAEEC669-8001-4F0D-A16A-2CADDDC24E97}.Debug|Mixed Platforms.Build.0 = Debug|Any CPU
		{CAEEC669-8001-4F0D-A16A-2CADDDC24E97}.Debug|x64.ActiveCfg = Debug|Any CPU
		{CAEEC669-8001-4F0D-A16A-2CADDDC24E97}.Debug|x86.ActiveCfg = Debug|Any CPU
		{CAEEC669-8001-4F0D-A16A-2CADDDC24E97}.Release multithread|Any CPU.ActiveCfg = Release|Any CPU
		{CAEEC669-8001-4F0D-A16A-2CADDDC24E97}.Release multithread|Any CPU.Build.0 = Release|Any CPU
		{CAEEC669-8001-4F0D-A16A-2CADDDC24E97}.Release multithread|Mixed Platforms.ActiveCfg = Release|Any CPU
		{CAEEC669-8001-4F0D-A16A-2CADDDC24E97}.Release multithread|Mixed Platforms.Build.0 = Release|Any CPU
		{CAEEC669-8001-4F0D-A16A-2CADDDC24E97}.Release multithread|x64.ActiveCfg = Release|Any CPU
		{CAEEC669-8001-4F0D-A16A-2CADDDC24E97}.Release multithread|x86.ActiveCfg = Release|Any CPU
		{CAEEC669-8001-4F0D-A16A-2CADDDC24E97}.Release|Any CPU.ActiveCfg = Release|Any CPU
		{CAEEC669-8001-4F0D-A16A-2CADDDC24E97}.Release|Any CPU.Build.0 = Release|Any CPU
		{CAEEC669-8001-4F0D-A16A-2CADDDC24E97}.Release|Mixed Platforms.ActiveCfg = Release|Any CPU
		{CAEEC669-8001-4F0D-A16A-2CADDDC24E97}.Release|Mixed Platforms.Build.0 = Release|Any CPU
		{CAEEC669-8001-4F0D-A16A-2CADDDC24E97}.Release|x64.ActiveCfg = Release|Any CPU
		{CAEEC669-8001-4F0D-A16A-2CADDDC24E97}.Release|x86.ActiveCfg = Release|Any CPU
		{F11C7B8E-F409-4BDF-9DA9-2184C5088447}.Debug multithread|Any CPU.ActiveCfg = Debug|Any CPU
		{F11C7B8E-F409-4BDF-9DA9-2184C5088447}.Debug multithread|Any CPU.Build.0 = Debug|Any CPU
		{F11C7B8E-F409-4BDF-9DA9-2184C5088447}.Debug multithread|Mixed Platforms.ActiveCfg = Debug|Any CPU
		{F11C7B8E-F409-4BDF-9DA9-2184C5088447}.Debug multithread|Mixed Platforms.Build.0 = Debug|Any CPU
		{F11C7B8E-F409-4BDF-9DA9-2184C5088447}.Debug multithread|x64.ActiveCfg = Debug|Any CPU
		{F11C7B8E-F409-4BDF-9DA9-2184C5088447}.Debug multithread|x86.ActiveCfg = Debug|Any CPU
		{F11C7B8E-F409-4BDF-9DA9-2184C5088447}.Debug|Any CPU.ActiveCfg = Debug|Any CPU
		{F11C7B8E-F409-4BDF-9DA9-2184C5088447}.Debug|Any CPU.Build.0 = Debug|Any CPU
		{F11C7B8E-F409-4BDF-9DA9-2184C5088447}.Debug|Mixed Platforms.ActiveCfg = Debug|Any CPU
		{F11C7B8E-F409-4BDF-9DA9-2184C5088447}.Debug|Mixed Platforms.Build.0 = Debug|Any CPU
		{F11C7B8E-F409-4BDF-9DA9-2184C5088447}.Debug|x64.ActiveCfg = Debug|Any CPU
		{F11C7B8E-F409-4BDF-9DA9-2184C5088447}.Debug|x86.ActiveCfg = Debug|Any CPU
		{F11C7B8E-F409-4BDF-9DA9-2184C5088447}.Release multithread|Any CPU.ActiveCfg = Release|Any CPU
		{F11C7B8E-F409-4BDF-9DA9-2184C5088447}.Release multithread|Any CPU.Build.0 = Release|Any CPU
		{F11C7B8E-F409-4BDF-9DA9-2184C5088447}.Release multithread|Mixed Platforms.ActiveCfg = Release|Any CPU
		{F11C7B8E-F409-4BDF-9DA9-2184C5088447}.Release multithread|Mixed Platforms.Build.0 = Release|Any CPU
		{F11C7B8E-F409-4BDF-9DA9-2184C5088447}.Release multithread|x64.ActiveCfg = Release|Any CPU
		{F11C7B8E-F409-4BDF-9DA9-2184C5088447}.Release multithread|x86.ActiveCfg = Release|Any CPU
		{F11C7B8E-F409-4BDF-9DA9-2184C5088447}.Release|Any CPU.ActiveCfg = Release|Any CPU
		{F11C7B8E-F409-4BDF-9DA9-2184C5088447}.Release|Any CPU.Build.0 = Release|Any CPU
		{F11C7B8E-F409-4BDF-9DA9-2184C5088447}.Release|Mixed Platforms.ActiveCfg = Release|Any CPU
		{F11C7B8E-F409-4BDF-9DA9-2184C5088447}.Release|Mixed Platforms.Build.0 = Release|Any CPU
		{F11C7B8E-F409-4BDF-9DA9-2184C5088447}.Release|x64.ActiveCfg = Release|Any CPU
		{F11C7B8E-F409-4BDF-9DA9-2184C5088447}.Release|x86.ActiveCfg = Release|Any CPU
		{5074385A-9D51-42BA-8288-9DA65B657D70}.Debug multithread|Any CPU.ActiveCfg = Debug|Any CPU
		{5074385A-9D51-42BA-8288-9DA65B657D70}.Debug multithread|Any CPU.Build.0 = Debug|Any CPU
		{5074385A-9D51-42BA-8288-9DA65B657D70}.Debug multithread|Mixed Platforms.ActiveCfg = Debug|Any CPU
		{5074385A-9D51-42BA-8288-9DA65B657D70}.Debug multithread|Mixed Platforms.Build.0 = Debug|Any CPU
		{5074385A-9D51-42BA-8288-9DA65B657D70}.Debug multithread|x64.ActiveCfg = Debug|Any CPU
		{5074385A-9D51-42BA-8288-9DA65B657D70}.Debug multithread|x86.ActiveCfg = Debug|Any CPU
		{5074385A-9D51-42BA-8288-9DA65B657D70}.Debug|Any CPU.ActiveCfg = Debug|Any CPU
		{5074385A-9D51-42BA-8288-9DA65B657D70}.Debug|Any CPU.Build.0 = Debug|Any CPU
		{5074385A-9D51-42BA-8288-9DA65B657D70}.Debug|Mixed Platforms.ActiveCfg = Debug|Any CPU
		{5074385A-9D51-42BA-8288-9DA65B657D70}.Debug|Mixed Platforms.Build.0 = Debug|Any CPU
		{5074385A-9D51-42BA-8288-9DA65B657D70}.Debug|x64.ActiveCfg = Debug|Any CPU
		{5074385A-9D51-42BA-8288-9DA65B657D70}.Debug|x86.ActiveCfg = Debug|Any CPU
		{5074385A-9D51-42BA-8288-9DA65B657D70}.Release multithread|Any CPU.ActiveCfg = Release|Any CPU
		{5074385A-9D51-42BA-8288-9DA65B657D70}.Release multithread|Any CPU.Build.0 = Release|Any CPU
		{5074385A-9D51-42BA-8288-9DA65B657D70}.Release multithread|Mixed Platforms.ActiveCfg = Release|Any CPU
		{5074385A-9D51-42BA-8288-9DA65B657D70}.Release multithread|Mixed Platforms.Build.0 = Release|Any CPU
		{5074385A-9D51-42BA-8288-9DA65B657D70}.Release multithread|x64.ActiveCfg = Release|Any CPU
		{5074385A-9D51-42BA-8288-9DA65B657D70}.Release multithread|x86.ActiveCfg = Release|Any CPU
		{5074385A-9D51-42BA-8288-9DA65B657D70}.Release|Any CPU.ActiveCfg = Release|Any CPU
		{5074385A-9D51-42BA-8288-9DA65B657D70}.Release|Any CPU.Build.0 = Release|Any CPU
		{5074385A-9D51-42BA-8288-9DA65B657D70}.Release|Mixed Platforms.ActiveCfg = Release|Any CPU
		{5074385A-9D51-42BA-8288-9DA65B657D70}.Release|Mixed Platforms.Build.0 = Release|Any CPU
		{5074385A-9D51-42BA-8288-9DA65B657D70}.Release|x64.ActiveCfg = Release|Any CPU
		{5074385A-9D51-42BA-8288-9DA65B657D70}.Release|x86.ActiveCfg = Release|Any CPU
		{601902D2-2184-4D74-B845-47AAED225BF7}.Debug multithread|Any CPU.ActiveCfg = Debug|Any CPU
		{601902D2-2184-4D74-B845-47AAED225BF7}.Debug multithread|Any CPU.Build.0 = Debug|Any CPU
		{601902D2-2184-4D74-B845-47AAED225BF7}.Debug multithread|Mixed Platforms.ActiveCfg = Debug|Any CPU
		{601902D2-2184-4D74-B845-47AAED225BF7}.Debug multithread|Mixed Platforms.Build.0 = Debug|Any CPU
		{601902D2-2184-4D74-B845-47AAED225BF7}.Debug multithread|x64.ActiveCfg = Debug|Any CPU
		{601902D2-2184-4D74-B845-47AAED225BF7}.Debug multithread|x86.ActiveCfg = Debug|Any CPU
		{601902D2-2184-4D74-B845-47AAED225BF7}.Debug|Any CPU.ActiveCfg = Debug|Any CPU
		{601902D2-2184-4D74-B845-47AAED225BF7}.Debug|Any CPU.Build.0 = Debug|Any CPU
		{601902D2-2184-4D74-B845-47AAED225BF7}.Debug|Mixed Platforms.ActiveCfg = Debug|Any CPU
		{601902D2-2184-4D74-B845-47AAED225BF7}.Debug|Mixed Platforms.Build.0 = Debug|Any CPU
		{601902D2-2184-4D74-B845-47AAED225BF7}.Debug|x64.ActiveCfg = Debug|Any CPU
		{601902D2-2184-4D74-B845-47AAED225BF7}.Debug|x86.ActiveCfg = Debug|Any CPU
		{601902D2-2184-4D74-B845-47AAED225BF7}.Release multithread|Any CPU.ActiveCfg = Release|Any CPU
		{601902D2-2184-4D74-B845-47AAED225BF7}.Release multithread|Any CPU.Build.0 = Release|Any CPU
		{601902D2-2184-4D74-B845-47AAED225BF7}.Release multithread|Mixed Platforms.ActiveCfg = Release|Any CPU
		{601902D2-2184-4D74-B845-47AAED225BF7}.Release multithread|Mixed Platforms.Build.0 = Release|Any CPU
		{601902D2-2184-4D74-B845-47AAED225BF7}.Release multithread|x64.ActiveCfg = Release|Any CPU
		{601902D2-2184-4D74-B845-47AAED225BF7}.Release multithread|x86.ActiveCfg = Release|Any CPU
		{601902D2-2184-4D74-B845-47AAED225BF7}.Release|Any CPU.ActiveCfg = Release|Any CPU
		{601902D2-2184-4D74-B845-47AAED225BF7}.Release|Any CPU.Build.0 = Release|Any CPU
		{601902D2-2184-4D74-B845-47AAED225BF7}.Release|Mixed Platforms.ActiveCfg = Release|Any CPU
		{601902D2-2184-4D74-B845-47AAED225BF7}.Release|Mixed Platforms.Build.0 = Release|Any CPU
		{601902D2-2184-4D74-B845-47AAED225BF7}.Release|x64.ActiveCfg = Release|Any CPU
		{601902D2-2184-4D74-B845-47AAED225BF7}.Release|x86.ActiveCfg = Release|Any CPU
		{D7366539-B73A-493F-825B-15DBB642C8A7}.Debug multithread|Any CPU.ActiveCfg = Debug multithread|Any CPU
		{D7366539-B73A-493F-825B-15DBB642C8A7}.Debug multithread|Any CPU.Build.0 = Debug multithread|Any CPU
		{D7366539-B73A-493F-825B-15DBB642C8A7}.Debug multithread|Mixed Platforms.ActiveCfg = Debug multithread|Any CPU
		{D7366539-B73A-493F-825B-15DBB642C8A7}.Debug multithread|Mixed Platforms.Build.0 = Debug multithread|Any CPU
		{D7366539-B73A-493F-825B-15DBB642C8A7}.Debug multithread|x64.ActiveCfg = Debug multithread|Any CPU
		{D7366539-B73A-493F-825B-15DBB642C8A7}.Debug multithread|x86.ActiveCfg = Debug multithread|Any CPU
		{D7366539-B73A-493F-825B-15DBB642C8A7}.Debug|Any CPU.ActiveCfg = Debug|Any CPU
		{D7366539-B73A-493F-825B-15DBB642C8A7}.Debug|Any CPU.Build.0 = Debug|Any CPU
		{D7366539-B73A-493F-825B-15DBB642C8A7}.Debug|Mixed Platforms.ActiveCfg = Debug|Any CPU
		{D7366539-B73A-493F-825B-15DBB642C8A7}.Debug|Mixed Platforms.Build.0 = Debug|Any CPU
		{D7366539-B73A-493F-825B-15DBB642C8A7}.Debug|x64.ActiveCfg = Debug|Any CPU
		{D7366539-B73A-493F-825B-15DBB642C8A7}.Debug|x86.ActiveCfg = Debug|Any CPU
		{D7366539-B73A-493F-825B-15DBB642C8A7}.Release multithread|Any CPU.ActiveCfg = Release multithread|Any CPU
		{D7366539-B73A-493F-825B-15DBB642C8A7}.Release multithread|Any CPU.Build.0 = Release multithread|Any CPU
		{D7366539-B73A-493F-825B-15DBB642C8A7}.Release multithread|Mixed Platforms.ActiveCfg = Release multithread|Any CPU
		{D7366539-B73A-493F-825B-15DBB642C8A7}.Release multithread|Mixed Platforms.Build.0 = Release multithread|Any CPU
		{D7366539-B73A-493F-825B-15DBB642C8A7}.Release multithread|x64.ActiveCfg = Release multithread|Any CPU
		{D7366539-B73A-493F-825B-15DBB642C8A7}.Release multithread|x86.ActiveCfg = Release multithread|Any CPU
		{D7366539-B73A-493F-825B-15DBB642C8A7}.Release|Any CPU.ActiveCfg = Release|Any CPU
		{D7366539-B73A-493F-825B-15DBB642C8A7}.Release|Any CPU.Build.0 = Release|Any CPU
		{D7366539-B73A-493F-825B-15DBB642C8A7}.Release|Mixed Platforms.ActiveCfg = Release|Any CPU
		{D7366539-B73A-493F-825B-15DBB642C8A7}.Release|Mixed Platforms.Build.0 = Release|Any CPU
		{D7366539-B73A-493F-825B-15DBB642C8A7}.Release|x64.ActiveCfg = Release|Any CPU
		{D7366539-B73A-493F-825B-15DBB642C8A7}.Release|x86.ActiveCfg = Release|Any CPU
	EndGlobalSection
	GlobalSection(SolutionProperties) = preSolution
		HideSolutionNode = FALSE
	EndGlobalSection
EndGlobal
