
Microsoft Visual Studio Solution File, Format Version 11.00
# Visual Studio 2010
Project("{FAE04EC0-301F-11D3-BF4B-00C04F79EFBC}") = "GreenMachine", "GreenMachine.csproj", "{30B8D7B0-C821-467B-8E95-3EEABE56F5F5}"
EndProject
Project("{FAE04EC0-301F-11D3-BF4B-00C04F79EFBC}") = "DeviceInterface", "..\Shared\DeviceInterface\DeviceInterface.csproj", "{C11032AE-E7CA-4B7F-B672-1CC2EB904578}"
EndProject
Project("{FAE04EC0-301F-11D3-BF4B-00C04F79EFBC}") = "LibraryInterfaces", "..\Shared\LibraryInterfaces\LibraryInterfaces.csproj", "{96B9F9BF-63FD-43BE-A65F-F68D314129AF}"
EndProject
Project("{FAE04EC0-301F-11D3-BF4B-00C04F79EFBC}") = "ComponentModel", "..\..\..\thirdparty\MEF2\src\ComponentModel\ComponentModel.csproj", "{1BBA5101-D4F0-48B8-A5D6-7B23A099DCE3}"
EndProject
Project("{FAE04EC0-301F-11D3-BF4B-00C04F79EFBC}") = "IError", "..\Shared\IError\IError.csproj", "{F09F5A2A-4337-4A81-8599-B5B0E1E18ED5}"
EndProject
Project("{FAE04EC0-301F-11D3-BF4B-00C04F79EFBC}") = "PlateDefs", "..\Shared\PlateDefs\PlateDefs.csproj", "{69A5ACD4-AA27-47C7-B095-D52B249DF3A5}"
EndProject
Project("{FAE04EC0-301F-11D3-BF4B-00C04F79EFBC}") = "Utils", "..\Shared\Utils\Utils.csproj", "{C14C6F19-386A-4A2B-BBB5-0395551D4EF1}"
EndProject
Project("{FAE04EC0-301F-11D3-BF4B-00C04F79EFBC}") = "TaskListXMLParser", "..\Shared\TaskListXMLParser\TaskListXMLParser.csproj", "{A2B509A4-B734-4CBE-B4B2-A39F5ADADBF3}"
EndProject
Project("{FAE04EC0-301F-11D3-BF4B-00C04F79EFBC}") = "HeavyUtils", "..\Shared\HeavyUtils\HeavyUtils\HeavyUtils.csproj", "{17DB2007-B1C0-442F-9229-B34204170EA4}"
EndProject
Project("{FAE04EC0-301F-11D3-BF4B-00C04F79EFBC}") = "Stateless", "..\..\..\thirdparty\Stateless\source_and_examples\Stateless\Stateless.csproj", "{A15EEC02-60EC-4705-A58B-A6ECD55A9628}"
EndProject
Global
	GlobalSection(SolutionConfigurationPlatforms) = preSolution
		Debug|Any CPU = Debug|Any CPU
		Deployment|Any CPU = Deployment|Any CPU
		HiG Integration|Any CPU = HiG Integration|Any CPU
		Release|Any CPU = Release|Any CPU
	EndGlobalSection
	GlobalSection(ProjectConfigurationPlatforms) = postSolution
		{30B8D7B0-C821-467B-8E95-3EEABE56F5F5}.Debug|Any CPU.ActiveCfg = Debug|Any CPU
		{30B8D7B0-C821-467B-8E95-3EEABE56F5F5}.Debug|Any CPU.Build.0 = Debug|Any CPU
		{30B8D7B0-C821-467B-8E95-3EEABE56F5F5}.Deployment|Any CPU.ActiveCfg = Debug|Any CPU
		{30B8D7B0-C821-467B-8E95-3EEABE56F5F5}.Deployment|Any CPU.Build.0 = Debug|Any CPU
		{30B8D7B0-C821-467B-8E95-3EEABE56F5F5}.HiG Integration|Any CPU.ActiveCfg = Release|Any CPU
		{30B8D7B0-C821-467B-8E95-3EEABE56F5F5}.HiG Integration|Any CPU.Build.0 = Release|Any CPU
		{30B8D7B0-C821-467B-8E95-3EEABE56F5F5}.Release|Any CPU.ActiveCfg = Release|Any CPU
		{30B8D7B0-C821-467B-8E95-3EEABE56F5F5}.Release|Any CPU.Build.0 = Release|Any CPU
		{C11032AE-E7CA-4B7F-B672-1CC2EB904578}.Debug|Any CPU.ActiveCfg = Debug|Any CPU
		{C11032AE-E7CA-4B7F-B672-1CC2EB904578}.Debug|Any CPU.Build.0 = Debug|Any CPU
		{C11032AE-E7CA-4B7F-B672-1CC2EB904578}.Deployment|Any CPU.ActiveCfg = Deployment|Any CPU
		{C11032AE-E7CA-4B7F-B672-1CC2EB904578}.Deployment|Any CPU.Build.0 = Deployment|Any CPU
		{C11032AE-E7CA-4B7F-B672-1CC2EB904578}.HiG Integration|Any CPU.ActiveCfg = Deployment|Any CPU
		{C11032AE-E7CA-4B7F-B672-1CC2EB904578}.HiG Integration|Any CPU.Build.0 = Deployment|Any CPU
		{C11032AE-E7CA-4B7F-B672-1CC2EB904578}.Release|Any CPU.ActiveCfg = Release|Any CPU
		{C11032AE-E7CA-4B7F-B672-1CC2EB904578}.Release|Any CPU.Build.0 = Release|Any CPU
		{96B9F9BF-63FD-43BE-A65F-F68D314129AF}.Debug|Any CPU.ActiveCfg = Debug|Any CPU
		{96B9F9BF-63FD-43BE-A65F-F68D314129AF}.Debug|Any CPU.Build.0 = Debug|Any CPU
		{96B9F9BF-63FD-43BE-A65F-F68D314129AF}.Deployment|Any CPU.ActiveCfg = Deployment|Any CPU
		{96B9F9BF-63FD-43BE-A65F-F68D314129AF}.Deployment|Any CPU.Build.0 = Deployment|Any CPU
		{96B9F9BF-63FD-43BE-A65F-F68D314129AF}.HiG Integration|Any CPU.ActiveCfg = Deployment|Any CPU
		{96B9F9BF-63FD-43BE-A65F-F68D314129AF}.HiG Integration|Any CPU.Build.0 = Deployment|Any CPU
		{96B9F9BF-63FD-43BE-A65F-F68D314129AF}.Release|Any CPU.ActiveCfg = Release|Any CPU
		{96B9F9BF-63FD-43BE-A65F-F68D314129AF}.Release|Any CPU.Build.0 = Release|Any CPU
		{1BBA5101-D4F0-48B8-A5D6-7B23A099DCE3}.Debug|Any CPU.ActiveCfg = Debug|Any CPU
		{1BBA5101-D4F0-48B8-A5D6-7B23A099DCE3}.Debug|Any CPU.Build.0 = Debug|Any CPU
		{1BBA5101-D4F0-48B8-A5D6-7B23A099DCE3}.Deployment|Any CPU.ActiveCfg = Debug|Any CPU
		{1BBA5101-D4F0-48B8-A5D6-7B23A099DCE3}.Deployment|Any CPU.Build.0 = Debug|Any CPU
		{1BBA5101-D4F0-48B8-A5D6-7B23A099DCE3}.HiG Integration|Any CPU.ActiveCfg = Release|Any CPU
		{1BBA5101-D4F0-48B8-A5D6-7B23A099DCE3}.HiG Integration|Any CPU.Build.0 = Release|Any CPU
		{1BBA5101-D4F0-48B8-A5D6-7B23A099DCE3}.Release|Any CPU.ActiveCfg = Release|Any CPU
		{1BBA5101-D4F0-48B8-A5D6-7B23A099DCE3}.Release|Any CPU.Build.0 = Release|Any CPU
		{F09F5A2A-4337-4A81-8599-B5B0E1E18ED5}.Debug|Any CPU.ActiveCfg = Debug|Any CPU
		{F09F5A2A-4337-4A81-8599-B5B0E1E18ED5}.Debug|Any CPU.Build.0 = Debug|Any CPU
		{F09F5A2A-4337-4A81-8599-B5B0E1E18ED5}.Deployment|Any CPU.ActiveCfg = Deployment|Any CPU
		{F09F5A2A-4337-4A81-8599-B5B0E1E18ED5}.Deployment|Any CPU.Build.0 = Deployment|Any CPU
		{F09F5A2A-4337-4A81-8599-B5B0E1E18ED5}.HiG Integration|Any CPU.ActiveCfg = Deployment|Any CPU
		{F09F5A2A-4337-4A81-8599-B5B0E1E18ED5}.HiG Integration|Any CPU.Build.0 = Deployment|Any CPU
		{F09F5A2A-4337-4A81-8599-B5B0E1E18ED5}.Release|Any CPU.ActiveCfg = Release|Any CPU
		{F09F5A2A-4337-4A81-8599-B5B0E1E18ED5}.Release|Any CPU.Build.0 = Release|Any CPU
		{69A5ACD4-AA27-47C7-B095-D52B249DF3A5}.Debug|Any CPU.ActiveCfg = Debug|Any CPU
		{69A5ACD4-AA27-47C7-B095-D52B249DF3A5}.Debug|Any CPU.Build.0 = Debug|Any CPU
		{69A5ACD4-AA27-47C7-B095-D52B249DF3A5}.Deployment|Any CPU.ActiveCfg = Deployment|Any CPU
		{69A5ACD4-AA27-47C7-B095-D52B249DF3A5}.Deployment|Any CPU.Build.0 = Deployment|Any CPU
		{69A5ACD4-AA27-47C7-B095-D52B249DF3A5}.HiG Integration|Any CPU.ActiveCfg = Deployment|Any CPU
		{69A5ACD4-AA27-47C7-B095-D52B249DF3A5}.HiG Integration|Any CPU.Build.0 = Deployment|Any CPU
		{69A5ACD4-AA27-47C7-B095-D52B249DF3A5}.Release|Any CPU.ActiveCfg = Release|Any CPU
		{69A5ACD4-AA27-47C7-B095-D52B249DF3A5}.Release|Any CPU.Build.0 = Release|Any CPU
		{C14C6F19-386A-4A2B-BBB5-0395551D4EF1}.Debug|Any CPU.ActiveCfg = Debug|Any CPU
		{C14C6F19-386A-4A2B-BBB5-0395551D4EF1}.Debug|Any CPU.Build.0 = Debug|Any CPU
		{C14C6F19-386A-4A2B-BBB5-0395551D4EF1}.Deployment|Any CPU.ActiveCfg = Deployment|Any CPU
		{C14C6F19-386A-4A2B-BBB5-0395551D4EF1}.Deployment|Any CPU.Build.0 = Deployment|Any CPU
		{C14C6F19-386A-4A2B-BBB5-0395551D4EF1}.HiG Integration|Any CPU.ActiveCfg = HiG Integration|Any CPU
		{C14C6F19-386A-4A2B-BBB5-0395551D4EF1}.HiG Integration|Any CPU.Build.0 = HiG Integration|Any CPU
		{C14C6F19-386A-4A2B-BBB5-0395551D4EF1}.Release|Any CPU.ActiveCfg = Release|Any CPU
		{C14C6F19-386A-4A2B-BBB5-0395551D4EF1}.Release|Any CPU.Build.0 = Release|Any CPU
		{A2B509A4-B734-4CBE-B4B2-A39F5ADADBF3}.Debug|Any CPU.ActiveCfg = Debug|Any CPU
		{A2B509A4-B734-4CBE-B4B2-A39F5ADADBF3}.Debug|Any CPU.Build.0 = Debug|Any CPU
		{A2B509A4-B734-4CBE-B4B2-A39F5ADADBF3}.Deployment|Any CPU.ActiveCfg = Debug|Any CPU
		{A2B509A4-B734-4CBE-B4B2-A39F5ADADBF3}.Deployment|Any CPU.Build.0 = Debug|Any CPU
		{A2B509A4-B734-4CBE-B4B2-A39F5ADADBF3}.HiG Integration|Any CPU.ActiveCfg = Release|Any CPU
		{A2B509A4-B734-4CBE-B4B2-A39F5ADADBF3}.HiG Integration|Any CPU.Build.0 = Release|Any CPU
		{A2B509A4-B734-4CBE-B4B2-A39F5ADADBF3}.Release|Any CPU.ActiveCfg = Release|Any CPU
		{A2B509A4-B734-4CBE-B4B2-A39F5ADADBF3}.Release|Any CPU.Build.0 = Release|Any CPU
		{17DB2007-B1C0-442F-9229-B34204170EA4}.Debug|Any CPU.ActiveCfg = Debug|Any CPU
		{17DB2007-B1C0-442F-9229-B34204170EA4}.Debug|Any CPU.Build.0 = Debug|Any CPU
		{17DB2007-B1C0-442F-9229-B34204170EA4}.Deployment|Any CPU.ActiveCfg = Deployment|Any CPU
		{17DB2007-B1C0-442F-9229-B34204170EA4}.Deployment|Any CPU.Build.0 = Deployment|Any CPU
		{17DB2007-B1C0-442F-9229-B34204170EA4}.HiG Integration|Any CPU.ActiveCfg = Deployment|Any CPU
		{17DB2007-B1C0-442F-9229-B34204170EA4}.HiG Integration|Any CPU.Build.0 = Deployment|Any CPU
		{17DB2007-B1C0-442F-9229-B34204170EA4}.Release|Any CPU.ActiveCfg = Release|Any CPU
		{17DB2007-B1C0-442F-9229-B34204170EA4}.Release|Any CPU.Build.0 = Release|Any CPU
		{A15EEC02-60EC-4705-A58B-A6ECD55A9628}.Debug|Any CPU.ActiveCfg = Debug|Any CPU
		{A15EEC02-60EC-4705-A58B-A6ECD55A9628}.Debug|Any CPU.Build.0 = Debug|Any CPU
		{A15EEC02-60EC-4705-A58B-A6ECD55A9628}.Deployment|Any CPU.ActiveCfg = Deployment|Any CPU
		{A15EEC02-60EC-4705-A58B-A6ECD55A9628}.Deployment|Any CPU.Build.0 = Deployment|Any CPU
		{A15EEC02-60EC-4705-A58B-A6ECD55A9628}.HiG Integration|Any CPU.ActiveCfg = Deployment|Any CPU
		{A15EEC02-60EC-4705-A58B-A6ECD55A9628}.HiG Integration|Any CPU.Build.0 = Deployment|Any CPU
		{A15EEC02-60EC-4705-A58B-A6ECD55A9628}.Release|Any CPU.ActiveCfg = Release|Any CPU
		{A15EEC02-60EC-4705-A58B-A6ECD55A9628}.Release|Any CPU.Build.0 = Release|Any CPU
	EndGlobalSection
	GlobalSection(SolutionProperties) = preSolution
		HideSolutionNode = FALSE
	EndGlobalSection
EndGlobal
